// !$*UTF8*$!
{
	archiveVersion = 1;
	classes = {
	};
	objectVersion = 46;
	objects = {

/* Begin PBXBuildFile section */
		14615C6A1ACD55DB00FE93A0 /* AppDelegate.m in Sources */ = {isa = PBXBuildFile; fileRef = 14615C691ACD55DB00FE93A0 /* AppDelegate.m */; };
		14615C741ACD55EC00FE93A0 /* _DNComment.m in Sources */ = {isa = PBXBuildFile; fileRef = 14615C6D1ACD55EC00FE93A0 /* _DNComment.m */; };
		14615C751ACD55EC00FE93A0 /* _DNStory.m in Sources */ = {isa = PBXBuildFile; fileRef = 14615C6F1ACD55EC00FE93A0 /* _DNStory.m */; };
		14615C761ACD55EC00FE93A0 /* DNComment.m in Sources */ = {isa = PBXBuildFile; fileRef = 14615C711ACD55EC00FE93A0 /* DNComment.m */; };
		14615C771ACD55EC00FE93A0 /* DNStory.m in Sources */ = {isa = PBXBuildFile; fileRef = 14615C731ACD55EC00FE93A0 /* DNStory.m */; };
		14615C831ACD560F00FE93A0 /* APIClient.m in Sources */ = {isa = PBXBuildFile; fileRef = 14615C7A1ACD560F00FE93A0 /* APIClient.m */; };
		14615C841ACD560F00FE93A0 /* StoriesViewController.m in Sources */ = {isa = PBXBuildFile; fileRef = 14615C7C1ACD560F00FE93A0 /* StoriesViewController.m */; };
		14615C851ACD560F00FE93A0 /* StoryTableViewCell.m in Sources */ = {isa = PBXBuildFile; fileRef = 14615C7E1ACD560F00FE93A0 /* StoryTableViewCell.m */; };
		14615C861ACD560F00FE93A0 /* StoryViewController.m in Sources */ = {isa = PBXBuildFile; fileRef = 14615C801ACD560F00FE93A0 /* StoryViewController.m */; };
		14615C871ACD560F00FE93A0 /* UIFont+DNStyle.m in Sources */ = {isa = PBXBuildFile; fileRef = 14615C821ACD560F00FE93A0 /* UIFont+DNStyle.m */; };
		D25F967187DC17C9C2D150F6 /* libPods.a in Frameworks */ = {isa = PBXBuildFile; fileRef = 581617F06614B282BA55A2A2 /* libPods.a */; };
		F6ACF0041ABCA539001E5652 /* main.m in Sources */ = {isa = PBXBuildFile; fileRef = F6ACF0031ABCA539001E5652 /* main.m */; };
		F6ACF00A1ABCA539001E5652 /* DesignerNews.xcdatamodeld in Sources */ = {isa = PBXBuildFile; fileRef = F6ACF0081ABCA539001E5652 /* DesignerNews.xcdatamodeld */; };
		F6ACF0121ABCA539001E5652 /* Images.xcassets in Resources */ = {isa = PBXBuildFile; fileRef = F6ACF0111ABCA539001E5652 /* Images.xcassets */; };
/* End PBXBuildFile section */

/* Begin PBXFileReference section */
		14615C681ACD55DB00FE93A0 /* AppDelegate.h */ = {isa = PBXFileReference; fileEncoding = 4; lastKnownFileType = sourcecode.c.h; path = AppDelegate.h; sourceTree = "<group>"; };
		14615C691ACD55DB00FE93A0 /* AppDelegate.m */ = {isa = PBXFileReference; fileEncoding = 4; lastKnownFileType = sourcecode.c.objc; path = AppDelegate.m; sourceTree = "<group>"; };
		14615C6C1ACD55EC00FE93A0 /* _DNComment.h */ = {isa = PBXFileReference; fileEncoding = 4; lastKnownFileType = sourcecode.c.h; path = _DNComment.h; sourceTree = "<group>"; };
		14615C6D1ACD55EC00FE93A0 /* _DNComment.m */ = {isa = PBXFileReference; fileEncoding = 4; lastKnownFileType = sourcecode.c.objc; path = _DNComment.m; sourceTree = "<group>"; };
		14615C6E1ACD55EC00FE93A0 /* _DNStory.h */ = {isa = PBXFileReference; fileEncoding = 4; lastKnownFileType = sourcecode.c.h; path = _DNStory.h; sourceTree = "<group>"; };
		14615C6F1ACD55EC00FE93A0 /* _DNStory.m */ = {isa = PBXFileReference; fileEncoding = 4; lastKnownFileType = sourcecode.c.objc; path = _DNStory.m; sourceTree = "<group>"; };
		14615C701ACD55EC00FE93A0 /* DNComment.h */ = {isa = PBXFileReference; fileEncoding = 4; lastKnownFileType = sourcecode.c.h; path = DNComment.h; sourceTree = "<group>"; };
		14615C711ACD55EC00FE93A0 /* DNComment.m */ = {isa = PBXFileReference; fileEncoding = 4; lastKnownFileType = sourcecode.c.objc; path = DNComment.m; sourceTree = "<group>"; };
		14615C721ACD55EC00FE93A0 /* DNStory.h */ = {isa = PBXFileReference; fileEncoding = 4; lastKnownFileType = sourcecode.c.h; path = DNStory.h; sourceTree = "<group>"; };
		14615C731ACD55EC00FE93A0 /* DNStory.m */ = {isa = PBXFileReference; fileEncoding = 4; lastKnownFileType = sourcecode.c.objc; path = DNStory.m; sourceTree = "<group>"; };
		14615C791ACD560F00FE93A0 /* APIClient.h */ = {isa = PBXFileReference; fileEncoding = 4; lastKnownFileType = sourcecode.c.h; path = APIClient.h; sourceTree = "<group>"; };
		14615C7A1ACD560F00FE93A0 /* APIClient.m */ = {isa = PBXFileReference; fileEncoding = 4; lastKnownFileType = sourcecode.c.objc; path = APIClient.m; sourceTree = "<group>"; };
		14615C7B1ACD560F00FE93A0 /* StoriesViewController.h */ = {isa = PBXFileReference; fileEncoding = 4; lastKnownFileType = sourcecode.c.h; path = StoriesViewController.h; sourceTree = "<group>"; };
		14615C7C1ACD560F00FE93A0 /* StoriesViewController.m */ = {isa = PBXFileReference; fileEncoding = 4; lastKnownFileType = sourcecode.c.objc; path = StoriesViewController.m; sourceTree = "<group>"; };
		14615C7D1ACD560F00FE93A0 /* StoryTableViewCell.h */ = {isa = PBXFileReference; fileEncoding = 4; lastKnownFileType = sourcecode.c.h; path = StoryTableViewCell.h; sourceTree = "<group>"; };
		14615C7E1ACD560F00FE93A0 /* StoryTableViewCell.m */ = {isa = PBXFileReference; fileEncoding = 4; lastKnownFileType = sourcecode.c.objc; path = StoryTableViewCell.m; sourceTree = "<group>"; };
		14615C7F1ACD560F00FE93A0 /* StoryViewController.h */ = {isa = PBXFileReference; fileEncoding = 4; lastKnownFileType = sourcecode.c.h; path = StoryViewController.h; sourceTree = "<group>"; };
		14615C801ACD560F00FE93A0 /* StoryViewController.m */ = {isa = PBXFileReference; fileEncoding = 4; lastKnownFileType = sourcecode.c.objc; path = StoryViewController.m; sourceTree = "<group>"; };
		14615C811ACD560F00FE93A0 /* UIFont+DNStyle.h */ = {isa = PBXFileReference; fileEncoding = 4; lastKnownFileType = sourcecode.c.h; path = "UIFont+DNStyle.h"; sourceTree = "<group>"; };
		14615C821ACD560F00FE93A0 /* UIFont+DNStyle.m */ = {isa = PBXFileReference; fileEncoding = 4; lastKnownFileType = sourcecode.c.objc; path = "UIFont+DNStyle.m"; sourceTree = "<group>"; };
		581617F06614B282BA55A2A2 /* libPods.a */ = {isa = PBXFileReference; explicitFileType = archive.ar; includeInIndex = 0; path = libPods.a; sourceTree = BUILT_PRODUCTS_DIR; };
		B3CC52748EF0117319DEF380 /* Pods.release.xcconfig */ = {isa = PBXFileReference; includeInIndex = 1; lastKnownFileType = text.xcconfig; name = Pods.release.xcconfig; path = "Pods/Target Support Files/Pods/Pods.release.xcconfig"; sourceTree = "<group>"; };
		EAA395298F667B5F57922875 /* Pods.debug.xcconfig */ = {isa = PBXFileReference; includeInIndex = 1; lastKnownFileType = text.xcconfig; name = Pods.debug.xcconfig; path = "Pods/Target Support Files/Pods/Pods.debug.xcconfig"; sourceTree = "<group>"; };
		F6ACEFFE1ABCA539001E5652 /* DesignerNews.app */ = {isa = PBXFileReference; explicitFileType = wrapper.application; includeInIndex = 0; path = DesignerNews.app; sourceTree = BUILT_PRODUCTS_DIR; };
		F6ACF0021ABCA539001E5652 /* Info.plist */ = {isa = PBXFileReference; lastKnownFileType = text.plist.xml; path = Info.plist; sourceTree = "<group>"; };
		F6ACF0031ABCA539001E5652 /* main.m */ = {isa = PBXFileReference; lastKnownFileType = sourcecode.c.objc; path = main.m; sourceTree = "<group>"; };
		F6ACF0091ABCA539001E5652 /* DesignerNews.xcdatamodel */ = {isa = PBXFileReference; lastKnownFileType = wrapper.xcdatamodel; path = DesignerNews.xcdatamodel; sourceTree = "<group>"; };
		F6ACF0111ABCA539001E5652 /* Images.xcassets */ = {isa = PBXFileReference; lastKnownFileType = folder.assetcatalog; path = Images.xcassets; sourceTree = "<group>"; };
/* End PBXFileReference section */

/* Begin PBXFrameworksBuildPhase section */
		F6ACEFFB1ABCA539001E5652 /* Frameworks */ = {
			isa = PBXFrameworksBuildPhase;
			buildActionMask = 2147483647;
			files = (
				D25F967187DC17C9C2D150F6 /* libPods.a in Frameworks */,
			);
			runOnlyForDeploymentPostprocessing = 0;
		};
/* End PBXFrameworksBuildPhase section */

/* Begin PBXGroup section */
		14615C671ACD55DB00FE93A0 /* AppDelegate */ = {
			isa = PBXGroup;
			children = (
				14615C681ACD55DB00FE93A0 /* AppDelegate.h */,
				14615C691ACD55DB00FE93A0 /* AppDelegate.m */,
			);
			path = AppDelegate;
			sourceTree = "<group>";
		};
		14615C6B1ACD55EC00FE93A0 /* Model */ = {
			isa = PBXGroup;
			children = (
				14615C881ACD561800FE93A0 /* Autogenerated */,
				14615C701ACD55EC00FE93A0 /* DNComment.h */,
				14615C711ACD55EC00FE93A0 /* DNComment.m */,
				14615C721ACD55EC00FE93A0 /* DNStory.h */,
				14615C731ACD55EC00FE93A0 /* DNStory.m */,
				F6ACF0081ABCA539001E5652 /* DesignerNews.xcdatamodeld */,
			);
			path = Model;
			sourceTree = "<group>";
		};
		14615C781ACD560F00FE93A0 /* Source */ = {
			isa = PBXGroup;
			children = (
				14615C791ACD560F00FE93A0 /* APIClient.h */,
				14615C7A1ACD560F00FE93A0 /* APIClient.m */,
				14615C7B1ACD560F00FE93A0 /* StoriesViewController.h */,
				14615C7C1ACD560F00FE93A0 /* StoriesViewController.m */,
				14615C7D1ACD560F00FE93A0 /* StoryTableViewCell.h */,
				14615C7E1ACD560F00FE93A0 /* StoryTableViewCell.m */,
				14615C7F1ACD560F00FE93A0 /* StoryViewController.h */,
				14615C801ACD560F00FE93A0 /* StoryViewController.m */,
				14615C811ACD560F00FE93A0 /* UIFont+DNStyle.h */,
				14615C821ACD560F00FE93A0 /* UIFont+DNStyle.m */,
			);
			path = Source;
			sourceTree = "<group>";
		};
		14615C881ACD561800FE93A0 /* Autogenerated */ = {
			isa = PBXGroup;
			children = (
				14615C6C1ACD55EC00FE93A0 /* _DNComment.h */,
				14615C6D1ACD55EC00FE93A0 /* _DNComment.m */,
				14615C6E1ACD55EC00FE93A0 /* _DNStory.h */,
				14615C6F1ACD55EC00FE93A0 /* _DNStory.m */,
			);
			name = Autogenerated;
			sourceTree = "<group>";
		};
		709250F94E876559886BDDD8 /* Pods */ = {
			isa = PBXGroup;
			children = (
				EAA395298F667B5F57922875 /* Pods.debug.xcconfig */,
				B3CC52748EF0117319DEF380 /* Pods.release.xcconfig */,
			);
			name = Pods;
			sourceTree = "<group>";
		};
		DD317DD9308A61D7089EE31B /* Frameworks */ = {
			isa = PBXGroup;
			children = (
				581617F06614B282BA55A2A2 /* libPods.a */,
			);
			name = Frameworks;
			sourceTree = "<group>";
		};
		F6ACEFF51ABCA539001E5652 = {
			isa = PBXGroup;
			children = (
				F6ACF0001ABCA539001E5652 /* DesignerNews */,
				F6ACEFFF1ABCA539001E5652 /* Products */,
				709250F94E876559886BDDD8 /* Pods */,
				DD317DD9308A61D7089EE31B /* Frameworks */,
			);
			sourceTree = "<group>";
		};
		F6ACEFFF1ABCA539001E5652 /* Products */ = {
			isa = PBXGroup;
			children = (
				F6ACEFFE1ABCA539001E5652 /* DesignerNews.app */,
			);
			name = Products;
			sourceTree = "<group>";
		};
		F6ACF0001ABCA539001E5652 /* DesignerNews */ = {
			isa = PBXGroup;
			children = (
				14615C671ACD55DB00FE93A0 /* AppDelegate */,
				14615C6B1ACD55EC00FE93A0 /* Model */,
				14615C781ACD560F00FE93A0 /* Source */,
				F6ACF0011ABCA539001E5652 /* Supporting Files */,
			);
			path = DesignerNews;
			sourceTree = "<group>";
		};
		F6ACF0011ABCA539001E5652 /* Supporting Files */ = {
			isa = PBXGroup;
			children = (
				F6ACF0111ABCA539001E5652 /* Images.xcassets */,
				F6ACF0021ABCA539001E5652 /* Info.plist */,
				F6ACF0031ABCA539001E5652 /* main.m */,
			);
			name = "Supporting Files";
			sourceTree = "<group>";
		};
/* End PBXGroup section */

/* Begin PBXNativeTarget section */
		F6ACEFFD1ABCA539001E5652 /* DesignerNews */ = {
			isa = PBXNativeTarget;
			buildConfigurationList = F6ACF0241ABCA539001E5652 /* Build configuration list for PBXNativeTarget "DesignerNews" */;
			buildPhases = (
				DB8022F37D9CD58812507E65 /* Check Pods Manifest.lock */,
				F6ACEFFA1ABCA539001E5652 /* Sources */,
				F6ACEFFB1ABCA539001E5652 /* Frameworks */,
				F6ACEFFC1ABCA539001E5652 /* Resources */,
				EAE5F99C026E23C0D7422FEC /* Copy Pods Resources */,
			);
			buildRules = (
			);
			dependencies = (
			);
			name = DesignerNews;
			productName = DesignerNews;
			productReference = F6ACEFFE1ABCA539001E5652 /* DesignerNews.app */;
			productType = "com.apple.product-type.application";
		};
/* End PBXNativeTarget section */

/* Begin PBXProject section */
		F6ACEFF61ABCA539001E5652 /* Project object */ = {
			isa = PBXProject;
			attributes = {
				LastUpgradeCheck = 0620;
				ORGANIZATIONNAME = Hyper;
				TargetAttributes = {
					F6ACEFFD1ABCA539001E5652 = {
						CreatedOnToolsVersion = 6.2;
					};
				};
			};
			buildConfigurationList = F6ACEFF91ABCA539001E5652 /* Build configuration list for PBXProject "DesignerNews" */;
			compatibilityVersion = "Xcode 3.2";
			developmentRegion = English;
			hasScannedForEncodings = 0;
			knownRegions = (
				en,
				Base,
			);
			mainGroup = F6ACEFF51ABCA539001E5652;
			productRefGroup = F6ACEFFF1ABCA539001E5652 /* Products */;
			projectDirPath = "";
			projectRoot = "";
			targets = (
				F6ACEFFD1ABCA539001E5652 /* DesignerNews */,
			);
		};
/* End PBXProject section */

/* Begin PBXResourcesBuildPhase section */
		F6ACEFFC1ABCA539001E5652 /* Resources */ = {
			isa = PBXResourcesBuildPhase;
			buildActionMask = 2147483647;
			files = (
				F6ACF0121ABCA539001E5652 /* Images.xcassets in Resources */,
			);
			runOnlyForDeploymentPostprocessing = 0;
		};
/* End PBXResourcesBuildPhase section */

/* Begin PBXShellScriptBuildPhase section */
		DB8022F37D9CD58812507E65 /* Check Pods Manifest.lock */ = {
			isa = PBXShellScriptBuildPhase;
			buildActionMask = 2147483647;
			files = (
			);
			inputPaths = (
			);
			name = "Check Pods Manifest.lock";
			outputPaths = (
			);
			runOnlyForDeploymentPostprocessing = 0;
			shellPath = /bin/sh;
			shellScript = "diff \"${PODS_ROOT}/../Podfile.lock\" \"${PODS_ROOT}/Manifest.lock\" > /dev/null\nif [[ $? != 0 ]] ; then\n    cat << EOM\nerror: The sandbox is not in sync with the Podfile.lock. Run 'pod install' or update your CocoaPods installation.\nEOM\n    exit 1\nfi\n";
			showEnvVarsInLog = 0;
		};
		EAE5F99C026E23C0D7422FEC /* Copy Pods Resources */ = {
			isa = PBXShellScriptBuildPhase;
			buildActionMask = 2147483647;
			files = (
			);
			inputPaths = (
			);
			name = "Copy Pods Resources";
			outputPaths = (
			);
			runOnlyForDeploymentPostprocessing = 0;
			shellPath = /bin/sh;
			shellScript = "\"${SRCROOT}/Pods/Target Support Files/Pods/Pods-resources.sh\"\n";
			showEnvVarsInLog = 0;
		};
/* End PBXShellScriptBuildPhase section */

/* Begin PBXSourcesBuildPhase section */
		F6ACEFFA1ABCA539001E5652 /* Sources */ = {
			isa = PBXSourcesBuildPhase;
			buildActionMask = 2147483647;
			files = (
				14615C861ACD560F00FE93A0 /* StoryViewController.m in Sources */,
				14615C761ACD55EC00FE93A0 /* DNComment.m in Sources */,
				14615C841ACD560F00FE93A0 /* StoriesViewController.m in Sources */,
				14615C751ACD55EC00FE93A0 /* _DNStory.m in Sources */,
				14615C771ACD55EC00FE93A0 /* DNStory.m in Sources */,
				F6ACF00A1ABCA539001E5652 /* DesignerNews.xcdatamodeld in Sources */,
				14615C871ACD560F00FE93A0 /* UIFont+DNStyle.m in Sources */,
				14615C741ACD55EC00FE93A0 /* _DNComment.m in Sources */,
				14615C6A1ACD55DB00FE93A0 /* AppDelegate.m in Sources */,
				F6ACF0041ABCA539001E5652 /* main.m in Sources */,
				14615C831ACD560F00FE93A0 /* APIClient.m in Sources */,
				14615C851ACD560F00FE93A0 /* StoryTableViewCell.m in Sources */,
			);
			runOnlyForDeploymentPostprocessing = 0;
		};
/* End PBXSourcesBuildPhase section */

/* Begin XCBuildConfiguration section */
		F6ACF0221ABCA539001E5652 /* Debug */ = {
			isa = XCBuildConfiguration;
			buildSettings = {
				ALWAYS_SEARCH_USER_PATHS = NO;
				CLANG_CXX_LANGUAGE_STANDARD = "gnu++0x";
				CLANG_CXX_LIBRARY = "libc++";
				CLANG_ENABLE_MODULES = YES;
				CLANG_ENABLE_OBJC_ARC = YES;
				CLANG_WARN_BOOL_CONVERSION = YES;
				CLANG_WARN_CONSTANT_CONVERSION = YES;
				CLANG_WARN_DIRECT_OBJC_ISA_USAGE = YES_ERROR;
				CLANG_WARN_EMPTY_BODY = YES;
				CLANG_WARN_ENUM_CONVERSION = YES;
				CLANG_WARN_INT_CONVERSION = YES;
				CLANG_WARN_OBJC_ROOT_CLASS = YES_ERROR;
				CLANG_WARN_UNREACHABLE_CODE = YES;
				CLANG_WARN__DUPLICATE_METHOD_MATCH = YES;
				"CODE_SIGN_IDENTITY[sdk=iphoneos*]" = "iPhone Developer";
				COPY_PHASE_STRIP = NO;
				ENABLE_STRICT_OBJC_MSGSEND = YES;
				GCC_C_LANGUAGE_STANDARD = gnu99;
				GCC_DYNAMIC_NO_PIC = NO;
				GCC_OPTIMIZATION_LEVEL = 0;
				GCC_PREPROCESSOR_DEFINITIONS = (
					"DEBUG=1",
					"$(inherited)",
				);
				GCC_SYMBOLS_PRIVATE_EXTERN = NO;
				GCC_WARN_64_TO_32_BIT_CONVERSION = YES;
				GCC_WARN_ABOUT_RETURN_TYPE = YES_ERROR;
				GCC_WARN_UNDECLARED_SELECTOR = YES;
				GCC_WARN_UNINITIALIZED_AUTOS = YES_AGGRESSIVE;
				GCC_WARN_UNUSED_FUNCTION = YES;
				GCC_WARN_UNUSED_VARIABLE = YES;
				IPHONEOS_DEPLOYMENT_TARGET = 8.2;
				MTL_ENABLE_DEBUG_INFO = YES;
				ONLY_ACTIVE_ARCH = YES;
				SDKROOT = iphoneos;
			};
			name = Debug;
		};
		F6ACF0231ABCA539001E5652 /* Release */ = {
			isa = XCBuildConfiguration;
			buildSettings = {
				ALWAYS_SEARCH_USER_PATHS = NO;
				CLANG_CXX_LANGUAGE_STANDARD = "gnu++0x";
				CLANG_CXX_LIBRARY = "libc++";
				CLANG_ENABLE_MODULES = YES;
				CLANG_ENABLE_OBJC_ARC = YES;
				CLANG_WARN_BOOL_CONVERSION = YES;
				CLANG_WARN_CONSTANT_CONVERSION = YES;
				CLANG_WARN_DIRECT_OBJC_ISA_USAGE = YES_ERROR;
				CLANG_WARN_EMPTY_BODY = YES;
				CLANG_WARN_ENUM_CONVERSION = YES;
				CLANG_WARN_INT_CONVERSION = YES;
				CLANG_WARN_OBJC_ROOT_CLASS = YES_ERROR;
				CLANG_WARN_UNREACHABLE_CODE = YES;
				CLANG_WARN__DUPLICATE_METHOD_MATCH = YES;
				"CODE_SIGN_IDENTITY[sdk=iphoneos*]" = "iPhone Developer";
				COPY_PHASE_STRIP = NO;
				ENABLE_NS_ASSERTIONS = NO;
				ENABLE_STRICT_OBJC_MSGSEND = YES;
				GCC_C_LANGUAGE_STANDARD = gnu99;
				GCC_WARN_64_TO_32_BIT_CONVERSION = YES;
				GCC_WARN_ABOUT_RETURN_TYPE = YES_ERROR;
				GCC_WARN_UNDECLARED_SELECTOR = YES;
				GCC_WARN_UNINITIALIZED_AUTOS = YES_AGGRESSIVE;
				GCC_WARN_UNUSED_FUNCTION = YES;
				GCC_WARN_UNUSED_VARIABLE = YES;
				IPHONEOS_DEPLOYMENT_TARGET = 8.2;
				MTL_ENABLE_DEBUG_INFO = NO;
				SDKROOT = iphoneos;
				VALIDATE_PRODUCT = YES;
			};
			name = Release;
		};
		F6ACF0251ABCA539001E5652 /* Debug */ = {
			isa = XCBuildConfiguration;
			baseConfigurationReference = EAA395298F667B5F57922875 /* Pods.debug.xcconfig */;
			buildSettings = {
				ASSETCATALOG_COMPILER_APPICON_NAME = AppIcon;
				ASSETCATALOG_COMPILER_LAUNCHIMAGE_NAME = LaunchImage;
				INFOPLIST_FILE = DesignerNews/Info.plist;
				LD_RUNPATH_SEARCH_PATHS = "$(inherited) @executable_path/Frameworks";
				PRODUCT_NAME = "$(TARGET_NAME)";
			};
			name = Debug;
		};
		F6ACF0261ABCA539001E5652 /* Release */ = {
			isa = XCBuildConfiguration;
			baseConfigurationReference = B3CC52748EF0117319DEF380 /* Pods.release.xcconfig */;
			buildSettings = {
				ASSETCATALOG_COMPILER_APPICON_NAME = AppIcon;
				ASSETCATALOG_COMPILER_LAUNCHIMAGE_NAME = LaunchImage;
				INFOPLIST_FILE = DesignerNews/Info.plist;
				LD_RUNPATH_SEARCH_PATHS = "$(inherited) @executable_path/Frameworks";
				PRODUCT_NAME = "$(TARGET_NAME)";
			};
			name = Release;
		};
/* End XCBuildConfiguration section */

/* Begin XCConfigurationList section */
		F6ACEFF91ABCA539001E5652 /* Build configuration list for PBXProject "DesignerNews" */ = {
			isa = XCConfigurationList;
			buildConfigurations = (
				F6ACF0221ABCA539001E5652 /* Debug */,
				F6ACF0231ABCA539001E5652 /* Release */,
			);
			defaultConfigurationIsVisible = 0;
			defaultConfigurationName = Release;
		};
		F6ACF0241ABCA539001E5652 /* Build configuration list for PBXNativeTarget "DesignerNews" */ = {
			isa = XCConfigurationList;
			buildConfigurations = (
				F6ACF0251ABCA539001E5652 /* Debug */,
				F6ACF0261ABCA539001E5652 /* Release */,
			);
			defaultConfigurationIsVisible = 0;
			defaultConfigurationName = Release;
		};
/* End XCConfigurationList section */

/* Begin XCVersionGroup section */
		F6ACF0081ABCA539001E5652 /* DesignerNews.xcdatamodeld */ = {
			isa = XCVersionGroup;
			children = (
				F6ACF0091ABCA539001E5652 /* DesignerNews.xcdatamodel */,
			);
			currentVersion = F6ACF0091ABCA539001E5652 /* DesignerNews.xcdatamodel */;
			name = DesignerNews.xcdatamodeld;
			path = ../DesignerNews.xcdatamodeld;
			sourceTree = "<group>";
			versionGroupType = wrapper.xcdatamodel;
		};
/* End XCVersionGroup section */
	};
	rootObject = F6ACEFF61ABCA539001E5652 /* Project object */;
}
