PODS:
  - DATASource (2.1)
  - DATAStack (2.3)
  - Kipu (0.4.1):
    - DATAStack
    - NSDictionary-ANDYSafeValue
    - NSManagedObject-ANDYMapChanges
    - NSManagedObject-HYPPropertyMapper
  - NSDictionary-ANDYSafeValue (0.3)
  - NSManagedObject-ANDYMapChanges (0.6):
    - NSManagedObject-ANDYObjectIDs
  - NSManagedObject-ANDYObjectIDs (0.2)
  - NSManagedObject-HYPPropertyMapper (2.8.1):
    - NSString-HYPNetworking
  - NSString-HYPNetworking (0.1)

DEPENDENCIES:
  - DATASource
  - Kipu

SPEC CHECKSUMS:
  DATASource: 72d31d5ca99837258c0f419af4c20cddea93853c
  DATAStack: 82ab490d245462e1b24ff4e828de0bec86c38e9c
  Kipu: 882b6bc7d8aa0ac1b3d6e78e6ecf188a9f6b054c
  NSDictionary-ANDYSafeValue: ddd983e316a52201a40c70f4ab9ead8a63c569b6
  NSManagedObject-ANDYMapChanges: f5d20e903eafecb844adfa1a7e355a1f8cf083a8
  NSManagedObject-ANDYObjectIDs: 7148a374e2d163392b0442dce51e7cc2bf94b356
  NSManagedObject-HYPPropertyMapper: 13abcf971f00cf098ed5e148b1aa7fa2801f9e6a
  NSString-HYPNetworking: 941953383edbba2abd72014e4bfdd55fa4af8dff

COCOAPODS: 0.35.0
