PODS:
  - DATAFilter (1.0.0):
    - DATAObjectIDs (~> 0.6.0)
  - DATAObjectIDs (0.6.0)
  - DATASource (6.0.0)
  - DATAStack (6.0.0)
  - DateParser (0.1.0)
  - JSON (5.0.0)
  - NSDictionary-ANDYSafeValue (0.3.1)
  - NSEntityDescription-SYNCPrimaryKey (1.2.6):
    - NSString-HYPNetworking (~> 1.0.5)
  - NSManagedObject-HYPPropertyMapper (4.1.1):
    - DateParser (~> 0.1.0)
    - NSEntityDescription-SYNCPrimaryKey (~> 1.2.6)
  - NSString-HYPNetworking (1.0.5)
  - Sync (2.1.0):
    - DATAFilter (~> 1.0.0)
    - DATAStack (~> 6.0.0)
    - NSDictionary-ANDYSafeValue (~> 0.3.1)
    - NSManagedObject-HYPPropertyMapper (~> 4.1.1)
    - TestCheck (~> 1.0.0)
  - TestCheck (1.0.0)

DEPENDENCIES:
  - DATASource (~> 6)
  - JSON (~> 5)
  - Sync (from `.`)

EXTERNAL SOURCES:
  Sync:
    :path: "."

SPEC CHECKSUMS:
  DATAFilter: 6f6b7de6a004bbb172b78880f72fdc7f618fc4da
  DATAObjectIDs: e3d50315134d21009f3b34983bcf44e74d8ab54a
  DATASource: fab70e3d22acf03b8eced9a015bdca38b5b08505
  DATAStack: 4cdf8e1b50f6d80c7d70f75e7a2c29545a008860
  DateParser: 6609ccde5a21650e2f61cea718a2e5c6c34ce4e8
  JSON: 93622160a062588b4cd3497b77ccd777f1fd0587
  NSDictionary-ANDYSafeValue: 2d7adf339b6e302d71fec5f1d71ae00aacda993e
  NSEntityDescription-SYNCPrimaryKey: 9449ab486b46ee949421d17d11de8cd7d4c31904
  NSManagedObject-HYPPropertyMapper: 765b7b3bcbbfd4c224a2c19620e438b0da09ec64
  NSString-HYPNetworking: a42e1fddceabb89735e53cbbb4b5865edd4f2bb6
  Sync: b44174977fae2f30de8743fcb33f151930caf36d
  TestCheck: af3ff0c7c7c22cc4fbcc49a7e10d4187f0cbf1b9

PODFILE CHECKSUM: 2f66666173c7e212ebe798fd96713dc28117babd

COCOAPODS: 1.1.0.rc.2
