PODS:
  - DATAFilter (0.11.1):
    - DATAObjectIDs (~> 0.6.0)
  - DATAObjectIDs (0.6.0)
  - DATASource (5.9.1)
  - DATAStack (5.4.0)
  - JSON (4.0.2)
  - NSDictionary-ANDYSafeValue (0.3.1)
  - NSEntityDescription-SYNCPrimaryKey (1.2.3):
    - NSString-HYPNetworking (~> 1.0.2)
  - NSManagedObject-HYPPropertyMapper (3.6.9):
    - NSEntityDescription-SYNCPrimaryKey (~> 1.2.3)
    - NSString-HYPNetworking (~> 1.0.2)
  - NSString-HYPNetworking (1.0.2)
  - Sync (1.11.1):
    - DATAFilter (~> 0.11.1)
    - DATAStack (~> 5.4.0)
    - NSDictionary-ANDYSafeValue (~> 0.3.1)
    - NSEntityDescription-SYNCPrimaryKey (~> 1.2.3)
    - NSManagedObject-HYPPropertyMapper (~> 3.6.9)

DEPENDENCIES:
  - DATASource
  - JSON
  - Sync (from `.`)

EXTERNAL SOURCES:
  Sync:
    :path: "."

SPEC CHECKSUMS:
  DATAFilter: 18b9f9fb387aad8959751b3fb3a0c9a7582a5343
  DATAObjectIDs: e3d50315134d21009f3b34983bcf44e74d8ab54a
  DATASource: d7744a91014666683652baeddd38aaa88a88dcbd
  DATAStack: 86ad143ae4e3f094deeb546109bc67f441823909
  JSON: d08f22c3e523be050d5d5f40bca43ec02d95b2cc
  NSDictionary-ANDYSafeValue: 2d7adf339b6e302d71fec5f1d71ae00aacda993e
  NSEntityDescription-SYNCPrimaryKey: 9dbb89d7cbc1bea196dd935725bfcf3c0ff4249c
  NSManagedObject-HYPPropertyMapper: 1a34418531715f01520eb32abcd2c183952ea630
  NSString-HYPNetworking: 7c18e44ca9529d2f74a30a1c2a7a787da76198c1
  Sync: dc876912b3440688b0a910a7e2af74becc1c4e3c

PODFILE CHECKSUM: a4ce83b9a5d0f8218c6d94acc4cfa26b0d4000d6

COCOAPODS: 1.0.1
