// !$*UTF8*$!
{
	archiveVersion = 1;
	classes = {
	};
	objectVersion = 46;
	objects = {

/* Begin PBXBuildFile section */
		0090ECBF003AE0AB5CEC73C0 /* Pods_iOS.framework in Frameworks */ = {isa = PBXBuildFile; fileRef = 3BB769566EB1104F0DB937EC /* Pods_iOS.framework */; };
		14425E591C97078A00F0FAD1 /* Fetcher.swift in Sources */ = {isa = PBXBuildFile; fileRef = 14425E501C97078A00F0FAD1 /* Fetcher.swift */; };
		146E27A91BCD51F200959BBA /* LaunchScreen.xib in Resources */ = {isa = PBXBuildFile; fileRef = 146E279F1BCD51F200959BBA /* LaunchScreen.xib */; };
		146E27AA1BCD51F200959BBA /* Images.xcassets in Resources */ = {isa = PBXBuildFile; fileRef = 146E27A11BCD51F200959BBA /* Images.xcassets */; };
		14CB87E61C96F94F007376A6 /* DataModel.xcdatamodeld in Sources */ = {isa = PBXBuildFile; fileRef = 14CB87E41C96F94F007376A6 /* DataModel.xcdatamodeld */; };
		44AE9F5C1EB113D200D6B40C /* AppDelegate.swift in Sources */ = {isa = PBXBuildFile; fileRef = 44AE9F5A1EB113D200D6B40C /* AppDelegate.swift */; };
		44AE9F5D1EB113D200D6B40C /* ItemsController.swift in Sources */ = {isa = PBXBuildFile; fileRef = 44AE9F5B1EB113D200D6B40C /* ItemsController.swift */; };
/* End PBXBuildFile section */

/* Begin PBXFileReference section */
		14425E501C97078A00F0FAD1 /* Fetcher.swift */ = {isa = PBXFileReference; fileEncoding = 4; lastKnownFileType = sourcecode.swift; path = Fetcher.swift; sourceTree = "<group>"; };
		146E27891BCD51C800959BBA /* iOS.app */ = {isa = PBXFileReference; explicitFileType = wrapper.application; includeInIndex = 0; path = iOS.app; sourceTree = BUILT_PRODUCTS_DIR; };
		146E27A01BCD51F200959BBA /* Base */ = {isa = PBXFileReference; lastKnownFileType = file.xib; name = Base; path = Base.lproj/LaunchScreen.xib; sourceTree = "<group>"; };
		146E27A11BCD51F200959BBA /* Images.xcassets */ = {isa = PBXFileReference; lastKnownFileType = folder.assetcatalog; path = Images.xcassets; sourceTree = "<group>"; };
		146E27A21BCD51F200959BBA /* Info.plist */ = {isa = PBXFileReference; fileEncoding = 4; lastKnownFileType = text.plist.xml; path = Info.plist; sourceTree = "<group>"; };
		14CB87E51C96F94F007376A6 /* DataModel.xcdatamodel */ = {isa = PBXFileReference; lastKnownFileType = wrapper.xcdatamodel; path = DataModel.xcdatamodel; sourceTree = "<group>"; };
		3BB769566EB1104F0DB937EC /* Pods_iOS.framework */ = {isa = PBXFileReference; explicitFileType = wrapper.framework; includeInIndex = 0; path = Pods_iOS.framework; sourceTree = BUILT_PRODUCTS_DIR; };
		44AE9F5A1EB113D200D6B40C /* AppDelegate.swift */ = {isa = PBXFileReference; fileEncoding = 4; lastKnownFileType = sourcecode.swift; path = AppDelegate.swift; sourceTree = "<group>"; };
		44AE9F5B1EB113D200D6B40C /* ItemsController.swift */ = {isa = PBXFileReference; fileEncoding = 4; lastKnownFileType = sourcecode.swift; path = ItemsController.swift; sourceTree = "<group>"; };
		80738C3261BFDD726141FCD8 /* Pods-iOS.release.xcconfig */ = {isa = PBXFileReference; includeInIndex = 1; lastKnownFileType = text.xcconfig; name = "Pods-iOS.release.xcconfig"; path = "Pods/Target Support Files/Pods-iOS/Pods-iOS.release.xcconfig"; sourceTree = "<group>"; };
		815A5D43B53DF95ED01F63FA /* Pods-iOS.debug.xcconfig */ = {isa = PBXFileReference; includeInIndex = 1; lastKnownFileType = text.xcconfig; name = "Pods-iOS.debug.xcconfig"; path = "Pods/Target Support Files/Pods-iOS/Pods-iOS.debug.xcconfig"; sourceTree = "<group>"; };
/* End PBXFileReference section */

/* Begin PBXFrameworksBuildPhase section */
		146E27861BCD51C800959BBA /* Frameworks */ = {
			isa = PBXFrameworksBuildPhase;
			buildActionMask = 2147483647;
			files = (
				0090ECBF003AE0AB5CEC73C0 /* Pods_iOS.framework in Frameworks */,
			);
			runOnlyForDeploymentPostprocessing = 0;
		};
/* End PBXFrameworksBuildPhase section */

/* Begin PBXGroup section */
		141A6FD31BDE2DAB00CB6E82 /* Library */ = {
			isa = PBXGroup;
			children = (
				14425E4F1C97078A00F0FAD1 /* Fetchers */,
				14CB87E31C96F94F007376A6 /* Models */,
			);
			path = Library;
			sourceTree = "<group>";
		};
		14425E4F1C97078A00F0FAD1 /* Fetchers */ = {
			isa = PBXGroup;
			children = (
				14425E501C97078A00F0FAD1 /* Fetcher.swift */,
			);
			path = Fetchers;
			sourceTree = "<group>";
		};
		146E278A1BCD51C800959BBA /* iOS */ = {
			isa = PBXGroup;
			children = (
				146E279E1BCD51F200959BBA /* Resources */,
				146E27A31BCD51F200959BBA /* Source */,
			);
			path = iOS;
			sourceTree = "<group>";
		};
		146E279E1BCD51F200959BBA /* Resources */ = {
			isa = PBXGroup;
			children = (
				146E279F1BCD51F200959BBA /* LaunchScreen.xib */,
				146E27A11BCD51F200959BBA /* Images.xcassets */,
				146E27A21BCD51F200959BBA /* Info.plist */,
			);
			path = Resources;
			sourceTree = "<group>";
		};
		146E27A31BCD51F200959BBA /* Source */ = {
			isa = PBXGroup;
			children = (
				44AE9F5A1EB113D200D6B40C /* AppDelegate.swift */,
				44AE9F5B1EB113D200D6B40C /* ItemsController.swift */,
			);
			path = Source;
			sourceTree = "<group>";
		};
		147A139B1B92B9E300E52F9C = {
			isa = PBXGroup;
			children = (
				141A6FD31BDE2DAB00CB6E82 /* Library */,
				146E278A1BCD51C800959BBA /* iOS */,
				147A13A51B92B9E300E52F9C /* Products */,
				450323A808DF82F4C58BDC88 /* Pods */,
				5A2136CDE74CB84E8C82E6D4 /* Frameworks */,
			);
			sourceTree = "<group>";
		};
		147A13A51B92B9E300E52F9C /* Products */ = {
			isa = PBXGroup;
			children = (
				146E27891BCD51C800959BBA /* iOS.app */,
			);
			name = Products;
			sourceTree = "<group>";
		};
		14CB87E31C96F94F007376A6 /* Models */ = {
			isa = PBXGroup;
			children = (
				14CB87E41C96F94F007376A6 /* DataModel.xcdatamodeld */,
			);
			path = Models;
			sourceTree = "<group>";
		};
		450323A808DF82F4C58BDC88 /* Pods */ = {
			isa = PBXGroup;
			children = (
				815A5D43B53DF95ED01F63FA /* Pods-iOS.debug.xcconfig */,
				80738C3261BFDD726141FCD8 /* Pods-iOS.release.xcconfig */,
			);
			name = Pods;
			sourceTree = "<group>";
		};
		5A2136CDE74CB84E8C82E6D4 /* Frameworks */ = {
			isa = PBXGroup;
			children = (
				3BB769566EB1104F0DB937EC /* Pods_iOS.framework */,
			);
			name = Frameworks;
			sourceTree = "<group>";
		};
/* End PBXGroup section */

/* Begin PBXNativeTarget section */
		146E27881BCD51C800959BBA /* iOS */ = {
			isa = PBXNativeTarget;
			buildConfigurationList = 146E27961BCD51C800959BBA /* Build configuration list for PBXNativeTarget "iOS" */;
			buildPhases = (
				90452E64219F226700E78922 /* [CP] Check Pods Manifest.lock */,
				14425E4B1C9702CA00F0FAD1 /* ShellScript */,
				146E27851BCD51C800959BBA /* Sources */,
				146E27861BCD51C800959BBA /* Frameworks */,
				146E27871BCD51C800959BBA /* Resources */,
				14425E4A1C96FED200F0FAD1 /* Highlight TODOs, FIXMEs and WARNINGs */,
				2C5D6E87F09A5BCC7C97DBA5 /* [CP] Embed Pods Frameworks */,
				8D6A097ADEB68DE3E73DF34A /* [CP] Copy Pods Resources */,
			);
			buildRules = (
			);
			dependencies = (
			);
			name = iOS;
			productName = iOS;
			productReference = 146E27891BCD51C800959BBA /* iOS.app */;
			productType = "com.apple.product-type.application";
		};
/* End PBXNativeTarget section */

/* Begin PBXProject section */
		147A139C1B92B9E300E52F9C /* Project object */ = {
			isa = PBXProject;
			attributes = {
				LastSwiftMigration = 0700;
				LastSwiftUpdateCheck = 0700;
				LastUpgradeCheck = 0910;
				ORGANIZATIONNAME = "";
				TargetAttributes = {
					146E27881BCD51C800959BBA = {
						CreatedOnToolsVersion = 7.0.1;
						DevelopmentTeam = 29X3GG489T;
						LastSwiftMigration = 0910;
					};
				};
			};
			buildConfigurationList = 147A139F1B92B9E300E52F9C /* Build configuration list for PBXProject "Project" */;
			compatibilityVersion = "Xcode 3.2";
			developmentRegion = English;
			hasScannedForEncodings = 0;
			knownRegions = (
				en,
				Base,
			);
			mainGroup = 147A139B1B92B9E300E52F9C;
			productRefGroup = 147A13A51B92B9E300E52F9C /* Products */;
			projectDirPath = "";
			projectRoot = "";
			targets = (
				146E27881BCD51C800959BBA /* iOS */,
			);
		};
/* End PBXProject section */

/* Begin PBXResourcesBuildPhase section */
		146E27871BCD51C800959BBA /* Resources */ = {
			isa = PBXResourcesBuildPhase;
			buildActionMask = 2147483647;
			files = (
				146E27AA1BCD51F200959BBA /* Images.xcassets in Resources */,
				146E27A91BCD51F200959BBA /* LaunchScreen.xib in Resources */,
			);
			runOnlyForDeploymentPostprocessing = 0;
		};
/* End PBXResourcesBuildPhase section */

/* Begin PBXShellScriptBuildPhase section */
		14425E4A1C96FED200F0FAD1 /* Highlight TODOs, FIXMEs and WARNINGs */ = {
			isa = PBXShellScriptBuildPhase;
			buildActionMask = 2147483647;
			files = (
			);
			inputPaths = (
			);
			name = "Highlight TODOs, FIXMEs and WARNINGs";
			outputPaths = (
			);
			runOnlyForDeploymentPostprocessing = 0;
			shellPath = /bin/sh;
			shellScript = "if [ \"${CONFIGURATION}\" = \"Debug\" ]; then\nTAGS=\"\\/\\/ TODO:|\\/\\/ FIXME:|\\/\\/ WARNING:\"\necho \"searching ${SRCROOT} for ${TAGS}\"\nfind \"${SRCROOT}\" \\( -name \"*.swift\" \\) -print0 | xargs -0 egrep --with-filename --line-number --only-matching \"($TAGS).*\\$\" | perl -p -e \"s/($TAGS)/ warning: \\$1/\"\nfi\n";
		};
		14425E4B1C9702CA00F0FAD1 /* ShellScript */ = {
			isa = PBXShellScriptBuildPhase;
			buildActionMask = 2147483647;
			files = (
			);
			inputPaths = (
			);
			outputPaths = (
			);
			runOnlyForDeploymentPostprocessing = 0;
			shellPath = /bin/sh;
			shellScript = "# Update build number with number of git commits if in release mode\nif [ ${CONFIGURATION} == \"Release\" ]; then\nbuildNumber=$(git rev-list HEAD | wc -l | tr -d ' ')\n/usr/libexec/PlistBuddy -c \"Set :CFBundleVersion $buildNumber\" \"${PROJECT_DIR}/${INFOPLIST_FILE}\"\nfi;";
		};
		2C5D6E87F09A5BCC7C97DBA5 /* [CP] Embed Pods Frameworks */ = {
			isa = PBXShellScriptBuildPhase;
			buildActionMask = 2147483647;
			files = (
			);
			inputPaths = (
				"${SRCROOT}/Pods/Target Support Files/Pods-iOS/Pods-iOS-frameworks.sh",
				"${BUILT_PRODUCTS_DIR}/Alamofire/Alamofire.framework",
				"${BUILT_PRODUCTS_DIR}/Networking/Networking.framework",
				"${BUILT_PRODUCTS_DIR}/Sync/Sync.framework",
			);
			name = "[CP] Embed Pods Frameworks";
			outputPaths = (
				"${TARGET_BUILD_DIR}/${FRAMEWORKS_FOLDER_PATH}/Alamofire.framework",
				"${TARGET_BUILD_DIR}/${FRAMEWORKS_FOLDER_PATH}/Networking.framework",
				"${TARGET_BUILD_DIR}/${FRAMEWORKS_FOLDER_PATH}/Sync.framework",
			);
			runOnlyForDeploymentPostprocessing = 0;
			shellPath = /bin/sh;
			shellScript = "\"${SRCROOT}/Pods/Target Support Files/Pods-iOS/Pods-iOS-frameworks.sh\"\n";
			showEnvVarsInLog = 0;
		};
		8D6A097ADEB68DE3E73DF34A /* [CP] Copy Pods Resources */ = {
			isa = PBXShellScriptBuildPhase;
			buildActionMask = 2147483647;
			files = (
			);
			inputPaths = (
			);
			name = "[CP] Copy Pods Resources";
			outputPaths = (
			);
			runOnlyForDeploymentPostprocessing = 0;
			shellPath = /bin/sh;
			shellScript = "\"${SRCROOT}/Pods/Target Support Files/Pods-iOS/Pods-iOS-resources.sh\"\n";
			showEnvVarsInLog = 0;
		};
		90452E64219F226700E78922 /* [CP] Check Pods Manifest.lock */ = {
			isa = PBXShellScriptBuildPhase;
			buildActionMask = 2147483647;
			files = (
			);
			inputPaths = (
				"${PODS_PODFILE_DIR_PATH}/Podfile.lock",
				"${PODS_ROOT}/Manifest.lock",
			);
			name = "[CP] Check Pods Manifest.lock";
			outputPaths = (
				"$(DERIVED_FILE_DIR)/Pods-iOS-checkManifestLockResult.txt",
			);
			runOnlyForDeploymentPostprocessing = 0;
			shellPath = /bin/sh;
			shellScript = "diff \"${PODS_PODFILE_DIR_PATH}/Podfile.lock\" \"${PODS_ROOT}/Manifest.lock\" > /dev/null\nif [ $? != 0 ] ; then\n    # print error to STDERR\n    echo \"error: The sandbox is not in sync with the Podfile.lock. Run 'pod install' or update your CocoaPods installation.\" >&2\n    exit 1\nfi\n# This output is used by Xcode 'outputs' to avoid re-running this script phase.\necho \"SUCCESS\" > \"${SCRIPT_OUTPUT_FILE_0}\"\n";
			showEnvVarsInLog = 0;
		};
/* End PBXShellScriptBuildPhase section */

/* Begin PBXSourcesBuildPhase section */
		146E27851BCD51C800959BBA /* Sources */ = {
			isa = PBXSourcesBuildPhase;
			buildActionMask = 2147483647;
			files = (
				44AE9F5C1EB113D200D6B40C /* AppDelegate.swift in Sources */,
				14CB87E61C96F94F007376A6 /* DataModel.xcdatamodeld in Sources */,
				44AE9F5D1EB113D200D6B40C /* ItemsController.swift in Sources */,
				14425E591C97078A00F0FAD1 /* Fetcher.swift in Sources */,
			);
			runOnlyForDeploymentPostprocessing = 0;
		};
/* End PBXSourcesBuildPhase section */

/* Begin PBXVariantGroup section */
		146E279F1BCD51F200959BBA /* LaunchScreen.xib */ = {
			isa = PBXVariantGroup;
			children = (
				146E27A01BCD51F200959BBA /* Base */,
			);
			name = LaunchScreen.xib;
			sourceTree = "<group>";
		};
/* End PBXVariantGroup section */

/* Begin XCBuildConfiguration section */
		146E27971BCD51C800959BBA /* Debug */ = {
			isa = XCBuildConfiguration;
			baseConfigurationReference = 815A5D43B53DF95ED01F63FA /* Pods-iOS.debug.xcconfig */;
			buildSettings = {
				ALWAYS_EMBED_SWIFT_STANDARD_LIBRARIES = YES;
				ASSETCATALOG_COMPILER_APPICON_NAME = AppIcon;
				DEBUG_INFORMATION_FORMAT = dwarf;
				DEVELOPMENT_TEAM = 29X3GG489T;
				FRAMEWORK_SEARCH_PATHS = "$(inherited)";
				INFOPLIST_FILE = iOS/Resources/Info.plist;
				IPHONEOS_DEPLOYMENT_TARGET = 10.0;
				LD_RUNPATH_SEARCH_PATHS = "$(inherited) @executable_path/Frameworks";
				PRODUCT_BUNDLE_IDENTIFIER = com.syncdb.simpledemo;
				PRODUCT_NAME = "$(TARGET_NAME)";
				SWIFT_SWIFT3_OBJC_INFERENCE = Default;
				SWIFT_VERSION = 4.0;
			};
			name = Debug;
		};
		146E27981BCD51C800959BBA /* Release */ = {
			isa = XCBuildConfiguration;
			baseConfigurationReference = 80738C3261BFDD726141FCD8 /* Pods-iOS.release.xcconfig */;
			buildSettings = {
				ALWAYS_EMBED_SWIFT_STANDARD_LIBRARIES = YES;
				ASSETCATALOG_COMPILER_APPICON_NAME = AppIcon;
				DEVELOPMENT_TEAM = 29X3GG489T;
				FRAMEWORK_SEARCH_PATHS = "$(inherited)";
				INFOPLIST_FILE = iOS/Resources/Info.plist;
				IPHONEOS_DEPLOYMENT_TARGET = 10.0;
				LD_RUNPATH_SEARCH_PATHS = "$(inherited) @executable_path/Frameworks";
				PRODUCT_BUNDLE_IDENTIFIER = com.syncdb.simpledemo;
				PRODUCT_NAME = "$(TARGET_NAME)";
				SWIFT_SWIFT3_OBJC_INFERENCE = Default;
				SWIFT_VERSION = 4.0;
			};
			name = Release;
		};
		147A13C41B92B9E300E52F9C /* Debug */ = {
			isa = XCBuildConfiguration;
			buildSettings = {
				ALWAYS_SEARCH_USER_PATHS = NO;
				CLANG_CXX_LANGUAGE_STANDARD = "gnu++0x";
				CLANG_CXX_LIBRARY = "libc++";
				CLANG_ENABLE_MODULES = YES;
				CLANG_ENABLE_OBJC_ARC = YES;
				CLANG_WARN_BLOCK_CAPTURE_AUTORELEASING = YES;
				CLANG_WARN_BOOL_CONVERSION = YES;
				CLANG_WARN_COMMA = YES;
				CLANG_WARN_CONSTANT_CONVERSION = YES;
				CLANG_WARN_DIRECT_OBJC_ISA_USAGE = YES_ERROR;
				CLANG_WARN_EMPTY_BODY = YES;
				CLANG_WARN_ENUM_CONVERSION = YES;
				CLANG_WARN_INFINITE_RECURSION = YES;
				CLANG_WARN_INT_CONVERSION = YES;
				CLANG_WARN_NON_LITERAL_NULL_CONVERSION = YES;
				CLANG_WARN_OBJC_LITERAL_CONVERSION = YES;
				CLANG_WARN_OBJC_ROOT_CLASS = YES_ERROR;
				CLANG_WARN_RANGE_LOOP_ANALYSIS = YES;
				CLANG_WARN_STRICT_PROTOTYPES = YES;
				CLANG_WARN_SUSPICIOUS_MOVE = YES;
				CLANG_WARN_UNREACHABLE_CODE = YES;
				CLANG_WARN__DUPLICATE_METHOD_MATCH = YES;
				"CODE_SIGN_IDENTITY[sdk=iphoneos*]" = "iPhone Developer";
				COPY_PHASE_STRIP = NO;
				DEBUG_INFORMATION_FORMAT = "dwarf-with-dsym";
				ENABLE_STRICT_OBJC_MSGSEND = YES;
				ENABLE_TESTABILITY = YES;
				GCC_C_LANGUAGE_STANDARD = gnu99;
				GCC_DYNAMIC_NO_PIC = NO;
				GCC_NO_COMMON_BLOCKS = YES;
				GCC_OPTIMIZATION_LEVEL = 0;
				GCC_PREPROCESSOR_DEFINITIONS = (
					"DEBUG=1",
					"$(inherited)",
				);
				GCC_SYMBOLS_PRIVATE_EXTERN = NO;
				GCC_WARN_64_TO_32_BIT_CONVERSION = YES;
				GCC_WARN_ABOUT_RETURN_TYPE = YES_ERROR;
				GCC_WARN_UNDECLARED_SELECTOR = YES;
				GCC_WARN_UNINITIALIZED_AUTOS = YES_AGGRESSIVE;
				GCC_WARN_UNUSED_FUNCTION = YES;
				GCC_WARN_UNUSED_VARIABLE = YES;
				IPHONEOS_DEPLOYMENT_TARGET = 10.0;
				MTL_ENABLE_DEBUG_INFO = YES;
				ONLY_ACTIVE_ARCH = YES;
				SDKROOT = iphoneos;
				SWIFT_OPTIMIZATION_LEVEL = "-Onone";
			};
			name = Debug;
		};
		147A13C51B92B9E300E52F9C /* Release */ = {
			isa = XCBuildConfiguration;
			buildSettings = {
				ALWAYS_SEARCH_USER_PATHS = NO;
				CLANG_CXX_LANGUAGE_STANDARD = "gnu++0x";
				CLANG_CXX_LIBRARY = "libc++";
				CLANG_ENABLE_MODULES = YES;
				CLANG_ENABLE_OBJC_ARC = YES;
				CLANG_WARN_BLOCK_CAPTURE_AUTORELEASING = YES;
				CLANG_WARN_BOOL_CONVERSION = YES;
				CLANG_WARN_COMMA = YES;
				CLANG_WARN_CONSTANT_CONVERSION = YES;
				CLANG_WARN_DIRECT_OBJC_ISA_USAGE = YES_ERROR;
				CLANG_WARN_EMPTY_BODY = YES;
				CLANG_WARN_ENUM_CONVERSION = YES;
				CLANG_WARN_INFINITE_RECURSION = YES;
				CLANG_WARN_INT_CONVERSION = YES;
				CLANG_WARN_NON_LITERAL_NULL_CONVERSION = YES;
				CLANG_WARN_OBJC_LITERAL_CONVERSION = YES;
				CLANG_WARN_OBJC_ROOT_CLASS = YES_ERROR;
				CLANG_WARN_RANGE_LOOP_ANALYSIS = YES;
				CLANG_WARN_STRICT_PROTOTYPES = YES;
				CLANG_WARN_SUSPICIOUS_MOVE = YES;
				CLANG_WARN_UNREACHABLE_CODE = YES;
				CLANG_WARN__DUPLICATE_METHOD_MATCH = YES;
				"CODE_SIGN_IDENTITY[sdk=iphoneos*]" = "iPhone Developer";
				COPY_PHASE_STRIP = NO;
				DEBUG_INFORMATION_FORMAT = "dwarf-with-dsym";
				ENABLE_NS_ASSERTIONS = NO;
				ENABLE_STRICT_OBJC_MSGSEND = YES;
				GCC_C_LANGUAGE_STANDARD = gnu99;
				GCC_NO_COMMON_BLOCKS = YES;
				GCC_WARN_64_TO_32_BIT_CONVERSION = YES;
				GCC_WARN_ABOUT_RETURN_TYPE = YES_ERROR;
				GCC_WARN_UNDECLARED_SELECTOR = YES;
				GCC_WARN_UNINITIALIZED_AUTOS = YES_AGGRESSIVE;
				GCC_WARN_UNUSED_FUNCTION = YES;
				GCC_WARN_UNUSED_VARIABLE = YES;
				IPHONEOS_DEPLOYMENT_TARGET = 10.0;
				MTL_ENABLE_DEBUG_INFO = NO;
				SDKROOT = iphoneos;
				SWIFT_OPTIMIZATION_LEVEL = "-Owholemodule";
				VALIDATE_PRODUCT = YES;
			};
			name = Release;
		};
/* End XCBuildConfiguration section */

/* Begin XCConfigurationList section */
		146E27961BCD51C800959BBA /* Build configuration list for PBXNativeTarget "iOS" */ = {
			isa = XCConfigurationList;
			buildConfigurations = (
				146E27971BCD51C800959BBA /* Debug */,
				146E27981BCD51C800959BBA /* Release */,
			);
			defaultConfigurationIsVisible = 0;
			defaultConfigurationName = Release;
		};
		147A139F1B92B9E300E52F9C /* Build configuration list for PBXProject "Project" */ = {
			isa = XCConfigurationList;
			buildConfigurations = (
				147A13C41B92B9E300E52F9C /* Debug */,
				147A13C51B92B9E300E52F9C /* Release */,
			);
			defaultConfigurationIsVisible = 0;
			defaultConfigurationName = Release;
		};
/* End XCConfigurationList section */

/* Begin XCVersionGroup section */
		14CB87E41C96F94F007376A6 /* DataModel.xcdatamodeld */ = {
			isa = XCVersionGroup;
			children = (
				14CB87E51C96F94F007376A6 /* DataModel.xcdatamodel */,
			);
			currentVersion = 14CB87E51C96F94F007376A6 /* DataModel.xcdatamodel */;
			path = DataModel.xcdatamodeld;
			sourceTree = "<group>";
			versionGroupType = wrapper.xcdatamodel;
		};
/* End XCVersionGroup section */
	};
	rootObject = 147A139C1B92B9E300E52F9C /* Project object */;
}
