// !$*UTF8*$!
{
	archiveVersion = 1;
	classes = {
	};
	objectVersion = 46;
	objects = {

/* Begin PBXBuildFile section */
		1425D5A01CC65BEB00EC49D4 /* NSArray+Sync.swift in Sources */ = {isa = PBXBuildFile; fileRef = 1425D59B1CC65BEB00EC49D4 /* NSArray+Sync.swift */; };
		1425D5A11CC65BEB00EC49D4 /* NSEntityDescription+Sync.swift in Sources */ = {isa = PBXBuildFile; fileRef = 1425D59C1CC65BEB00EC49D4 /* NSEntityDescription+Sync.swift */; };
		1425D5A21CC65BEB00EC49D4 /* NSManagedObject+Sync.swift in Sources */ = {isa = PBXBuildFile; fileRef = 1425D59D1CC65BEB00EC49D4 /* NSManagedObject+Sync.swift */; };
		1425D5A31CC65BEB00EC49D4 /* NSManagedObjectContext+Sync.swift in Sources */ = {isa = PBXBuildFile; fileRef = 1425D59E1CC65BEB00EC49D4 /* NSManagedObjectContext+Sync.swift */; };
		1425D5A41CC65BEB00EC49D4 /* Sync.swift in Sources */ = {isa = PBXBuildFile; fileRef = 1425D59F1CC65BEB00EC49D4 /* Sync.swift */; };
		4403DC5A1D9F90B5001C8DA6 /* Helper.swift in Sources */ = {isa = PBXBuildFile; fileRef = 4403DBDD1D9F90B5001C8DA6 /* Helper.swift */; };
		4403DC5B1D9F90B5001C8DA6 /* 151-many-to-many-notes-update.json in Resources */ = {isa = PBXBuildFile; fileRef = 4403DBDF1D9F90B5001C8DA6 /* 151-many-to-many-notes-update.json */; };
		4403DC5C1D9F90B5001C8DA6 /* 151-many-to-many-notes.json in Resources */ = {isa = PBXBuildFile; fileRef = 4403DBE01D9F90B5001C8DA6 /* 151-many-to-many-notes.json */; };
		4403DC5D1D9F90B5001C8DA6 /* 151-many-to-many-tags.json in Resources */ = {isa = PBXBuildFile; fileRef = 4403DBE11D9F90B5001C8DA6 /* 151-many-to-many-tags.json */; };
		4403DC5E1D9F90B5001C8DA6 /* 151-to-many-notes.json in Resources */ = {isa = PBXBuildFile; fileRef = 4403DBE21D9F90B5001C8DA6 /* 151-to-many-notes.json */; };
		4403DC5F1D9F90B5001C8DA6 /* 151-to-many-users-update.json in Resources */ = {isa = PBXBuildFile; fileRef = 4403DBE31D9F90B5001C8DA6 /* 151-to-many-users-update.json */; };
		4403DC601D9F90B5001C8DA6 /* 151-to-many-users.json in Resources */ = {isa = PBXBuildFile; fileRef = 4403DBE41D9F90B5001C8DA6 /* 151-to-many-users.json */; };
		4403DC611D9F90B5001C8DA6 /* 157-cities.json in Resources */ = {isa = PBXBuildFile; fileRef = 4403DBE51D9F90B5001C8DA6 /* 157-cities.json */; };
		4403DC621D9F90B5001C8DA6 /* 157-locations-update.json in Resources */ = {isa = PBXBuildFile; fileRef = 4403DBE61D9F90B5001C8DA6 /* 157-locations-update.json */; };
		4403DC631D9F90B5001C8DA6 /* 157-locations.json in Resources */ = {isa = PBXBuildFile; fileRef = 4403DBE71D9F90B5001C8DA6 /* 157-locations.json */; };
		4403DC641D9F90B5001C8DA6 /* 225-a-empty.json in Resources */ = {isa = PBXBuildFile; fileRef = 4403DBE81D9F90B5001C8DA6 /* 225-a-empty.json */; };
		4403DC651D9F90B5001C8DA6 /* 225-a-null.json in Resources */ = {isa = PBXBuildFile; fileRef = 4403DBE91D9F90B5001C8DA6 /* 225-a-null.json */; };
		4403DC661D9F90B5001C8DA6 /* 225-a-replaced.json in Resources */ = {isa = PBXBuildFile; fileRef = 4403DBEA1D9F90B5001C8DA6 /* 225-a-replaced.json */; };
		4403DC671D9F90B5001C8DA6 /* 225-a.json in Resources */ = {isa = PBXBuildFile; fileRef = 4403DBEB1D9F90B5001C8DA6 /* 225-a.json */; };
		4403DC681D9F90B5001C8DA6 /* 280.json in Resources */ = {isa = PBXBuildFile; fileRef = 4403DBEC1D9F90B5001C8DA6 /* 280.json */; };
		4403DC691D9F90B5001C8DA6 /* 283.json in Resources */ = {isa = PBXBuildFile; fileRef = 4403DBED1D9F90B5001C8DA6 /* 283.json */; };
		4403DC6A1D9F90B5001C8DA6 /* bug-113-comments-no-id.json in Resources */ = {isa = PBXBuildFile; fileRef = 4403DBEE1D9F90B5001C8DA6 /* bug-113-comments-no-id.json */; };
		4403DC6B1D9F90B5001C8DA6 /* bug-113-custom_relationship_key_to_one.json in Resources */ = {isa = PBXBuildFile; fileRef = 4403DBEF1D9F90B5001C8DA6 /* bug-113-custom_relationship_key_to_one.json */; };
		4403DC6C1D9F90B5001C8DA6 /* bug-113-stories-comments-no-ids.json in Resources */ = {isa = PBXBuildFile; fileRef = 4403DBF01D9F90B5001C8DA6 /* bug-113-stories-comments-no-ids.json */; };
		4403DC6D1D9F90B5001C8DA6 /* bug-125-light.json in Resources */ = {isa = PBXBuildFile; fileRef = 4403DBF11D9F90B5001C8DA6 /* bug-125-light.json */; };
		4403DC6E1D9F90B5001C8DA6 /* bug-125.json in Resources */ = {isa = PBXBuildFile; fileRef = 4403DBF21D9F90B5001C8DA6 /* bug-125.json */; };
		4403DC6F1D9F90B5001C8DA6 /* bug-179-places.json in Resources */ = {isa = PBXBuildFile; fileRef = 4403DBF31D9F90B5001C8DA6 /* bug-179-places.json */; };
		4403DC701D9F90B5001C8DA6 /* bug-179-routes.json in Resources */ = {isa = PBXBuildFile; fileRef = 4403DBF41D9F90B5001C8DA6 /* bug-179-routes.json */; };
		4403DC711D9F90B5001C8DA6 /* bug-202-a.json in Resources */ = {isa = PBXBuildFile; fileRef = 4403DBF51D9F90B5001C8DA6 /* bug-202-a.json */; };
		4403DC721D9F90B5001C8DA6 /* bug-202-b.json in Resources */ = {isa = PBXBuildFile; fileRef = 4403DBF61D9F90B5001C8DA6 /* bug-202-b.json */; };
		4403DC731D9F90B5001C8DA6 /* bug-239.json in Resources */ = {isa = PBXBuildFile; fileRef = 4403DBF71D9F90B5001C8DA6 /* bug-239.json */; };
		4403DC741D9F90B5001C8DA6 /* bug-254.json in Resources */ = {isa = PBXBuildFile; fileRef = 4403DBF81D9F90B5001C8DA6 /* bug-254.json */; };
		4403DC751D9F90B5001C8DA6 /* bug-257.json in Resources */ = {isa = PBXBuildFile; fileRef = 4403DBF91D9F90B5001C8DA6 /* bug-257.json */; };
		4403DC761D9F90B5001C8DA6 /* bug-number-84.json in Resources */ = {isa = PBXBuildFile; fileRef = 4403DBFA1D9F90B5001C8DA6 /* bug-number-84.json */; };
		4403DC771D9F90B5001C8DA6 /* camelcase.json in Resources */ = {isa = PBXBuildFile; fileRef = 4403DBFB1D9F90B5001C8DA6 /* camelcase.json */; };
		4403DC781D9F90B5001C8DA6 /* comments-no-id.json in Resources */ = {isa = PBXBuildFile; fileRef = 4403DBFC1D9F90B5001C8DA6 /* comments-no-id.json */; };
		4403DC791D9F90B5001C8DA6 /* custom_relationship_key_to_many.json in Resources */ = {isa = PBXBuildFile; fileRef = 4403DBFD1D9F90B5001C8DA6 /* custom_relationship_key_to_many.json */; };
		4403DC7A1D9F90B5001C8DA6 /* custom_relationship_key_to_one.json in Resources */ = {isa = PBXBuildFile; fileRef = 4403DBFE1D9F90B5001C8DA6 /* custom_relationship_key_to_one.json */; };
		4403DC7B1D9F90B5001C8DA6 /* id.json in Resources */ = {isa = PBXBuildFile; fileRef = 4403DBFF1D9F90B5001C8DA6 /* id.json */; };
		4403DC7C1D9F90B5001C8DA6 /* images.json in Resources */ = {isa = PBXBuildFile; fileRef = 4403DC001D9F90B5001C8DA6 /* images.json */; };
		4403DC7D1D9F90B5001C8DA6 /* markets_items.json in Resources */ = {isa = PBXBuildFile; fileRef = 4403DC011D9F90B5001C8DA6 /* markets_items.json */; };
		4403DC7E1D9F90B5001C8DA6 /* notes_for_user_a.json in Resources */ = {isa = PBXBuildFile; fileRef = 4403DC021D9F90B5001C8DA6 /* notes_for_user_a.json */; };
		4403DC7F1D9F90B5001C8DA6 /* notes_with_user_id.json in Resources */ = {isa = PBXBuildFile; fileRef = 4403DC031D9F90B5001C8DA6 /* notes_with_user_id.json */; };
		4403DC801D9F90B5001C8DA6 /* notes_with_user_id_custom.json in Resources */ = {isa = PBXBuildFile; fileRef = 4403DC041D9F90B5001C8DA6 /* notes_with_user_id_custom.json */; };
		4403DC811D9F90B5001C8DA6 /* numbers.json in Resources */ = {isa = PBXBuildFile; fileRef = 4403DC051D9F90B5001C8DA6 /* numbers.json */; };
		4403DC821D9F90B5001C8DA6 /* numbers_in_collection.json in Resources */ = {isa = PBXBuildFile; fileRef = 4403DC061D9F90B5001C8DA6 /* numbers_in_collection.json */; };
		4403DC831D9F90B5001C8DA6 /* operation-types-users-a.json in Resources */ = {isa = PBXBuildFile; fileRef = 4403DC071D9F90B5001C8DA6 /* operation-types-users-a.json */; };
		4403DC841D9F90B5001C8DA6 /* operation-types-users-b.json in Resources */ = {isa = PBXBuildFile; fileRef = 4403DC081D9F90B5001C8DA6 /* operation-types-users-b.json */; };
		4403DC851D9F90B5001C8DA6 /* organizations-tree.json in Resources */ = {isa = PBXBuildFile; fileRef = 4403DC091D9F90B5001C8DA6 /* organizations-tree.json */; };
		4403DC861D9F90B5001C8DA6 /* patients.json in Resources */ = {isa = PBXBuildFile; fileRef = 4403DC0A1D9F90B5001C8DA6 /* patients.json */; };
		4403DC871D9F90B5001C8DA6 /* stories-comments-no-ids.json in Resources */ = {isa = PBXBuildFile; fileRef = 4403DC0B1D9F90B5001C8DA6 /* stories-comments-no-ids.json */; };
		4403DC881D9F90B5001C8DA6 /* story-summarize.json in Resources */ = {isa = PBXBuildFile; fileRef = 4403DC0C1D9F90B5001C8DA6 /* story-summarize.json */; };
		4403DC891D9F90B5001C8DA6 /* tagged_notes.json in Resources */ = {isa = PBXBuildFile; fileRef = 4403DC0D1D9F90B5001C8DA6 /* tagged_notes.json */; };
		4403DC8A1D9F90B5001C8DA6 /* to-one-camelcase.json in Resources */ = {isa = PBXBuildFile; fileRef = 4403DC0E1D9F90B5001C8DA6 /* to-one-camelcase.json */; };
		4403DC8B1D9F90B5001C8DA6 /* to-one-snakecase.json in Resources */ = {isa = PBXBuildFile; fileRef = 4403DC0F1D9F90B5001C8DA6 /* to-one-snakecase.json */; };
		4403DC8C1D9F90B5001C8DA6 /* unique.json in Resources */ = {isa = PBXBuildFile; fileRef = 4403DC101D9F90B5001C8DA6 /* unique.json */; };
		4403DC8D1D9F90B5001C8DA6 /* users_a.json in Resources */ = {isa = PBXBuildFile; fileRef = 4403DC111D9F90B5001C8DA6 /* users_a.json */; };
		4403DC8E1D9F90B5001C8DA6 /* users_b.json in Resources */ = {isa = PBXBuildFile; fileRef = 4403DC121D9F90B5001C8DA6 /* users_b.json */; };
		4403DC8F1D9F90B5001C8DA6 /* users_c.json in Resources */ = {isa = PBXBuildFile; fileRef = 4403DC131D9F90B5001C8DA6 /* users_c.json */; };
		4403DC901D9F90B5001C8DA6 /* users_company.json in Resources */ = {isa = PBXBuildFile; fileRef = 4403DC141D9F90B5001C8DA6 /* users_company.json */; };
		4403DC911D9F90B5001C8DA6 /* users_notes.json in Resources */ = {isa = PBXBuildFile; fileRef = 4403DC151D9F90B5001C8DA6 /* users_notes.json */; };
		4403DC921D9F90B5001C8DA6 /* 151-many-to-many.xcdatamodeld in Sources */ = {isa = PBXBuildFile; fileRef = 4403DC171D9F90B5001C8DA6 /* 151-many-to-many.xcdatamodeld */; };
		4403DC931D9F90B5001C8DA6 /* 151-ordered-many-to-many.xcdatamodeld in Sources */ = {isa = PBXBuildFile; fileRef = 4403DC191D9F90B5001C8DA6 /* 151-ordered-many-to-many.xcdatamodeld */; };
		4403DC941D9F90B5001C8DA6 /* 151-ordered-to-many.xcdatamodeld in Sources */ = {isa = PBXBuildFile; fileRef = 4403DC1B1D9F90B5001C8DA6 /* 151-ordered-to-many.xcdatamodeld */; };
		4403DC951D9F90B5001C8DA6 /* 151-to-many.xcdatamodeld in Sources */ = {isa = PBXBuildFile; fileRef = 4403DC1D1D9F90B5001C8DA6 /* 151-to-many.xcdatamodeld */; };
		4403DC961D9F90B5001C8DA6 /* 225.xcdatamodeld in Sources */ = {isa = PBXBuildFile; fileRef = 4403DC1F1D9F90B5001C8DA6 /* 225.xcdatamodeld */; };
		4403DC971D9F90B5001C8DA6 /* 280.xcdatamodeld in Sources */ = {isa = PBXBuildFile; fileRef = 4403DC211D9F90B5001C8DA6 /* 280.xcdatamodeld */; };
		4403DC981D9F90B5001C8DA6 /* 283.xcdatamodeld in Sources */ = {isa = PBXBuildFile; fileRef = 4403DC231D9F90B5001C8DA6 /* 283.xcdatamodeld */; };
		4403DC991D9F90B5001C8DA6 /* Bug113.xcdatamodeld in Sources */ = {isa = PBXBuildFile; fileRef = 4403DC251D9F90B5001C8DA6 /* Bug113.xcdatamodeld */; };
		4403DC9A1D9F90B5001C8DA6 /* Bug125.xcdatamodeld in Sources */ = {isa = PBXBuildFile; fileRef = 4403DC271D9F90B5001C8DA6 /* Bug125.xcdatamodeld */; };
		4403DC9B1D9F90B5001C8DA6 /* Bug157.xcdatamodeld in Sources */ = {isa = PBXBuildFile; fileRef = 4403DC291D9F90B5001C8DA6 /* Bug157.xcdatamodeld */; };
		4403DC9C1D9F90B5001C8DA6 /* Bug179.xcdatamodeld in Sources */ = {isa = PBXBuildFile; fileRef = 4403DC2B1D9F90B5001C8DA6 /* Bug179.xcdatamodeld */; };
		4403DC9D1D9F90B5001C8DA6 /* Bug202.xcdatamodeld in Sources */ = {isa = PBXBuildFile; fileRef = 4403DC2D1D9F90B5001C8DA6 /* Bug202.xcdatamodeld */; };
		4403DC9E1D9F90B5001C8DA6 /* Bug239.xcdatamodeld in Sources */ = {isa = PBXBuildFile; fileRef = 4403DC2F1D9F90B5001C8DA6 /* Bug239.xcdatamodeld */; };
		4403DC9F1D9F90B5001C8DA6 /* Bug254.xcdatamodeld in Sources */ = {isa = PBXBuildFile; fileRef = 4403DC311D9F90B5001C8DA6 /* Bug254.xcdatamodeld */; };
		4403DCA01D9F90B5001C8DA6 /* Bug257.xcdatamodeld in Sources */ = {isa = PBXBuildFile; fileRef = 4403DC331D9F90B5001C8DA6 /* Bug257.xcdatamodeld */; };
		4403DCA11D9F90B5001C8DA6 /* Bug84.xcdatamodeld in Sources */ = {isa = PBXBuildFile; fileRef = 4403DC351D9F90B5001C8DA6 /* Bug84.xcdatamodeld */; };
		4403DCA21D9F90B5001C8DA6 /* Camelcase.xcdatamodeld in Sources */ = {isa = PBXBuildFile; fileRef = 4403DC371D9F90B5001C8DA6 /* Camelcase.xcdatamodeld */; };
		4403DCA31D9F90B5001C8DA6 /* Contacts.xcdatamodeld in Sources */ = {isa = PBXBuildFile; fileRef = 4403DC391D9F90B5001C8DA6 /* Contacts.xcdatamodeld */; };
		4403DCA41D9F90B5001C8DA6 /* CustomRelationshipKey.xcdatamodeld in Sources */ = {isa = PBXBuildFile; fileRef = 4403DC3B1D9F90B5001C8DA6 /* CustomRelationshipKey.xcdatamodeld */; };
		4403DCA51D9F90B5001C8DA6 /* id.xcdatamodeld in Sources */ = {isa = PBXBuildFile; fileRef = 4403DC3D1D9F90B5001C8DA6 /* id.xcdatamodeld */; };
		4403DCA61D9F90B5001C8DA6 /* InsertObjectsInParent.xcdatamodeld in Sources */ = {isa = PBXBuildFile; fileRef = 4403DC3F1D9F90B5001C8DA6 /* InsertObjectsInParent.xcdatamodeld */; };
		4403DCA71D9F90B5001C8DA6 /* Markets.xcdatamodeld in Sources */ = {isa = PBXBuildFile; fileRef = 4403DC411D9F90B5001C8DA6 /* Markets.xcdatamodeld */; };
		4403DCA81D9F90B5001C8DA6 /* Notes.xcdatamodeld in Sources */ = {isa = PBXBuildFile; fileRef = 4403DC431D9F90B5001C8DA6 /* Notes.xcdatamodeld */; };
		4403DCA91D9F90B5001C8DA6 /* NotesB.xcdatamodeld in Sources */ = {isa = PBXBuildFile; fileRef = 4403DC451D9F90B5001C8DA6 /* NotesB.xcdatamodeld */; };
		4403DCAA1D9F90B5001C8DA6 /* OrderedSocial.xcdatamodeld in Sources */ = {isa = PBXBuildFile; fileRef = 4403DC471D9F90B5001C8DA6 /* OrderedSocial.xcdatamodeld */; };
		4403DCAB1D9F90B5001C8DA6 /* Organizations.xcdatamodeld in Sources */ = {isa = PBXBuildFile; fileRef = 4403DC491D9F90B5001C8DA6 /* Organizations.xcdatamodeld */; };
		4403DCAC1D9F90B5001C8DA6 /* Patients.xcdatamodeld in Sources */ = {isa = PBXBuildFile; fileRef = 4403DC4B1D9F90B5001C8DA6 /* Patients.xcdatamodeld */; };
		4403DCAD1D9F90B5001C8DA6 /* Recursive.xcdatamodeld in Sources */ = {isa = PBXBuildFile; fileRef = 4403DC4D1D9F90B5001C8DA6 /* Recursive.xcdatamodeld */; };
		4403DCAE1D9F90B5001C8DA6 /* Social.xcdatamodeld in Sources */ = {isa = PBXBuildFile; fileRef = 4403DC4F1D9F90B5001C8DA6 /* Social.xcdatamodeld */; };
		4403DCAF1D9F90B5001C8DA6 /* ToOne.xcdatamodeld in Sources */ = {isa = PBXBuildFile; fileRef = 4403DC511D9F90B5001C8DA6 /* ToOne.xcdatamodeld */; };
		4403DCB01D9F90B5001C8DA6 /* Unique.xcdatamodeld in Sources */ = {isa = PBXBuildFile; fileRef = 4403DC531D9F90B5001C8DA6 /* Unique.xcdatamodeld */; };
		4403DCB11D9F90B5001C8DA6 /* NSArray+SyncTests.swift in Sources */ = {isa = PBXBuildFile; fileRef = 4403DC551D9F90B5001C8DA6 /* NSArray+SyncTests.swift */; };
		4403DCB21D9F90B5001C8DA6 /* NSEntityDescription+SyncTests.swift in Sources */ = {isa = PBXBuildFile; fileRef = 4403DC561D9F90B5001C8DA6 /* NSEntityDescription+SyncTests.swift */; };
		4403DCB31D9F90B5001C8DA6 /* NSManagedObject+SyncTests.swift in Sources */ = {isa = PBXBuildFile; fileRef = 4403DC571D9F90B5001C8DA6 /* NSManagedObject+SyncTests.swift */; };
		4403DCB41D9F90B5001C8DA6 /* NSManagedObjectContext+SyncTests.swift in Sources */ = {isa = PBXBuildFile; fileRef = 4403DC581D9F90B5001C8DA6 /* NSManagedObjectContext+SyncTests.swift */; };
		4403DCB51D9F90B5001C8DA6 /* SyncTests.swift in Sources */ = {isa = PBXBuildFile; fileRef = 4403DC591D9F90B5001C8DA6 /* SyncTests.swift */; };
		449828041D9F8F2D00E2BCA3 /* TestCheck.swift in Sources */ = {isa = PBXBuildFile; fileRef = 449828031D9F8F2D00E2BCA3 /* TestCheck.swift */; };
		44CC76101D9F9076003545A4 /* TestCheckTests.swift in Sources */ = {isa = PBXBuildFile; fileRef = 44CC760F1D9F9076003545A4 /* TestCheckTests.swift */; };
		E8F9FC834D5C8A055B764489 /* Pods_Tests.framework in Frameworks */ = {isa = PBXBuildFile; fileRef = 952F5F96D743BE94A46D9F2E /* Pods_Tests.framework */; };
/* End PBXBuildFile section */

/* Begin PBXFileReference section */
		00F9DDAC5DDFAFD5490E4DF1 /* Pods-Tests.release.xcconfig */ = {isa = PBXFileReference; includeInIndex = 1; lastKnownFileType = text.xcconfig; name = "Pods-Tests.release.xcconfig"; path = "Pods/Target Support Files/Pods-Tests/Pods-Tests.release.xcconfig"; sourceTree = "<group>"; };
		1425D59B1CC65BEB00EC49D4 /* NSArray+Sync.swift */ = {isa = PBXFileReference; fileEncoding = 4; indentWidth = 4; lastKnownFileType = sourcecode.swift; path = "NSArray+Sync.swift"; sourceTree = "<group>"; tabWidth = 4; };
		1425D59C1CC65BEB00EC49D4 /* NSEntityDescription+Sync.swift */ = {isa = PBXFileReference; fileEncoding = 4; indentWidth = 4; lastKnownFileType = sourcecode.swift; path = "NSEntityDescription+Sync.swift"; sourceTree = "<group>"; tabWidth = 4; };
		1425D59D1CC65BEB00EC49D4 /* NSManagedObject+Sync.swift */ = {isa = PBXFileReference; fileEncoding = 4; indentWidth = 4; lastKnownFileType = sourcecode.swift; path = "NSManagedObject+Sync.swift"; sourceTree = "<group>"; tabWidth = 4; };
		1425D59E1CC65BEB00EC49D4 /* NSManagedObjectContext+Sync.swift */ = {isa = PBXFileReference; fileEncoding = 4; indentWidth = 4; lastKnownFileType = sourcecode.swift; path = "NSManagedObjectContext+Sync.swift"; sourceTree = "<group>"; tabWidth = 4; };
		1425D59F1CC65BEB00EC49D4 /* Sync.swift */ = {isa = PBXFileReference; fileEncoding = 4; indentWidth = 4; lastKnownFileType = sourcecode.swift; path = Sync.swift; sourceTree = "<group>"; tabWidth = 4; };
		146D72AC1AB782920058798C /* Tests.xctest */ = {isa = PBXFileReference; explicitFileType = wrapper.cfbundle; includeInIndex = 0; path = Tests.xctest; sourceTree = BUILT_PRODUCTS_DIR; };
		146D72B11AB782920058798C /* Info.plist */ = {isa = PBXFileReference; lastKnownFileType = text.plist.xml; path = Info.plist; sourceTree = "<group>"; };
		14C0AF7F1BD6D4230009ECBE /* .slather.yml */ = {isa = PBXFileReference; lastKnownFileType = text; path = .slather.yml; sourceTree = "<group>"; };
		14C0AF801BD6D4230009ECBE /* .travis.yml */ = {isa = PBXFileReference; lastKnownFileType = text; path = .travis.yml; sourceTree = "<group>"; };
		14C0AF811BD6D4230009ECBE /* CHANGELOG.md */ = {isa = PBXFileReference; lastKnownFileType = net.daringfireball.markdown; path = CHANGELOG.md; sourceTree = "<group>"; };
		14C0AF821BD6D4230009ECBE /* CONTRIBUTING.md */ = {isa = PBXFileReference; lastKnownFileType = net.daringfireball.markdown; path = CONTRIBUTING.md; sourceTree = "<group>"; };
		14C0AF831BD6D4230009ECBE /* README.md */ = {isa = PBXFileReference; lastKnownFileType = net.daringfireball.markdown; path = README.md; sourceTree = "<group>"; };
		3009E229ED9B6FAA003C2296 /* Pods-Tests.debug.xcconfig */ = {isa = PBXFileReference; includeInIndex = 1; lastKnownFileType = text.xcconfig; name = "Pods-Tests.debug.xcconfig"; path = "Pods/Target Support Files/Pods-Tests/Pods-Tests.debug.xcconfig"; sourceTree = "<group>"; };
		4403DBDD1D9F90B5001C8DA6 /* Helper.swift */ = {isa = PBXFileReference; fileEncoding = 4; lastKnownFileType = sourcecode.swift; path = Helper.swift; sourceTree = "<group>"; };
		4403DBDF1D9F90B5001C8DA6 /* 151-many-to-many-notes-update.json */ = {isa = PBXFileReference; fileEncoding = 4; lastKnownFileType = text.json; path = "151-many-to-many-notes-update.json"; sourceTree = "<group>"; };
		4403DBE01D9F90B5001C8DA6 /* 151-many-to-many-notes.json */ = {isa = PBXFileReference; fileEncoding = 4; lastKnownFileType = text.json; path = "151-many-to-many-notes.json"; sourceTree = "<group>"; };
		4403DBE11D9F90B5001C8DA6 /* 151-many-to-many-tags.json */ = {isa = PBXFileReference; fileEncoding = 4; lastKnownFileType = text.json; path = "151-many-to-many-tags.json"; sourceTree = "<group>"; };
		4403DBE21D9F90B5001C8DA6 /* 151-to-many-notes.json */ = {isa = PBXFileReference; fileEncoding = 4; lastKnownFileType = text.json; path = "151-to-many-notes.json"; sourceTree = "<group>"; };
		4403DBE31D9F90B5001C8DA6 /* 151-to-many-users-update.json */ = {isa = PBXFileReference; fileEncoding = 4; lastKnownFileType = text.json; path = "151-to-many-users-update.json"; sourceTree = "<group>"; };
		4403DBE41D9F90B5001C8DA6 /* 151-to-many-users.json */ = {isa = PBXFileReference; fileEncoding = 4; lastKnownFileType = text.json; path = "151-to-many-users.json"; sourceTree = "<group>"; };
		4403DBE51D9F90B5001C8DA6 /* 157-cities.json */ = {isa = PBXFileReference; fileEncoding = 4; lastKnownFileType = text.json; path = "157-cities.json"; sourceTree = "<group>"; };
		4403DBE61D9F90B5001C8DA6 /* 157-locations-update.json */ = {isa = PBXFileReference; fileEncoding = 4; lastKnownFileType = text.json; path = "157-locations-update.json"; sourceTree = "<group>"; };
		4403DBE71D9F90B5001C8DA6 /* 157-locations.json */ = {isa = PBXFileReference; fileEncoding = 4; lastKnownFileType = text.json; path = "157-locations.json"; sourceTree = "<group>"; };
		4403DBE81D9F90B5001C8DA6 /* 225-a-empty.json */ = {isa = PBXFileReference; fileEncoding = 4; lastKnownFileType = text.json; path = "225-a-empty.json"; sourceTree = "<group>"; };
		4403DBE91D9F90B5001C8DA6 /* 225-a-null.json */ = {isa = PBXFileReference; fileEncoding = 4; lastKnownFileType = text.json; path = "225-a-null.json"; sourceTree = "<group>"; };
		4403DBEA1D9F90B5001C8DA6 /* 225-a-replaced.json */ = {isa = PBXFileReference; fileEncoding = 4; lastKnownFileType = text.json; path = "225-a-replaced.json"; sourceTree = "<group>"; };
		4403DBEB1D9F90B5001C8DA6 /* 225-a.json */ = {isa = PBXFileReference; fileEncoding = 4; lastKnownFileType = text.json; path = "225-a.json"; sourceTree = "<group>"; };
		4403DBEC1D9F90B5001C8DA6 /* 280.json */ = {isa = PBXFileReference; fileEncoding = 4; lastKnownFileType = text.json; path = 280.json; sourceTree = "<group>"; };
		4403DBED1D9F90B5001C8DA6 /* 283.json */ = {isa = PBXFileReference; fileEncoding = 4; lastKnownFileType = text.json; path = 283.json; sourceTree = "<group>"; };
		4403DBEE1D9F90B5001C8DA6 /* bug-113-comments-no-id.json */ = {isa = PBXFileReference; fileEncoding = 4; lastKnownFileType = text.json; path = "bug-113-comments-no-id.json"; sourceTree = "<group>"; };
		4403DBEF1D9F90B5001C8DA6 /* bug-113-custom_relationship_key_to_one.json */ = {isa = PBXFileReference; fileEncoding = 4; lastKnownFileType = text.json; path = "bug-113-custom_relationship_key_to_one.json"; sourceTree = "<group>"; };
		4403DBF01D9F90B5001C8DA6 /* bug-113-stories-comments-no-ids.json */ = {isa = PBXFileReference; fileEncoding = 4; lastKnownFileType = text.json; path = "bug-113-stories-comments-no-ids.json"; sourceTree = "<group>"; };
		4403DBF11D9F90B5001C8DA6 /* bug-125-light.json */ = {isa = PBXFileReference; fileEncoding = 4; lastKnownFileType = text.json; path = "bug-125-light.json"; sourceTree = "<group>"; };
		4403DBF21D9F90B5001C8DA6 /* bug-125.json */ = {isa = PBXFileReference; fileEncoding = 4; lastKnownFileType = text.json; path = "bug-125.json"; sourceTree = "<group>"; };
		4403DBF31D9F90B5001C8DA6 /* bug-179-places.json */ = {isa = PBXFileReference; fileEncoding = 4; lastKnownFileType = text.json; path = "bug-179-places.json"; sourceTree = "<group>"; };
		4403DBF41D9F90B5001C8DA6 /* bug-179-routes.json */ = {isa = PBXFileReference; fileEncoding = 4; lastKnownFileType = text.json; path = "bug-179-routes.json"; sourceTree = "<group>"; };
		4403DBF51D9F90B5001C8DA6 /* bug-202-a.json */ = {isa = PBXFileReference; fileEncoding = 4; lastKnownFileType = text.json; path = "bug-202-a.json"; sourceTree = "<group>"; };
		4403DBF61D9F90B5001C8DA6 /* bug-202-b.json */ = {isa = PBXFileReference; fileEncoding = 4; lastKnownFileType = text.json; path = "bug-202-b.json"; sourceTree = "<group>"; };
		4403DBF71D9F90B5001C8DA6 /* bug-239.json */ = {isa = PBXFileReference; fileEncoding = 4; lastKnownFileType = text.json; path = "bug-239.json"; sourceTree = "<group>"; };
		4403DBF81D9F90B5001C8DA6 /* bug-254.json */ = {isa = PBXFileReference; fileEncoding = 4; lastKnownFileType = text.json; path = "bug-254.json"; sourceTree = "<group>"; };
		4403DBF91D9F90B5001C8DA6 /* bug-257.json */ = {isa = PBXFileReference; fileEncoding = 4; lastKnownFileType = text.json; path = "bug-257.json"; sourceTree = "<group>"; };
		4403DBFA1D9F90B5001C8DA6 /* bug-number-84.json */ = {isa = PBXFileReference; fileEncoding = 4; lastKnownFileType = text.json; path = "bug-number-84.json"; sourceTree = "<group>"; };
		4403DBFB1D9F90B5001C8DA6 /* camelcase.json */ = {isa = PBXFileReference; fileEncoding = 4; lastKnownFileType = text.json; path = camelcase.json; sourceTree = "<group>"; };
		4403DBFC1D9F90B5001C8DA6 /* comments-no-id.json */ = {isa = PBXFileReference; fileEncoding = 4; lastKnownFileType = text.json; path = "comments-no-id.json"; sourceTree = "<group>"; };
		4403DBFD1D9F90B5001C8DA6 /* custom_relationship_key_to_many.json */ = {isa = PBXFileReference; fileEncoding = 4; lastKnownFileType = text.json; path = custom_relationship_key_to_many.json; sourceTree = "<group>"; };
		4403DBFE1D9F90B5001C8DA6 /* custom_relationship_key_to_one.json */ = {isa = PBXFileReference; fileEncoding = 4; lastKnownFileType = text.json; path = custom_relationship_key_to_one.json; sourceTree = "<group>"; };
		4403DBFF1D9F90B5001C8DA6 /* id.json */ = {isa = PBXFileReference; fileEncoding = 4; lastKnownFileType = text.json; path = id.json; sourceTree = "<group>"; };
		4403DC001D9F90B5001C8DA6 /* images.json */ = {isa = PBXFileReference; fileEncoding = 4; lastKnownFileType = text.json; path = images.json; sourceTree = "<group>"; };
		4403DC011D9F90B5001C8DA6 /* markets_items.json */ = {isa = PBXFileReference; fileEncoding = 4; lastKnownFileType = text.json; path = markets_items.json; sourceTree = "<group>"; };
		4403DC021D9F90B5001C8DA6 /* notes_for_user_a.json */ = {isa = PBXFileReference; fileEncoding = 4; lastKnownFileType = text.json; path = notes_for_user_a.json; sourceTree = "<group>"; };
		4403DC031D9F90B5001C8DA6 /* notes_with_user_id.json */ = {isa = PBXFileReference; fileEncoding = 4; lastKnownFileType = text.json; path = notes_with_user_id.json; sourceTree = "<group>"; };
		4403DC041D9F90B5001C8DA6 /* notes_with_user_id_custom.json */ = {isa = PBXFileReference; fileEncoding = 4; lastKnownFileType = text.json; path = notes_with_user_id_custom.json; sourceTree = "<group>"; };
		4403DC051D9F90B5001C8DA6 /* numbers.json */ = {isa = PBXFileReference; fileEncoding = 4; lastKnownFileType = text.json; path = numbers.json; sourceTree = "<group>"; };
		4403DC061D9F90B5001C8DA6 /* numbers_in_collection.json */ = {isa = PBXFileReference; fileEncoding = 4; lastKnownFileType = text.json; path = numbers_in_collection.json; sourceTree = "<group>"; };
		4403DC071D9F90B5001C8DA6 /* operation-types-users-a.json */ = {isa = PBXFileReference; fileEncoding = 4; lastKnownFileType = text.json; path = "operation-types-users-a.json"; sourceTree = "<group>"; };
		4403DC081D9F90B5001C8DA6 /* operation-types-users-b.json */ = {isa = PBXFileReference; fileEncoding = 4; lastKnownFileType = text.json; path = "operation-types-users-b.json"; sourceTree = "<group>"; };
		4403DC091D9F90B5001C8DA6 /* organizations-tree.json */ = {isa = PBXFileReference; fileEncoding = 4; lastKnownFileType = text.json; path = "organizations-tree.json"; sourceTree = "<group>"; };
		4403DC0A1D9F90B5001C8DA6 /* patients.json */ = {isa = PBXFileReference; fileEncoding = 4; lastKnownFileType = text.json; path = patients.json; sourceTree = "<group>"; };
		4403DC0B1D9F90B5001C8DA6 /* stories-comments-no-ids.json */ = {isa = PBXFileReference; fileEncoding = 4; lastKnownFileType = text.json; path = "stories-comments-no-ids.json"; sourceTree = "<group>"; };
		4403DC0C1D9F90B5001C8DA6 /* story-summarize.json */ = {isa = PBXFileReference; fileEncoding = 4; lastKnownFileType = text.json; path = "story-summarize.json"; sourceTree = "<group>"; };
		4403DC0D1D9F90B5001C8DA6 /* tagged_notes.json */ = {isa = PBXFileReference; fileEncoding = 4; lastKnownFileType = text.json; path = tagged_notes.json; sourceTree = "<group>"; };
		4403DC0E1D9F90B5001C8DA6 /* to-one-camelcase.json */ = {isa = PBXFileReference; fileEncoding = 4; lastKnownFileType = text.json; path = "to-one-camelcase.json"; sourceTree = "<group>"; };
		4403DC0F1D9F90B5001C8DA6 /* to-one-snakecase.json */ = {isa = PBXFileReference; fileEncoding = 4; lastKnownFileType = text.json; path = "to-one-snakecase.json"; sourceTree = "<group>"; };
		4403DC101D9F90B5001C8DA6 /* unique.json */ = {isa = PBXFileReference; fileEncoding = 4; lastKnownFileType = text.json; path = unique.json; sourceTree = "<group>"; };
		4403DC111D9F90B5001C8DA6 /* users_a.json */ = {isa = PBXFileReference; fileEncoding = 4; lastKnownFileType = text.json; path = users_a.json; sourceTree = "<group>"; };
		4403DC121D9F90B5001C8DA6 /* users_b.json */ = {isa = PBXFileReference; fileEncoding = 4; lastKnownFileType = text.json; path = users_b.json; sourceTree = "<group>"; };
		4403DC131D9F90B5001C8DA6 /* users_c.json */ = {isa = PBXFileReference; fileEncoding = 4; lastKnownFileType = text.json; path = users_c.json; sourceTree = "<group>"; };
		4403DC141D9F90B5001C8DA6 /* users_company.json */ = {isa = PBXFileReference; fileEncoding = 4; lastKnownFileType = text.json; path = users_company.json; sourceTree = "<group>"; };
		4403DC151D9F90B5001C8DA6 /* users_notes.json */ = {isa = PBXFileReference; fileEncoding = 4; lastKnownFileType = text.json; path = users_notes.json; sourceTree = "<group>"; };
		4403DC181D9F90B5001C8DA6 /* 151-many-to-many.xcdatamodel */ = {isa = PBXFileReference; lastKnownFileType = wrapper.xcdatamodel; path = "151-many-to-many.xcdatamodel"; sourceTree = "<group>"; };
		4403DC1A1D9F90B5001C8DA6 /* 151-many-to-many.xcdatamodel */ = {isa = PBXFileReference; lastKnownFileType = wrapper.xcdatamodel; path = "151-many-to-many.xcdatamodel"; sourceTree = "<group>"; };
		4403DC1C1D9F90B5001C8DA6 /* 151-to-many.xcdatamodel */ = {isa = PBXFileReference; lastKnownFileType = wrapper.xcdatamodel; path = "151-to-many.xcdatamodel"; sourceTree = "<group>"; };
		4403DC1E1D9F90B5001C8DA6 /* 151-to-many.xcdatamodel */ = {isa = PBXFileReference; lastKnownFileType = wrapper.xcdatamodel; path = "151-to-many.xcdatamodel"; sourceTree = "<group>"; };
		4403DC201D9F90B5001C8DA6 /* 151-many-to-many.xcdatamodel */ = {isa = PBXFileReference; lastKnownFileType = wrapper.xcdatamodel; path = "151-many-to-many.xcdatamodel"; sourceTree = "<group>"; };
		4403DC221D9F90B5001C8DA6 /* 151-many-to-many.xcdatamodel */ = {isa = PBXFileReference; lastKnownFileType = wrapper.xcdatamodel; path = "151-many-to-many.xcdatamodel"; sourceTree = "<group>"; };
		4403DC241D9F90B5001C8DA6 /* Demo.xcdatamodel */ = {isa = PBXFileReference; lastKnownFileType = wrapper.xcdatamodel; path = Demo.xcdatamodel; sourceTree = "<group>"; };
		4403DC261D9F90B5001C8DA6 /* Demo.xcdatamodel */ = {isa = PBXFileReference; lastKnownFileType = wrapper.xcdatamodel; path = Demo.xcdatamodel; sourceTree = "<group>"; };
		4403DC281D9F90B5001C8DA6 /* Demo.xcdatamodel */ = {isa = PBXFileReference; lastKnownFileType = wrapper.xcdatamodel; path = Demo.xcdatamodel; sourceTree = "<group>"; };
		4403DC2A1D9F90B5001C8DA6 /* Demo.xcdatamodel */ = {isa = PBXFileReference; lastKnownFileType = wrapper.xcdatamodel; path = Demo.xcdatamodel; sourceTree = "<group>"; };
		4403DC2C1D9F90B5001C8DA6 /* Bug179.xcdatamodel */ = {isa = PBXFileReference; lastKnownFileType = wrapper.xcdatamodel; path = Bug179.xcdatamodel; sourceTree = "<group>"; };
		4403DC2E1D9F90B5001C8DA6 /* Demo.xcdatamodel */ = {isa = PBXFileReference; lastKnownFileType = wrapper.xcdatamodel; path = Demo.xcdatamodel; sourceTree = "<group>"; };
		4403DC301D9F90B5001C8DA6 /* Superentities.xcdatamodel */ = {isa = PBXFileReference; lastKnownFileType = wrapper.xcdatamodel; path = Superentities.xcdatamodel; sourceTree = "<group>"; };
		4403DC321D9F90B5001C8DA6 /* Bug179.xcdatamodel */ = {isa = PBXFileReference; lastKnownFileType = wrapper.xcdatamodel; path = Bug179.xcdatamodel; sourceTree = "<group>"; };
		4403DC341D9F90B5001C8DA6 /* Bug179.xcdatamodel */ = {isa = PBXFileReference; lastKnownFileType = wrapper.xcdatamodel; path = Bug179.xcdatamodel; sourceTree = "<group>"; };
		4403DC361D9F90B5001C8DA6 /* Demo.xcdatamodel */ = {isa = PBXFileReference; lastKnownFileType = wrapper.xcdatamodel; path = Demo.xcdatamodel; sourceTree = "<group>"; };
		4403DC381D9F90B5001C8DA6 /* Demo.xcdatamodel */ = {isa = PBXFileReference; lastKnownFileType = wrapper.xcdatamodel; path = Demo.xcdatamodel; sourceTree = "<group>"; };
		4403DC3A1D9F90B5001C8DA6 /* Demo.xcdatamodel */ = {isa = PBXFileReference; lastKnownFileType = wrapper.xcdatamodel; path = Demo.xcdatamodel; sourceTree = "<group>"; };
		4403DC3C1D9F90B5001C8DA6 /* Demo.xcdatamodel */ = {isa = PBXFileReference; lastKnownFileType = wrapper.xcdatamodel; path = Demo.xcdatamodel; sourceTree = "<group>"; };
		4403DC3E1D9F90B5001C8DA6 /* Demo.xcdatamodel */ = {isa = PBXFileReference; lastKnownFileType = wrapper.xcdatamodel; path = Demo.xcdatamodel; sourceTree = "<group>"; };
		4403DC401D9F90B5001C8DA6 /* Demo.xcdatamodel */ = {isa = PBXFileReference; lastKnownFileType = wrapper.xcdatamodel; path = Demo.xcdatamodel; sourceTree = "<group>"; };
		4403DC421D9F90B5001C8DA6 /* Demo.xcdatamodel */ = {isa = PBXFileReference; lastKnownFileType = wrapper.xcdatamodel; path = Demo.xcdatamodel; sourceTree = "<group>"; };
		4403DC441D9F90B5001C8DA6 /* Demo.xcdatamodel */ = {isa = PBXFileReference; lastKnownFileType = wrapper.xcdatamodel; path = Demo.xcdatamodel; sourceTree = "<group>"; };
		4403DC461D9F90B5001C8DA6 /* Demo.xcdatamodel */ = {isa = PBXFileReference; lastKnownFileType = wrapper.xcdatamodel; path = Demo.xcdatamodel; sourceTree = "<group>"; };
		4403DC481D9F90B5001C8DA6 /* Demo.xcdatamodel */ = {isa = PBXFileReference; lastKnownFileType = wrapper.xcdatamodel; path = Demo.xcdatamodel; sourceTree = "<group>"; };
		4403DC4A1D9F90B5001C8DA6 /* Organizations.xcdatamodel */ = {isa = PBXFileReference; lastKnownFileType = wrapper.xcdatamodel; path = Organizations.xcdatamodel; sourceTree = "<group>"; };
		4403DC4C1D9F90B5001C8DA6 /* Demo.xcdatamodel */ = {isa = PBXFileReference; lastKnownFileType = wrapper.xcdatamodel; path = Demo.xcdatamodel; sourceTree = "<group>"; };
		4403DC4E1D9F90B5001C8DA6 /* Demo.xcdatamodel */ = {isa = PBXFileReference; lastKnownFileType = wrapper.xcdatamodel; path = Demo.xcdatamodel; sourceTree = "<group>"; };
		4403DC501D9F90B5001C8DA6 /* Demo.xcdatamodel */ = {isa = PBXFileReference; lastKnownFileType = wrapper.xcdatamodel; path = Demo.xcdatamodel; sourceTree = "<group>"; };
		4403DC521D9F90B5001C8DA6 /* Demo.xcdatamodel */ = {isa = PBXFileReference; lastKnownFileType = wrapper.xcdatamodel; path = Demo.xcdatamodel; sourceTree = "<group>"; };
		4403DC541D9F90B5001C8DA6 /* Unique.xcdatamodel */ = {isa = PBXFileReference; lastKnownFileType = wrapper.xcdatamodel; path = Unique.xcdatamodel; sourceTree = "<group>"; };
		4403DC551D9F90B5001C8DA6 /* NSArray+SyncTests.swift */ = {isa = PBXFileReference; fileEncoding = 4; lastKnownFileType = sourcecode.swift; path = "NSArray+SyncTests.swift"; sourceTree = "<group>"; };
		4403DC561D9F90B5001C8DA6 /* NSEntityDescription+SyncTests.swift */ = {isa = PBXFileReference; fileEncoding = 4; lastKnownFileType = sourcecode.swift; path = "NSEntityDescription+SyncTests.swift"; sourceTree = "<group>"; };
		4403DC571D9F90B5001C8DA6 /* NSManagedObject+SyncTests.swift */ = {isa = PBXFileReference; fileEncoding = 4; lastKnownFileType = sourcecode.swift; path = "NSManagedObject+SyncTests.swift"; sourceTree = "<group>"; };
		4403DC581D9F90B5001C8DA6 /* NSManagedObjectContext+SyncTests.swift */ = {isa = PBXFileReference; fileEncoding = 4; lastKnownFileType = sourcecode.swift; path = "NSManagedObjectContext+SyncTests.swift"; sourceTree = "<group>"; };
		4403DC591D9F90B5001C8DA6 /* SyncTests.swift */ = {isa = PBXFileReference; fileEncoding = 4; lastKnownFileType = sourcecode.swift; path = SyncTests.swift; sourceTree = "<group>"; };
		449828031D9F8F2D00E2BCA3 /* TestCheck.swift */ = {isa = PBXFileReference; fileEncoding = 4; lastKnownFileType = sourcecode.swift; path = TestCheck.swift; sourceTree = "<group>"; };
		44CC760F1D9F9076003545A4 /* TestCheckTests.swift */ = {isa = PBXFileReference; fileEncoding = 4; lastKnownFileType = sourcecode.swift; path = TestCheckTests.swift; sourceTree = "<group>"; };
		952F5F96D743BE94A46D9F2E /* Pods_Tests.framework */ = {isa = PBXFileReference; explicitFileType = wrapper.framework; includeInIndex = 0; path = Pods_Tests.framework; sourceTree = BUILT_PRODUCTS_DIR; };
		9E482492041434DB374B1948 /* Pods.framework */ = {isa = PBXFileReference; explicitFileType = wrapper.framework; includeInIndex = 0; path = Pods.framework; sourceTree = BUILT_PRODUCTS_DIR; };
/* End PBXFileReference section */

/* Begin PBXFrameworksBuildPhase section */
		146D72A91AB782920058798C /* Frameworks */ = {
			isa = PBXFrameworksBuildPhase;
			buildActionMask = 2147483647;
			files = (
				E8F9FC834D5C8A055B764489 /* Pods_Tests.framework in Frameworks */,
			);
			runOnlyForDeploymentPostprocessing = 0;
		};
/* End PBXFrameworksBuildPhase section */

/* Begin PBXGroup section */
		1425D59A1CC65BEB00EC49D4 /* Source */ = {
			isa = PBXGroup;
			children = (
				449828021D9F8F2D00E2BCA3 /* TestCheck */,
				1425D59F1CC65BEB00EC49D4 /* Sync.swift */,
				1425D59D1CC65BEB00EC49D4 /* NSManagedObject+Sync.swift */,
				1425D59C1CC65BEB00EC49D4 /* NSEntityDescription+Sync.swift */,
				1425D59E1CC65BEB00EC49D4 /* NSManagedObjectContext+Sync.swift */,
				1425D59B1CC65BEB00EC49D4 /* NSArray+Sync.swift */,
			);
			path = Source;
			sourceTree = "<group>";
		};
		146D728A1AB782920058798C = {
			isa = PBXGroup;
			children = (
				1425D59A1CC65BEB00EC49D4 /* Source */,
				14C136501AB7849300B7B07A /* Metadata */,
				146D72AF1AB782920058798C /* Tests */,
				146D72941AB782920058798C /* Products */,
				515545DD1958EE5C50CA007A /* Frameworks */,
				F102F7EF41929D425CAD5C73 /* Pods */,
			);
			indentWidth = 4;
			sourceTree = "<group>";
			tabWidth = 4;
		};
		146D72941AB782920058798C /* Products */ = {
			isa = PBXGroup;
			children = (
				146D72AC1AB782920058798C /* Tests.xctest */,
			);
			name = Products;
			sourceTree = "<group>";
		};
		146D72AF1AB782920058798C /* Tests */ = {
			isa = PBXGroup;
			children = (
				44CC760E1D9F9076003545A4 /* TestCheck */,
				4403DBDB1D9F90B5001C8DA6 /* Sync */,
				146D72B01AB782920058798C /* Supporting Files */,
			);
			path = Tests;
			sourceTree = "<group>";
		};
		146D72B01AB782920058798C /* Supporting Files */ = {
			isa = PBXGroup;
			children = (
				146D72B11AB782920058798C /* Info.plist */,
			);
			name = "Supporting Files";
			sourceTree = "<group>";
		};
		14C136501AB7849300B7B07A /* Metadata */ = {
			isa = PBXGroup;
			children = (
				14C0AF7F1BD6D4230009ECBE /* .slather.yml */,
				14C0AF801BD6D4230009ECBE /* .travis.yml */,
				14C0AF811BD6D4230009ECBE /* CHANGELOG.md */,
				14C0AF821BD6D4230009ECBE /* CONTRIBUTING.md */,
				14C0AF831BD6D4230009ECBE /* README.md */,
			);
			name = Metadata;
			sourceTree = "<group>";
		};
		4403DBDB1D9F90B5001C8DA6 /* Sync */ = {
			isa = PBXGroup;
			children = (
				4403DBDC1D9F90B5001C8DA6 /* Helpers */,
				4403DBDE1D9F90B5001C8DA6 /* JSONs */,
				4403DC161D9F90B5001C8DA6 /* Models */,
				4403DC551D9F90B5001C8DA6 /* NSArray+SyncTests.swift */,
				4403DC561D9F90B5001C8DA6 /* NSEntityDescription+SyncTests.swift */,
				4403DC571D9F90B5001C8DA6 /* NSManagedObject+SyncTests.swift */,
				4403DC581D9F90B5001C8DA6 /* NSManagedObjectContext+SyncTests.swift */,
				4403DC591D9F90B5001C8DA6 /* SyncTests.swift */,
			);
			path = Sync;
			sourceTree = "<group>";
		};
		4403DBDC1D9F90B5001C8DA6 /* Helpers */ = {
			isa = PBXGroup;
			children = (
				4403DBDD1D9F90B5001C8DA6 /* Helper.swift */,
			);
			path = Helpers;
			sourceTree = "<group>";
		};
		4403DBDE1D9F90B5001C8DA6 /* JSONs */ = {
			isa = PBXGroup;
			children = (
				4403DBDF1D9F90B5001C8DA6 /* 151-many-to-many-notes-update.json */,
				4403DBE01D9F90B5001C8DA6 /* 151-many-to-many-notes.json */,
				4403DBE11D9F90B5001C8DA6 /* 151-many-to-many-tags.json */,
				4403DBE21D9F90B5001C8DA6 /* 151-to-many-notes.json */,
				4403DBE31D9F90B5001C8DA6 /* 151-to-many-users-update.json */,
				4403DBE41D9F90B5001C8DA6 /* 151-to-many-users.json */,
				4403DBE51D9F90B5001C8DA6 /* 157-cities.json */,
				4403DBE61D9F90B5001C8DA6 /* 157-locations-update.json */,
				4403DBE71D9F90B5001C8DA6 /* 157-locations.json */,
				4403DBE81D9F90B5001C8DA6 /* 225-a-empty.json */,
				4403DBE91D9F90B5001C8DA6 /* 225-a-null.json */,
				4403DBEA1D9F90B5001C8DA6 /* 225-a-replaced.json */,
				4403DBEB1D9F90B5001C8DA6 /* 225-a.json */,
				4403DBEC1D9F90B5001C8DA6 /* 280.json */,
				4403DBED1D9F90B5001C8DA6 /* 283.json */,
				4403DBEE1D9F90B5001C8DA6 /* bug-113-comments-no-id.json */,
				4403DBEF1D9F90B5001C8DA6 /* bug-113-custom_relationship_key_to_one.json */,
				4403DBF01D9F90B5001C8DA6 /* bug-113-stories-comments-no-ids.json */,
				4403DBF11D9F90B5001C8DA6 /* bug-125-light.json */,
				4403DBF21D9F90B5001C8DA6 /* bug-125.json */,
				4403DBF31D9F90B5001C8DA6 /* bug-179-places.json */,
				4403DBF41D9F90B5001C8DA6 /* bug-179-routes.json */,
				4403DBF51D9F90B5001C8DA6 /* bug-202-a.json */,
				4403DBF61D9F90B5001C8DA6 /* bug-202-b.json */,
				4403DBF71D9F90B5001C8DA6 /* bug-239.json */,
				4403DBF81D9F90B5001C8DA6 /* bug-254.json */,
				4403DBF91D9F90B5001C8DA6 /* bug-257.json */,
				4403DBFA1D9F90B5001C8DA6 /* bug-number-84.json */,
				4403DBFB1D9F90B5001C8DA6 /* camelcase.json */,
				4403DBFC1D9F90B5001C8DA6 /* comments-no-id.json */,
				4403DBFD1D9F90B5001C8DA6 /* custom_relationship_key_to_many.json */,
				4403DBFE1D9F90B5001C8DA6 /* custom_relationship_key_to_one.json */,
				4403DBFF1D9F90B5001C8DA6 /* id.json */,
				4403DC001D9F90B5001C8DA6 /* images.json */,
				4403DC011D9F90B5001C8DA6 /* markets_items.json */,
				4403DC021D9F90B5001C8DA6 /* notes_for_user_a.json */,
				4403DC031D9F90B5001C8DA6 /* notes_with_user_id.json */,
				4403DC041D9F90B5001C8DA6 /* notes_with_user_id_custom.json */,
				4403DC051D9F90B5001C8DA6 /* numbers.json */,
				4403DC061D9F90B5001C8DA6 /* numbers_in_collection.json */,
				4403DC071D9F90B5001C8DA6 /* operation-types-users-a.json */,
				4403DC081D9F90B5001C8DA6 /* operation-types-users-b.json */,
				4403DC091D9F90B5001C8DA6 /* organizations-tree.json */,
				4403DC0A1D9F90B5001C8DA6 /* patients.json */,
				4403DC0B1D9F90B5001C8DA6 /* stories-comments-no-ids.json */,
				4403DC0C1D9F90B5001C8DA6 /* story-summarize.json */,
				4403DC0D1D9F90B5001C8DA6 /* tagged_notes.json */,
				4403DC0E1D9F90B5001C8DA6 /* to-one-camelcase.json */,
				4403DC0F1D9F90B5001C8DA6 /* to-one-snakecase.json */,
				4403DC101D9F90B5001C8DA6 /* unique.json */,
				4403DC111D9F90B5001C8DA6 /* users_a.json */,
				4403DC121D9F90B5001C8DA6 /* users_b.json */,
				4403DC131D9F90B5001C8DA6 /* users_c.json */,
				4403DC141D9F90B5001C8DA6 /* users_company.json */,
				4403DC151D9F90B5001C8DA6 /* users_notes.json */,
			);
			path = JSONs;
			sourceTree = "<group>";
		};
		4403DC161D9F90B5001C8DA6 /* Models */ = {
			isa = PBXGroup;
			children = (
				4403DC171D9F90B5001C8DA6 /* 151-many-to-many.xcdatamodeld */,
				4403DC191D9F90B5001C8DA6 /* 151-ordered-many-to-many.xcdatamodeld */,
				4403DC1B1D9F90B5001C8DA6 /* 151-ordered-to-many.xcdatamodeld */,
				4403DC1D1D9F90B5001C8DA6 /* 151-to-many.xcdatamodeld */,
				4403DC1F1D9F90B5001C8DA6 /* 225.xcdatamodeld */,
				4403DC211D9F90B5001C8DA6 /* 280.xcdatamodeld */,
				4403DC231D9F90B5001C8DA6 /* 283.xcdatamodeld */,
				4403DC251D9F90B5001C8DA6 /* Bug113.xcdatamodeld */,
				4403DC271D9F90B5001C8DA6 /* Bug125.xcdatamodeld */,
				4403DC291D9F90B5001C8DA6 /* Bug157.xcdatamodeld */,
				4403DC2B1D9F90B5001C8DA6 /* Bug179.xcdatamodeld */,
				4403DC2D1D9F90B5001C8DA6 /* Bug202.xcdatamodeld */,
				4403DC2F1D9F90B5001C8DA6 /* Bug239.xcdatamodeld */,
				4403DC311D9F90B5001C8DA6 /* Bug254.xcdatamodeld */,
				4403DC331D9F90B5001C8DA6 /* Bug257.xcdatamodeld */,
				4403DC351D9F90B5001C8DA6 /* Bug84.xcdatamodeld */,
				4403DC371D9F90B5001C8DA6 /* Camelcase.xcdatamodeld */,
				4403DC391D9F90B5001C8DA6 /* Contacts.xcdatamodeld */,
				4403DC3B1D9F90B5001C8DA6 /* CustomRelationshipKey.xcdatamodeld */,
				4403DC3D1D9F90B5001C8DA6 /* id.xcdatamodeld */,
				4403DC3F1D9F90B5001C8DA6 /* InsertObjectsInParent.xcdatamodeld */,
				4403DC411D9F90B5001C8DA6 /* Markets.xcdatamodeld */,
				4403DC431D9F90B5001C8DA6 /* Notes.xcdatamodeld */,
				4403DC451D9F90B5001C8DA6 /* NotesB.xcdatamodeld */,
				4403DC471D9F90B5001C8DA6 /* OrderedSocial.xcdatamodeld */,
				4403DC491D9F90B5001C8DA6 /* Organizations.xcdatamodeld */,
				4403DC4B1D9F90B5001C8DA6 /* Patients.xcdatamodeld */,
				4403DC4D1D9F90B5001C8DA6 /* Recursive.xcdatamodeld */,
				4403DC4F1D9F90B5001C8DA6 /* Social.xcdatamodeld */,
				4403DC511D9F90B5001C8DA6 /* ToOne.xcdatamodeld */,
				4403DC531D9F90B5001C8DA6 /* Unique.xcdatamodeld */,
			);
			path = Models;
			sourceTree = "<group>";
		};
		449828021D9F8F2D00E2BCA3 /* TestCheck */ = {
			isa = PBXGroup;
			children = (
				449828031D9F8F2D00E2BCA3 /* TestCheck.swift */,
			);
			path = TestCheck;
			sourceTree = "<group>";
		};
		44CC760E1D9F9076003545A4 /* TestCheck */ = {
			isa = PBXGroup;
			children = (
				44CC760F1D9F9076003545A4 /* TestCheckTests.swift */,
			);
			path = TestCheck;
			sourceTree = "<group>";
		};
		515545DD1958EE5C50CA007A /* Frameworks */ = {
			isa = PBXGroup;
			children = (
				9E482492041434DB374B1948 /* Pods.framework */,
				952F5F96D743BE94A46D9F2E /* Pods_Tests.framework */,
			);
			name = Frameworks;
			sourceTree = "<group>";
		};
		F102F7EF41929D425CAD5C73 /* Pods */ = {
			isa = PBXGroup;
			children = (
				3009E229ED9B6FAA003C2296 /* Pods-Tests.debug.xcconfig */,
				00F9DDAC5DDFAFD5490E4DF1 /* Pods-Tests.release.xcconfig */,
			);
			name = Pods;
			sourceTree = "<group>";
		};
/* End PBXGroup section */

/* Begin PBXNativeTarget section */
		146D72AB1AB782920058798C /* Tests */ = {
			isa = PBXNativeTarget;
			buildConfigurationList = 146D72B91AB782920058798C /* Build configuration list for PBXNativeTarget "Tests" */;
			buildPhases = (
				026B6B476A39F7F0316C72E9 /* [CP] Check Pods Manifest.lock */,
				146D72A81AB782920058798C /* Sources */,
				146D72A91AB782920058798C /* Frameworks */,
				146D72AA1AB782920058798C /* Resources */,
				B8162CF8166464541161CD4D /* [CP] Embed Pods Frameworks */,
				96F35E8D946A00A2122CB76A /* [CP] Copy Pods Resources */,
			);
			buildRules = (
			);
			dependencies = (
			);
			name = Tests;
			productName = PodTests;
			productReference = 146D72AC1AB782920058798C /* Tests.xctest */;
			productType = "com.apple.product-type.bundle.unit-test";
		};
/* End PBXNativeTarget section */

/* Begin PBXProject section */
		146D728B1AB782920058798C /* Project object */ = {
			isa = PBXProject;
			attributes = {
				CLASSPREFIX = "";
				LastSwiftUpdateCheck = 0720;
				LastUpgradeCheck = 0800;
				ORGANIZATIONNAME = "";
				TargetAttributes = {
					146D72AB1AB782920058798C = {
						CreatedOnToolsVersion = 6.2;
						LastSwiftMigration = 0800;
					};
				};
			};
			buildConfigurationList = 146D728E1AB782920058798C /* Build configuration list for PBXProject "Demo" */;
			compatibilityVersion = "Xcode 3.2";
			developmentRegion = English;
			hasScannedForEncodings = 0;
			knownRegions = (
				en,
				Base,
			);
			mainGroup = 146D728A1AB782920058798C;
			productRefGroup = 146D72941AB782920058798C /* Products */;
			projectDirPath = "";
			projectRoot = "";
			targets = (
				146D72AB1AB782920058798C /* Tests */,
			);
		};
/* End PBXProject section */

/* Begin PBXResourcesBuildPhase section */
		146D72AA1AB782920058798C /* Resources */ = {
			isa = PBXResourcesBuildPhase;
			buildActionMask = 2147483647;
			files = (
				4403DC611D9F90B5001C8DA6 /* 157-cities.json in Resources */,
				4403DC641D9F90B5001C8DA6 /* 225-a-empty.json in Resources */,
				4403DC681D9F90B5001C8DA6 /* 280.json in Resources */,
				4403DC881D9F90B5001C8DA6 /* story-summarize.json in Resources */,
				4403DC771D9F90B5001C8DA6 /* camelcase.json in Resources */,
				4403DC6D1D9F90B5001C8DA6 /* bug-125-light.json in Resources */,
				4403DC8B1D9F90B5001C8DA6 /* to-one-snakecase.json in Resources */,
				4403DC8E1D9F90B5001C8DA6 /* users_b.json in Resources */,
				4403DC841D9F90B5001C8DA6 /* operation-types-users-b.json in Resources */,
				4403DC751D9F90B5001C8DA6 /* bug-257.json in Resources */,
				4403DC5C1D9F90B5001C8DA6 /* 151-many-to-many-notes.json in Resources */,
				4403DC651D9F90B5001C8DA6 /* 225-a-null.json in Resources */,
				4403DC911D9F90B5001C8DA6 /* users_notes.json in Resources */,
				4403DC741D9F90B5001C8DA6 /* bug-254.json in Resources */,
				4403DC701D9F90B5001C8DA6 /* bug-179-routes.json in Resources */,
				4403DC671D9F90B5001C8DA6 /* 225-a.json in Resources */,
				4403DC6C1D9F90B5001C8DA6 /* bug-113-stories-comments-no-ids.json in Resources */,
				4403DC861D9F90B5001C8DA6 /* patients.json in Resources */,
				4403DC7F1D9F90B5001C8DA6 /* notes_with_user_id.json in Resources */,
				4403DC811D9F90B5001C8DA6 /* numbers.json in Resources */,
				4403DC761D9F90B5001C8DA6 /* bug-number-84.json in Resources */,
				4403DC901D9F90B5001C8DA6 /* users_company.json in Resources */,
				4403DC821D9F90B5001C8DA6 /* numbers_in_collection.json in Resources */,
				4403DC5E1D9F90B5001C8DA6 /* 151-to-many-notes.json in Resources */,
				4403DC7E1D9F90B5001C8DA6 /* notes_for_user_a.json in Resources */,
				4403DC8D1D9F90B5001C8DA6 /* users_a.json in Resources */,
				4403DC5B1D9F90B5001C8DA6 /* 151-many-to-many-notes-update.json in Resources */,
				4403DC5F1D9F90B5001C8DA6 /* 151-to-many-users-update.json in Resources */,
				4403DC6E1D9F90B5001C8DA6 /* bug-125.json in Resources */,
				4403DC7D1D9F90B5001C8DA6 /* markets_items.json in Resources */,
				4403DC8F1D9F90B5001C8DA6 /* users_c.json in Resources */,
				4403DC8C1D9F90B5001C8DA6 /* unique.json in Resources */,
				4403DC7C1D9F90B5001C8DA6 /* images.json in Resources */,
				4403DC781D9F90B5001C8DA6 /* comments-no-id.json in Resources */,
				4403DC831D9F90B5001C8DA6 /* operation-types-users-a.json in Resources */,
				4403DC7B1D9F90B5001C8DA6 /* id.json in Resources */,
				4403DC7A1D9F90B5001C8DA6 /* custom_relationship_key_to_one.json in Resources */,
				4403DC691D9F90B5001C8DA6 /* 283.json in Resources */,
				4403DC6A1D9F90B5001C8DA6 /* bug-113-comments-no-id.json in Resources */,
				4403DC6F1D9F90B5001C8DA6 /* bug-179-places.json in Resources */,
				4403DC851D9F90B5001C8DA6 /* organizations-tree.json in Resources */,
				4403DC6B1D9F90B5001C8DA6 /* bug-113-custom_relationship_key_to_one.json in Resources */,
				4403DC711D9F90B5001C8DA6 /* bug-202-a.json in Resources */,
				4403DC661D9F90B5001C8DA6 /* 225-a-replaced.json in Resources */,
				4403DC601D9F90B5001C8DA6 /* 151-to-many-users.json in Resources */,
				4403DC721D9F90B5001C8DA6 /* bug-202-b.json in Resources */,
				4403DC871D9F90B5001C8DA6 /* stories-comments-no-ids.json in Resources */,
				4403DC801D9F90B5001C8DA6 /* notes_with_user_id_custom.json in Resources */,
				4403DC791D9F90B5001C8DA6 /* custom_relationship_key_to_many.json in Resources */,
				4403DC8A1D9F90B5001C8DA6 /* to-one-camelcase.json in Resources */,
				4403DC731D9F90B5001C8DA6 /* bug-239.json in Resources */,
				4403DC5D1D9F90B5001C8DA6 /* 151-many-to-many-tags.json in Resources */,
				4403DC631D9F90B5001C8DA6 /* 157-locations.json in Resources */,
				4403DC891D9F90B5001C8DA6 /* tagged_notes.json in Resources */,
				4403DC621D9F90B5001C8DA6 /* 157-locations-update.json in Resources */,
			);
			runOnlyForDeploymentPostprocessing = 0;
		};
/* End PBXResourcesBuildPhase section */

/* Begin PBXShellScriptBuildPhase section */
		026B6B476A39F7F0316C72E9 /* [CP] Check Pods Manifest.lock */ = {
			isa = PBXShellScriptBuildPhase;
			buildActionMask = 2147483647;
			files = (
			);
			inputPaths = (
			);
			name = "[CP] Check Pods Manifest.lock";
			outputPaths = (
			);
			runOnlyForDeploymentPostprocessing = 0;
			shellPath = /bin/sh;
			shellScript = "diff \"${PODS_ROOT}/../Podfile.lock\" \"${PODS_ROOT}/Manifest.lock\" > /dev/null\nif [ $? != 0 ] ; then\n    # print error to STDERR\n    echo \"error: The sandbox is not in sync with the Podfile.lock. Run 'pod install' or update your CocoaPods installation.\" >&2\n    exit 1\nfi\n";
			showEnvVarsInLog = 0;
		};
		96F35E8D946A00A2122CB76A /* [CP] Copy Pods Resources */ = {
			isa = PBXShellScriptBuildPhase;
			buildActionMask = 2147483647;
			files = (
			);
			inputPaths = (
			);
			name = "[CP] Copy Pods Resources";
			outputPaths = (
			);
			runOnlyForDeploymentPostprocessing = 0;
			shellPath = /bin/sh;
			shellScript = "\"${SRCROOT}/Pods/Target Support Files/Pods-Tests/Pods-Tests-resources.sh\"\n";
			showEnvVarsInLog = 0;
		};
		B8162CF8166464541161CD4D /* [CP] Embed Pods Frameworks */ = {
			isa = PBXShellScriptBuildPhase;
			buildActionMask = 2147483647;
			files = (
			);
			inputPaths = (
			);
			name = "[CP] Embed Pods Frameworks";
			outputPaths = (
			);
			runOnlyForDeploymentPostprocessing = 0;
			shellPath = /bin/sh;
			shellScript = "\"${SRCROOT}/Pods/Target Support Files/Pods-Tests/Pods-Tests-frameworks.sh\"\n";
			showEnvVarsInLog = 0;
		};
/* End PBXShellScriptBuildPhase section */

/* Begin PBXSourcesBuildPhase section */
		146D72A81AB782920058798C /* Sources */ = {
			isa = PBXSourcesBuildPhase;
			buildActionMask = 2147483647;
			files = (
				1425D5A21CC65BEB00EC49D4 /* NSManagedObject+Sync.swift in Sources */,
				4403DCAC1D9F90B5001C8DA6 /* Patients.xcdatamodeld in Sources */,
				4403DCB31D9F90B5001C8DA6 /* NSManagedObject+SyncTests.swift in Sources */,
				1425D5A41CC65BEB00EC49D4 /* Sync.swift in Sources */,
				4403DC931D9F90B5001C8DA6 /* 151-ordered-many-to-many.xcdatamodeld in Sources */,
				4403DCA61D9F90B5001C8DA6 /* InsertObjectsInParent.xcdatamodeld in Sources */,
				4403DC921D9F90B5001C8DA6 /* 151-many-to-many.xcdatamodeld in Sources */,
				4403DCAD1D9F90B5001C8DA6 /* Recursive.xcdatamodeld in Sources */,
				4403DCA51D9F90B5001C8DA6 /* id.xcdatamodeld in Sources */,
				4403DC941D9F90B5001C8DA6 /* 151-ordered-to-many.xcdatamodeld in Sources */,
				4403DCA71D9F90B5001C8DA6 /* Markets.xcdatamodeld in Sources */,
				4403DC951D9F90B5001C8DA6 /* 151-to-many.xcdatamodeld in Sources */,
				44CC76101D9F9076003545A4 /* TestCheckTests.swift in Sources */,
				4403DCA01D9F90B5001C8DA6 /* Bug257.xcdatamodeld in Sources */,
				4403DCB41D9F90B5001C8DA6 /* NSManagedObjectContext+SyncTests.swift in Sources */,
				4403DCB11D9F90B5001C8DA6 /* NSArray+SyncTests.swift in Sources */,
				4403DCB21D9F90B5001C8DA6 /* NSEntityDescription+SyncTests.swift in Sources */,
				1425D5A31CC65BEB00EC49D4 /* NSManagedObjectContext+Sync.swift in Sources */,
				1425D5A01CC65BEB00EC49D4 /* NSArray+Sync.swift in Sources */,
				1425D5A11CC65BEB00EC49D4 /* NSEntityDescription+Sync.swift in Sources */,
				4403DC971D9F90B5001C8DA6 /* 280.xcdatamodeld in Sources */,
				4403DCA41D9F90B5001C8DA6 /* CustomRelationshipKey.xcdatamodeld in Sources */,
				4403DCA11D9F90B5001C8DA6 /* Bug84.xcdatamodeld in Sources */,
				449828041D9F8F2D00E2BCA3 /* TestCheck.swift in Sources */,
				4403DCA81D9F90B5001C8DA6 /* Notes.xcdatamodeld in Sources */,
				4403DCAE1D9F90B5001C8DA6 /* Social.xcdatamodeld in Sources */,
				4403DC5A1D9F90B5001C8DA6 /* Helper.swift in Sources */,
				4403DC9D1D9F90B5001C8DA6 /* Bug202.xcdatamodeld in Sources */,
				4403DCA31D9F90B5001C8DA6 /* Contacts.xcdatamodeld in Sources */,
				4403DCA91D9F90B5001C8DA6 /* NotesB.xcdatamodeld in Sources */,
				4403DCB51D9F90B5001C8DA6 /* SyncTests.swift in Sources */,
				4403DC981D9F90B5001C8DA6 /* 283.xcdatamodeld in Sources */,
				4403DC9E1D9F90B5001C8DA6 /* Bug239.xcdatamodeld in Sources */,
				4403DC9C1D9F90B5001C8DA6 /* Bug179.xcdatamodeld in Sources */,
				4403DCAB1D9F90B5001C8DA6 /* Organizations.xcdatamodeld in Sources */,
				4403DCA21D9F90B5001C8DA6 /* Camelcase.xcdatamodeld in Sources */,
				4403DCAA1D9F90B5001C8DA6 /* OrderedSocial.xcdatamodeld in Sources */,
				4403DC991D9F90B5001C8DA6 /* Bug113.xcdatamodeld in Sources */,
				4403DCB01D9F90B5001C8DA6 /* Unique.xcdatamodeld in Sources */,
				4403DCAF1D9F90B5001C8DA6 /* ToOne.xcdatamodeld in Sources */,
				4403DC9A1D9F90B5001C8DA6 /* Bug125.xcdatamodeld in Sources */,
				4403DC9B1D9F90B5001C8DA6 /* Bug157.xcdatamodeld in Sources */,
				4403DC9F1D9F90B5001C8DA6 /* Bug254.xcdatamodeld in Sources */,
				4403DC961D9F90B5001C8DA6 /* 225.xcdatamodeld in Sources */,
			);
			runOnlyForDeploymentPostprocessing = 0;
		};
/* End PBXSourcesBuildPhase section */

/* Begin XCBuildConfiguration section */
		146D72B41AB782920058798C /* Debug */ = {
			isa = XCBuildConfiguration;
			buildSettings = {
				ALWAYS_SEARCH_USER_PATHS = NO;
				CLANG_CXX_LANGUAGE_STANDARD = "gnu++0x";
				CLANG_CXX_LIBRARY = "libc++";
				CLANG_ENABLE_MODULES = YES;
				CLANG_ENABLE_OBJC_ARC = YES;
				CLANG_WARN_BOOL_CONVERSION = YES;
				CLANG_WARN_CONSTANT_CONVERSION = YES;
				CLANG_WARN_DIRECT_OBJC_ISA_USAGE = YES_ERROR;
				CLANG_WARN_EMPTY_BODY = YES;
				CLANG_WARN_ENUM_CONVERSION = YES;
				CLANG_WARN_INFINITE_RECURSION = YES;
				CLANG_WARN_INT_CONVERSION = YES;
				CLANG_WARN_OBJC_ROOT_CLASS = YES_ERROR;
				CLANG_WARN_SUSPICIOUS_MOVE = YES;
				CLANG_WARN_UNREACHABLE_CODE = YES;
				CLANG_WARN__DUPLICATE_METHOD_MATCH = YES;
				"CODE_SIGN_IDENTITY[sdk=iphoneos*]" = "iPhone Developer";
				COPY_PHASE_STRIP = NO;
				ENABLE_STRICT_OBJC_MSGSEND = YES;
				ENABLE_TESTABILITY = YES;
				GCC_C_LANGUAGE_STANDARD = gnu99;
				GCC_DYNAMIC_NO_PIC = NO;
				GCC_NO_COMMON_BLOCKS = YES;
				GCC_OPTIMIZATION_LEVEL = 0;
				GCC_PREPROCESSOR_DEFINITIONS = (
					"DEBUG=1",
					"$(inherited)",
				);
				GCC_SYMBOLS_PRIVATE_EXTERN = NO;
				GCC_WARN_64_TO_32_BIT_CONVERSION = YES;
				GCC_WARN_ABOUT_RETURN_TYPE = YES_ERROR;
				GCC_WARN_UNDECLARED_SELECTOR = YES;
				GCC_WARN_UNINITIALIZED_AUTOS = YES_AGGRESSIVE;
				GCC_WARN_UNUSED_FUNCTION = YES;
				GCC_WARN_UNUSED_VARIABLE = YES;
				IPHONEOS_DEPLOYMENT_TARGET = 8.0;
				MTL_ENABLE_DEBUG_INFO = YES;
				ONLY_ACTIVE_ARCH = YES;
				SDKROOT = iphoneos;
			};
			name = Debug;
		};
		146D72B51AB782920058798C /* Release */ = {
			isa = XCBuildConfiguration;
			buildSettings = {
				ALWAYS_SEARCH_USER_PATHS = NO;
				CLANG_CXX_LANGUAGE_STANDARD = "gnu++0x";
				CLANG_CXX_LIBRARY = "libc++";
				CLANG_ENABLE_MODULES = YES;
				CLANG_ENABLE_OBJC_ARC = YES;
				CLANG_WARN_BOOL_CONVERSION = YES;
				CLANG_WARN_CONSTANT_CONVERSION = YES;
				CLANG_WARN_DIRECT_OBJC_ISA_USAGE = YES_ERROR;
				CLANG_WARN_EMPTY_BODY = YES;
				CLANG_WARN_ENUM_CONVERSION = YES;
				CLANG_WARN_INFINITE_RECURSION = YES;
				CLANG_WARN_INT_CONVERSION = YES;
				CLANG_WARN_OBJC_ROOT_CLASS = YES_ERROR;
				CLANG_WARN_SUSPICIOUS_MOVE = YES;
				CLANG_WARN_UNREACHABLE_CODE = YES;
				CLANG_WARN__DUPLICATE_METHOD_MATCH = YES;
				"CODE_SIGN_IDENTITY[sdk=iphoneos*]" = "iPhone Developer";
				COPY_PHASE_STRIP = NO;
				ENABLE_NS_ASSERTIONS = NO;
				ENABLE_STRICT_OBJC_MSGSEND = YES;
				GCC_C_LANGUAGE_STANDARD = gnu99;
				GCC_NO_COMMON_BLOCKS = YES;
				GCC_WARN_64_TO_32_BIT_CONVERSION = YES;
				GCC_WARN_ABOUT_RETURN_TYPE = YES_ERROR;
				GCC_WARN_UNDECLARED_SELECTOR = YES;
				GCC_WARN_UNINITIALIZED_AUTOS = YES_AGGRESSIVE;
				GCC_WARN_UNUSED_FUNCTION = YES;
				GCC_WARN_UNUSED_VARIABLE = YES;
				IPHONEOS_DEPLOYMENT_TARGET = 8.0;
				MTL_ENABLE_DEBUG_INFO = NO;
				SDKROOT = iphoneos;
				SWIFT_OPTIMIZATION_LEVEL = "-Owholemodule";
				VALIDATE_PRODUCT = YES;
			};
			name = Release;
		};
		146D72BA1AB782920058798C /* Debug */ = {
			isa = XCBuildConfiguration;
			baseConfigurationReference = 3009E229ED9B6FAA003C2296 /* Pods-Tests.debug.xcconfig */;
			buildSettings = {
				ALWAYS_EMBED_SWIFT_STANDARD_LIBRARIES = YES;
				CLANG_ENABLE_MODULES = YES;
				FRAMEWORK_SEARCH_PATHS = "$(inherited)";
				GCC_PREPROCESSOR_DEFINITIONS = (
					"DEBUG=1",
					"$(inherited)",
				);
				INFOPLIST_FILE = Tests/Info.plist;
				LD_RUNPATH_SEARCH_PATHS = "$(inherited) @executable_path/Frameworks @loader_path/Frameworks";
				PRODUCT_BUNDLE_IDENTIFIER = "com.sample.$(PRODUCT_NAME:rfc1034identifier)";
				PRODUCT_NAME = "$(TARGET_NAME)";
				SWIFT_OPTIMIZATION_LEVEL = "-Onone";
				SWIFT_VERSION = 3.0;
			};
			name = Debug;
		};
		146D72BB1AB782920058798C /* Release */ = {
			isa = XCBuildConfiguration;
			baseConfigurationReference = 00F9DDAC5DDFAFD5490E4DF1 /* Pods-Tests.release.xcconfig */;
			buildSettings = {
				ALWAYS_EMBED_SWIFT_STANDARD_LIBRARIES = YES;
				CLANG_ENABLE_MODULES = YES;
				FRAMEWORK_SEARCH_PATHS = "$(inherited)";
				INFOPLIST_FILE = Tests/Info.plist;
				LD_RUNPATH_SEARCH_PATHS = "$(inherited) @executable_path/Frameworks @loader_path/Frameworks";
				PRODUCT_BUNDLE_IDENTIFIER = "com.sample.$(PRODUCT_NAME:rfc1034identifier)";
				PRODUCT_NAME = "$(TARGET_NAME)";
				SWIFT_VERSION = 3.0;
			};
			name = Release;
		};
/* End XCBuildConfiguration section */

/* Begin XCConfigurationList section */
		146D728E1AB782920058798C /* Build configuration list for PBXProject "Demo" */ = {
			isa = XCConfigurationList;
			buildConfigurations = (
				146D72B41AB782920058798C /* Debug */,
				146D72B51AB782920058798C /* Release */,
			);
			defaultConfigurationIsVisible = 0;
			defaultConfigurationName = Release;
		};
		146D72B91AB782920058798C /* Build configuration list for PBXNativeTarget "Tests" */ = {
			isa = XCConfigurationList;
			buildConfigurations = (
				146D72BA1AB782920058798C /* Debug */,
				146D72BB1AB782920058798C /* Release */,
			);
			defaultConfigurationIsVisible = 0;
			defaultConfigurationName = Release;
		};
/* End XCConfigurationList section */

/* Begin XCVersionGroup section */
		4403DC171D9F90B5001C8DA6 /* 151-many-to-many.xcdatamodeld */ = {
			isa = XCVersionGroup;
			children = (
				4403DC181D9F90B5001C8DA6 /* 151-many-to-many.xcdatamodel */,
			);
			currentVersion = 4403DC181D9F90B5001C8DA6 /* 151-many-to-many.xcdatamodel */;
			path = "151-many-to-many.xcdatamodeld";
			sourceTree = "<group>";
			versionGroupType = wrapper.xcdatamodel;
		};
		4403DC191D9F90B5001C8DA6 /* 151-ordered-many-to-many.xcdatamodeld */ = {
			isa = XCVersionGroup;
			children = (
				4403DC1A1D9F90B5001C8DA6 /* 151-many-to-many.xcdatamodel */,
			);
			currentVersion = 4403DC1A1D9F90B5001C8DA6 /* 151-many-to-many.xcdatamodel */;
			path = "151-ordered-many-to-many.xcdatamodeld";
			sourceTree = "<group>";
			versionGroupType = wrapper.xcdatamodel;
		};
		4403DC1B1D9F90B5001C8DA6 /* 151-ordered-to-many.xcdatamodeld */ = {
			isa = XCVersionGroup;
			children = (
				4403DC1C1D9F90B5001C8DA6 /* 151-to-many.xcdatamodel */,
			);
			currentVersion = 4403DC1C1D9F90B5001C8DA6 /* 151-to-many.xcdatamodel */;
			path = "151-ordered-to-many.xcdatamodeld";
			sourceTree = "<group>";
			versionGroupType = wrapper.xcdatamodel;
		};
		4403DC1D1D9F90B5001C8DA6 /* 151-to-many.xcdatamodeld */ = {
			isa = XCVersionGroup;
			children = (
				4403DC1E1D9F90B5001C8DA6 /* 151-to-many.xcdatamodel */,
			);
			currentVersion = 4403DC1E1D9F90B5001C8DA6 /* 151-to-many.xcdatamodel */;
			path = "151-to-many.xcdatamodeld";
			sourceTree = "<group>";
			versionGroupType = wrapper.xcdatamodel;
		};
		4403DC1F1D9F90B5001C8DA6 /* 225.xcdatamodeld */ = {
			isa = XCVersionGroup;
			children = (
				4403DC201D9F90B5001C8DA6 /* 151-many-to-many.xcdatamodel */,
			);
			currentVersion = 4403DC201D9F90B5001C8DA6 /* 151-many-to-many.xcdatamodel */;
			path = 225.xcdatamodeld;
			sourceTree = "<group>";
			versionGroupType = wrapper.xcdatamodel;
		};
		4403DC211D9F90B5001C8DA6 /* 280.xcdatamodeld */ = {
			isa = XCVersionGroup;
			children = (
				4403DC221D9F90B5001C8DA6 /* 151-many-to-many.xcdatamodel */,
			);
			currentVersion = 4403DC221D9F90B5001C8DA6 /* 151-many-to-many.xcdatamodel */;
			path = 280.xcdatamodeld;
			sourceTree = "<group>";
			versionGroupType = wrapper.xcdatamodel;
		};
		4403DC231D9F90B5001C8DA6 /* 283.xcdatamodeld */ = {
			isa = XCVersionGroup;
			children = (
				4403DC241D9F90B5001C8DA6 /* Demo.xcdatamodel */,
			);
			currentVersion = 4403DC241D9F90B5001C8DA6 /* Demo.xcdatamodel */;
			path = 283.xcdatamodeld;
			sourceTree = "<group>";
			versionGroupType = wrapper.xcdatamodel;
		};
		4403DC251D9F90B5001C8DA6 /* Bug113.xcdatamodeld */ = {
			isa = XCVersionGroup;
			children = (
				4403DC261D9F90B5001C8DA6 /* Demo.xcdatamodel */,
			);
			currentVersion = 4403DC261D9F90B5001C8DA6 /* Demo.xcdatamodel */;
			path = Bug113.xcdatamodeld;
			sourceTree = "<group>";
			versionGroupType = wrapper.xcdatamodel;
		};
		4403DC271D9F90B5001C8DA6 /* Bug125.xcdatamodeld */ = {
			isa = XCVersionGroup;
			children = (
				4403DC281D9F90B5001C8DA6 /* Demo.xcdatamodel */,
			);
			currentVersion = 4403DC281D9F90B5001C8DA6 /* Demo.xcdatamodel */;
			path = Bug125.xcdatamodeld;
			sourceTree = "<group>";
			versionGroupType = wrapper.xcdatamodel;
		};
		4403DC291D9F90B5001C8DA6 /* Bug157.xcdatamodeld */ = {
			isa = XCVersionGroup;
			children = (
				4403DC2A1D9F90B5001C8DA6 /* Demo.xcdatamodel */,
			);
			currentVersion = 4403DC2A1D9F90B5001C8DA6 /* Demo.xcdatamodel */;
			path = Bug157.xcdatamodeld;
			sourceTree = "<group>";
			versionGroupType = wrapper.xcdatamodel;
		};
		4403DC2B1D9F90B5001C8DA6 /* Bug179.xcdatamodeld */ = {
			isa = XCVersionGroup;
			children = (
				4403DC2C1D9F90B5001C8DA6 /* Bug179.xcdatamodel */,
			);
			currentVersion = 4403DC2C1D9F90B5001C8DA6 /* Bug179.xcdatamodel */;
			path = Bug179.xcdatamodeld;
			sourceTree = "<group>";
			versionGroupType = wrapper.xcdatamodel;
		};
		4403DC2D1D9F90B5001C8DA6 /* Bug202.xcdatamodeld */ = {
			isa = XCVersionGroup;
			children = (
				4403DC2E1D9F90B5001C8DA6 /* Demo.xcdatamodel */,
			);
			currentVersion = 4403DC2E1D9F90B5001C8DA6 /* Demo.xcdatamodel */;
			path = Bug202.xcdatamodeld;
			sourceTree = "<group>";
			versionGroupType = wrapper.xcdatamodel;
		};
		4403DC2F1D9F90B5001C8DA6 /* Bug239.xcdatamodeld */ = {
			isa = XCVersionGroup;
			children = (
				4403DC301D9F90B5001C8DA6 /* Superentities.xcdatamodel */,
			);
			currentVersion = 4403DC301D9F90B5001C8DA6 /* Superentities.xcdatamodel */;
			path = Bug239.xcdatamodeld;
			sourceTree = "<group>";
			versionGroupType = wrapper.xcdatamodel;
		};
		4403DC311D9F90B5001C8DA6 /* Bug254.xcdatamodeld */ = {
			isa = XCVersionGroup;
			children = (
				4403DC321D9F90B5001C8DA6 /* Bug179.xcdatamodel */,
			);
			currentVersion = 4403DC321D9F90B5001C8DA6 /* Bug179.xcdatamodel */;
			path = Bug254.xcdatamodeld;
			sourceTree = "<group>";
			versionGroupType = wrapper.xcdatamodel;
		};
		4403DC331D9F90B5001C8DA6 /* Bug257.xcdatamodeld */ = {
			isa = XCVersionGroup;
			children = (
				4403DC341D9F90B5001C8DA6 /* Bug179.xcdatamodel */,
			);
			currentVersion = 4403DC341D9F90B5001C8DA6 /* Bug179.xcdatamodel */;
			path = Bug257.xcdatamodeld;
			sourceTree = "<group>";
			versionGroupType = wrapper.xcdatamodel;
		};
		4403DC351D9F90B5001C8DA6 /* Bug84.xcdatamodeld */ = {
			isa = XCVersionGroup;
			children = (
				4403DC361D9F90B5001C8DA6 /* Demo.xcdatamodel */,
			);
			currentVersion = 4403DC361D9F90B5001C8DA6 /* Demo.xcdatamodel */;
			path = Bug84.xcdatamodeld;
			sourceTree = "<group>";
			versionGroupType = wrapper.xcdatamodel;
		};
		4403DC371D9F90B5001C8DA6 /* Camelcase.xcdatamodeld */ = {
			isa = XCVersionGroup;
			children = (
				4403DC381D9F90B5001C8DA6 /* Demo.xcdatamodel */,
			);
			currentVersion = 4403DC381D9F90B5001C8DA6 /* Demo.xcdatamodel */;
			path = Camelcase.xcdatamodeld;
			sourceTree = "<group>";
			versionGroupType = wrapper.xcdatamodel;
		};
		4403DC391D9F90B5001C8DA6 /* Contacts.xcdatamodeld */ = {
			isa = XCVersionGroup;
			children = (
				4403DC3A1D9F90B5001C8DA6 /* Demo.xcdatamodel */,
			);
			currentVersion = 4403DC3A1D9F90B5001C8DA6 /* Demo.xcdatamodel */;
			path = Contacts.xcdatamodeld;
			sourceTree = "<group>";
			versionGroupType = wrapper.xcdatamodel;
		};
		4403DC3B1D9F90B5001C8DA6 /* CustomRelationshipKey.xcdatamodeld */ = {
			isa = XCVersionGroup;
			children = (
				4403DC3C1D9F90B5001C8DA6 /* Demo.xcdatamodel */,
			);
			currentVersion = 4403DC3C1D9F90B5001C8DA6 /* Demo.xcdatamodel */;
			path = CustomRelationshipKey.xcdatamodeld;
			sourceTree = "<group>";
			versionGroupType = wrapper.xcdatamodel;
		};
		4403DC3D1D9F90B5001C8DA6 /* id.xcdatamodeld */ = {
			isa = XCVersionGroup;
			children = (
				4403DC3E1D9F90B5001C8DA6 /* Demo.xcdatamodel */,
			);
			currentVersion = 4403DC3E1D9F90B5001C8DA6 /* Demo.xcdatamodel */;
			path = id.xcdatamodeld;
			sourceTree = "<group>";
			versionGroupType = wrapper.xcdatamodel;
		};
		4403DC3F1D9F90B5001C8DA6 /* InsertObjectsInParent.xcdatamodeld */ = {
			isa = XCVersionGroup;
			children = (
				4403DC401D9F90B5001C8DA6 /* Demo.xcdatamodel */,
			);
			currentVersion = 4403DC401D9F90B5001C8DA6 /* Demo.xcdatamodel */;
			path = InsertObjectsInParent.xcdatamodeld;
			sourceTree = "<group>";
			versionGroupType = wrapper.xcdatamodel;
		};
		4403DC411D9F90B5001C8DA6 /* Markets.xcdatamodeld */ = {
			isa = XCVersionGroup;
			children = (
				4403DC421D9F90B5001C8DA6 /* Demo.xcdatamodel */,
			);
			currentVersion = 4403DC421D9F90B5001C8DA6 /* Demo.xcdatamodel */;
			path = Markets.xcdatamodeld;
			sourceTree = "<group>";
			versionGroupType = wrapper.xcdatamodel;
		};
		4403DC431D9F90B5001C8DA6 /* Notes.xcdatamodeld */ = {
			isa = XCVersionGroup;
			children = (
				4403DC441D9F90B5001C8DA6 /* Demo.xcdatamodel */,
			);
			currentVersion = 4403DC441D9F90B5001C8DA6 /* Demo.xcdatamodel */;
			path = Notes.xcdatamodeld;
			sourceTree = "<group>";
			versionGroupType = wrapper.xcdatamodel;
		};
		4403DC451D9F90B5001C8DA6 /* NotesB.xcdatamodeld */ = {
			isa = XCVersionGroup;
			children = (
				4403DC461D9F90B5001C8DA6 /* Demo.xcdatamodel */,
			);
			currentVersion = 4403DC461D9F90B5001C8DA6 /* Demo.xcdatamodel */;
			path = NotesB.xcdatamodeld;
			sourceTree = "<group>";
			versionGroupType = wrapper.xcdatamodel;
		};
		4403DC471D9F90B5001C8DA6 /* OrderedSocial.xcdatamodeld */ = {
			isa = XCVersionGroup;
			children = (
				4403DC481D9F90B5001C8DA6 /* Demo.xcdatamodel */,
			);
			currentVersion = 4403DC481D9F90B5001C8DA6 /* Demo.xcdatamodel */;
			path = OrderedSocial.xcdatamodeld;
			sourceTree = "<group>";
			versionGroupType = wrapper.xcdatamodel;
		};
		4403DC491D9F90B5001C8DA6 /* Organizations.xcdatamodeld */ = {
			isa = XCVersionGroup;
			children = (
				4403DC4A1D9F90B5001C8DA6 /* Organizations.xcdatamodel */,
			);
			currentVersion = 4403DC4A1D9F90B5001C8DA6 /* Organizations.xcdatamodel */;
			path = Organizations.xcdatamodeld;
			sourceTree = "<group>";
			versionGroupType = wrapper.xcdatamodel;
		};
		4403DC4B1D9F90B5001C8DA6 /* Patients.xcdatamodeld */ = {
			isa = XCVersionGroup;
			children = (
				4403DC4C1D9F90B5001C8DA6 /* Demo.xcdatamodel */,
			);
			currentVersion = 4403DC4C1D9F90B5001C8DA6 /* Demo.xcdatamodel */;
			path = Patients.xcdatamodeld;
			sourceTree = "<group>";
			versionGroupType = wrapper.xcdatamodel;
		};
		4403DC4D1D9F90B5001C8DA6 /* Recursive.xcdatamodeld */ = {
			isa = XCVersionGroup;
			children = (
				4403DC4E1D9F90B5001C8DA6 /* Demo.xcdatamodel */,
			);
			currentVersion = 4403DC4E1D9F90B5001C8DA6 /* Demo.xcdatamodel */;
			path = Recursive.xcdatamodeld;
			sourceTree = "<group>";
			versionGroupType = wrapper.xcdatamodel;
		};
		4403DC4F1D9F90B5001C8DA6 /* Social.xcdatamodeld */ = {
			isa = XCVersionGroup;
			children = (
				4403DC501D9F90B5001C8DA6 /* Demo.xcdatamodel */,
			);
			currentVersion = 4403DC501D9F90B5001C8DA6 /* Demo.xcdatamodel */;
			path = Social.xcdatamodeld;
			sourceTree = "<group>";
			versionGroupType = wrapper.xcdatamodel;
		};
		4403DC511D9F90B5001C8DA6 /* ToOne.xcdatamodeld */ = {
			isa = XCVersionGroup;
			children = (
				4403DC521D9F90B5001C8DA6 /* Demo.xcdatamodel */,
			);
			currentVersion = 4403DC521D9F90B5001C8DA6 /* Demo.xcdatamodel */;
			path = ToOne.xcdatamodeld;
			sourceTree = "<group>";
			versionGroupType = wrapper.xcdatamodel;
		};
		4403DC531D9F90B5001C8DA6 /* Unique.xcdatamodeld */ = {
			isa = XCVersionGroup;
			children = (
				4403DC541D9F90B5001C8DA6 /* Unique.xcdatamodel */,
			);
			currentVersion = 4403DC541D9F90B5001C8DA6 /* Unique.xcdatamodel */;
			path = Unique.xcdatamodeld;
			sourceTree = "<group>";
			versionGroupType = wrapper.xcdatamodel;
		};
/* End XCVersionGroup section */
	};
	rootObject = 146D728B1AB782920058798C /* Project object */;
}
