// !$*UTF8*$!
{
	archiveVersion = 1;
	classes = {
	};
	objectVersion = 46;
	objects = {

/* Begin PBXBuildFile section */
		140FBF1C1CB91A5D0026484E /* Camelcase.xcdatamodeld in Sources */ = {isa = PBXBuildFile; fileRef = 140FBF1A1CB91A5D0026484E /* Camelcase.xcdatamodeld */; };
		140FBF1E1CB91C2D0026484E /* camelcase.json in Resources */ = {isa = PBXBuildFile; fileRef = 140FBF1D1CB91C2D0026484E /* camelcase.json */; };
		141478241CEA219E00B18BF3 /* issue-151-notes-tags.json in Resources */ = {isa = PBXBuildFile; fileRef = 141478221CEA219E00B18BF3 /* issue-151-notes-tags.json */; };
		141478251CEA219E00B18BF3 /* issue-151-tags.json in Resources */ = {isa = PBXBuildFile; fileRef = 141478231CEA219E00B18BF3 /* issue-151-tags.json */; };
		141894401BDD62F600EE52CE /* bug-113-comments-no-id.json in Resources */ = {isa = PBXBuildFile; fileRef = 1418940B1BDD62F600EE52CE /* bug-113-comments-no-id.json */; };
		141894411BDD62F600EE52CE /* bug-113-custom_relationship_key_to_one.json in Resources */ = {isa = PBXBuildFile; fileRef = 1418940C1BDD62F600EE52CE /* bug-113-custom_relationship_key_to_one.json */; };
		141894421BDD62F600EE52CE /* bug-113-stories-comments-no-ids.json in Resources */ = {isa = PBXBuildFile; fileRef = 1418940D1BDD62F600EE52CE /* bug-113-stories-comments-no-ids.json */; };
		141894431BDD62F600EE52CE /* bug-125-light.json in Resources */ = {isa = PBXBuildFile; fileRef = 1418940E1BDD62F600EE52CE /* bug-125-light.json */; };
		141894441BDD62F600EE52CE /* bug-125.json in Resources */ = {isa = PBXBuildFile; fileRef = 1418940F1BDD62F600EE52CE /* bug-125.json */; };
		141894451BDD62F600EE52CE /* bug-number-84.json in Resources */ = {isa = PBXBuildFile; fileRef = 141894101BDD62F600EE52CE /* bug-number-84.json */; };
		141894461BDD62F600EE52CE /* comments-no-id.json in Resources */ = {isa = PBXBuildFile; fileRef = 141894111BDD62F600EE52CE /* comments-no-id.json */; };
		141894471BDD62F600EE52CE /* custom_relationship_key_to_many.json in Resources */ = {isa = PBXBuildFile; fileRef = 141894121BDD62F600EE52CE /* custom_relationship_key_to_many.json */; };
		141894481BDD62F600EE52CE /* custom_relationship_key_to_one.json in Resources */ = {isa = PBXBuildFile; fileRef = 141894131BDD62F600EE52CE /* custom_relationship_key_to_one.json */; };
		141894491BDD62F600EE52CE /* images.json in Resources */ = {isa = PBXBuildFile; fileRef = 141894141BDD62F600EE52CE /* images.json */; };
		1418944A1BDD62F600EE52CE /* markets_items.json in Resources */ = {isa = PBXBuildFile; fileRef = 141894151BDD62F600EE52CE /* markets_items.json */; };
		1418944B1BDD62F600EE52CE /* notes_for_user_a.json in Resources */ = {isa = PBXBuildFile; fileRef = 141894161BDD62F600EE52CE /* notes_for_user_a.json */; };
		1418944C1BDD62F600EE52CE /* numbers.json in Resources */ = {isa = PBXBuildFile; fileRef = 141894171BDD62F600EE52CE /* numbers.json */; };
		1418944D1BDD62F600EE52CE /* numbers_in_collection.json in Resources */ = {isa = PBXBuildFile; fileRef = 141894181BDD62F600EE52CE /* numbers_in_collection.json */; };
		1418944E1BDD62F600EE52CE /* organizations-tree.json in Resources */ = {isa = PBXBuildFile; fileRef = 141894191BDD62F600EE52CE /* organizations-tree.json */; };
		1418944F1BDD62F600EE52CE /* patients.json in Resources */ = {isa = PBXBuildFile; fileRef = 1418941A1BDD62F600EE52CE /* patients.json */; };
		141894501BDD62F600EE52CE /* stories-comments-no-ids.json in Resources */ = {isa = PBXBuildFile; fileRef = 1418941B1BDD62F600EE52CE /* stories-comments-no-ids.json */; };
		141894511BDD62F600EE52CE /* story-summarize.json in Resources */ = {isa = PBXBuildFile; fileRef = 1418941C1BDD62F600EE52CE /* story-summarize.json */; };
		141894521BDD62F600EE52CE /* tagged_notes.json in Resources */ = {isa = PBXBuildFile; fileRef = 1418941D1BDD62F600EE52CE /* tagged_notes.json */; };
		141894531BDD62F600EE52CE /* unique.json in Resources */ = {isa = PBXBuildFile; fileRef = 1418941E1BDD62F600EE52CE /* unique.json */; };
		141894541BDD62F600EE52CE /* users_a.json in Resources */ = {isa = PBXBuildFile; fileRef = 1418941F1BDD62F600EE52CE /* users_a.json */; };
		141894551BDD62F600EE52CE /* users_b.json in Resources */ = {isa = PBXBuildFile; fileRef = 141894201BDD62F600EE52CE /* users_b.json */; };
		141894561BDD62F600EE52CE /* users_c.json in Resources */ = {isa = PBXBuildFile; fileRef = 141894211BDD62F600EE52CE /* users_c.json */; };
		141894571BDD62F600EE52CE /* users_company.json in Resources */ = {isa = PBXBuildFile; fileRef = 141894221BDD62F600EE52CE /* users_company.json */; };
		141894581BDD62F600EE52CE /* users_notes.json in Resources */ = {isa = PBXBuildFile; fileRef = 141894231BDD62F600EE52CE /* users_notes.json */; };
		141894591BDD62F600EE52CE /* Bug113.xcdatamodeld in Sources */ = {isa = PBXBuildFile; fileRef = 141894251BDD62F600EE52CE /* Bug113.xcdatamodeld */; };
		1418945B1BDD62F600EE52CE /* Bug125.xcdatamodeld in Sources */ = {isa = PBXBuildFile; fileRef = 141894291BDD62F600EE52CE /* Bug125.xcdatamodeld */; };
		1418945C1BDD62F600EE52CE /* Bug84.xcdatamodeld in Sources */ = {isa = PBXBuildFile; fileRef = 1418942B1BDD62F600EE52CE /* Bug84.xcdatamodeld */; };
		1418945D1BDD62F600EE52CE /* Contacts.xcdatamodeld in Sources */ = {isa = PBXBuildFile; fileRef = 1418942D1BDD62F600EE52CE /* Contacts.xcdatamodeld */; };
		1418945E1BDD62F600EE52CE /* Markets.xcdatamodeld in Sources */ = {isa = PBXBuildFile; fileRef = 1418942F1BDD62F600EE52CE /* Markets.xcdatamodeld */; };
		1418945F1BDD62F600EE52CE /* Notes.xcdatamodeld in Sources */ = {isa = PBXBuildFile; fileRef = 141894311BDD62F600EE52CE /* Notes.xcdatamodeld */; };
		141894601BDD62F600EE52CE /* Organizations.xcdatamodeld in Sources */ = {isa = PBXBuildFile; fileRef = 141894331BDD62F600EE52CE /* Organizations.xcdatamodeld */; };
		141894611BDD62F600EE52CE /* Patients.xcdatamodeld in Sources */ = {isa = PBXBuildFile; fileRef = 141894351BDD62F600EE52CE /* Patients.xcdatamodeld */; };
		141894621BDD62F600EE52CE /* Recursive.xcdatamodeld in Sources */ = {isa = PBXBuildFile; fileRef = 141894371BDD62F600EE52CE /* Recursive.xcdatamodeld */; };
		141894631BDD62F600EE52CE /* Social.xcdatamodeld in Sources */ = {isa = PBXBuildFile; fileRef = 141894391BDD62F600EE52CE /* Social.xcdatamodeld */; };
		141894641BDD62F600EE52CE /* Unique.xcdatamodeld in Sources */ = {isa = PBXBuildFile; fileRef = 1418943B1BDD62F600EE52CE /* Unique.xcdatamodeld */; };
		141D9E721CE9A4830041A7FC /* bug-157.json in Resources */ = {isa = PBXBuildFile; fileRef = 141D9E711CE9A4830041A7FC /* bug-157.json */; };
		141D9E751CE9A4970041A7FC /* Bug157.xcdatamodeld in Sources */ = {isa = PBXBuildFile; fileRef = 141D9E731CE9A4970041A7FC /* Bug157.xcdatamodeld */; };
		14243E0B1CEA0A55000624BD /* Issue151.xcdatamodeld in Sources */ = {isa = PBXBuildFile; fileRef = 14243E091CEA0A55000624BD /* Issue151.xcdatamodeld */; };
		14243E0D1CEA0DEA000624BD /* issue-151.json in Resources */ = {isa = PBXBuildFile; fileRef = 14243E0C1CEA0DEA000624BD /* issue-151.json */; };
		14243E101CEA142D000624BD /* issue-151-notes.json in Resources */ = {isa = PBXBuildFile; fileRef = 14243E0F1CEA142D000624BD /* issue-151-notes.json */; };
		1425D5A01CC65BEB00EC49D4 /* NSArray+Sync.swift in Sources */ = {isa = PBXBuildFile; fileRef = 1425D59B1CC65BEB00EC49D4 /* NSArray+Sync.swift */; };
		1425D5A11CC65BEB00EC49D4 /* NSEntityDescription+Sync.swift in Sources */ = {isa = PBXBuildFile; fileRef = 1425D59C1CC65BEB00EC49D4 /* NSEntityDescription+Sync.swift */; };
		1425D5A21CC65BEB00EC49D4 /* NSManagedObject+Sync.swift in Sources */ = {isa = PBXBuildFile; fileRef = 1425D59D1CC65BEB00EC49D4 /* NSManagedObject+Sync.swift */; };
		1425D5A31CC65BEB00EC49D4 /* NSManagedObjectContext+Sync.swift in Sources */ = {isa = PBXBuildFile; fileRef = 1425D59E1CC65BEB00EC49D4 /* NSManagedObjectContext+Sync.swift */; };
		1425D5A41CC65BEB00EC49D4 /* Sync.swift in Sources */ = {isa = PBXBuildFile; fileRef = 1425D59F1CC65BEB00EC49D4 /* Sync.swift */; };
		1469B7F91C68D7820080FD71 /* NotesB.xcdatamodeld in Sources */ = {isa = PBXBuildFile; fileRef = 1469B7F71C68D7820080FD71 /* NotesB.xcdatamodeld */; };
		1469B7FB1C68D7D50080FD71 /* notes_with_user_id_custom.json in Resources */ = {isa = PBXBuildFile; fileRef = 1469B7FA1C68D7D50080FD71 /* notes_with_user_id_custom.json */; };
		146F2EB31CE1F27200543F83 /* id.xcdatamodeld in Sources */ = {isa = PBXBuildFile; fileRef = 146F2EB11CE1F27200543F83 /* id.xcdatamodeld */; };
		146F2EB51CE1F2C500543F83 /* id.json in Resources */ = {isa = PBXBuildFile; fileRef = 146F2EB41CE1F2C500543F83 /* id.json */; };
		14959D141C065350004EF790 /* notes_with_user_id.json in Resources */ = {isa = PBXBuildFile; fileRef = 14959D131C065350004EF790 /* notes_with_user_id.json */; };
		14A644111CD77A4C00F51E23 /* Bug202.xcdatamodeld in Sources */ = {isa = PBXBuildFile; fileRef = 14A6440F1CD77A4C00F51E23 /* Bug202.xcdatamodeld */; };
		14A644151CD77C7A00F51E23 /* bug-202-a.json in Resources */ = {isa = PBXBuildFile; fileRef = 14A644121CD77C7A00F51E23 /* bug-202-a.json */; };
		14A644161CD77C7A00F51E23 /* bug-202-b.json in Resources */ = {isa = PBXBuildFile; fileRef = 14A644131CD77C7A00F51E23 /* bug-202-b.json */; };
		14AEB5101CEA4ECB006AA043 /* issue-151-notes-tags-update.json in Resources */ = {isa = PBXBuildFile; fileRef = 14AEB50F1CEA4ECB006AA043 /* issue-151-notes-tags-update.json */; };
		14AEB5141CEA5076006AA043 /* issue-151-update.json in Resources */ = {isa = PBXBuildFile; fileRef = 14AEB5131CEA5076006AA043 /* issue-151-update.json */; };
		14D4CA801C48176F00CAB8A0 /* NSManagedObject+SyncTests.swift in Sources */ = {isa = PBXBuildFile; fileRef = 14D4CA7F1C48176F00CAB8A0 /* NSManagedObject+SyncTests.swift */; };
		14D53BD71CEA7ABB00177718 /* Issue151-B.xcdatamodeld in Sources */ = {isa = PBXBuildFile; fileRef = 14D53BD51CEA7ABB00177718 /* Issue151-B.xcdatamodeld */; };
		14D5E3001C4FF3300000CC5F /* NSManagedObjectContext+SyncTests.swift in Sources */ = {isa = PBXBuildFile; fileRef = 14D5E2FF1C4FF3300000CC5F /* NSManagedObjectContext+SyncTests.swift */; };
		14D5E3021C4FF3750000CC5F /* NSEntityDescription+SyncTests.swift in Sources */ = {isa = PBXBuildFile; fileRef = 14D5E3011C4FF3750000CC5F /* NSEntityDescription+SyncTests.swift */; };
		14D7321F1CE9A6C400C28D40 /* bug-157-city.json in Resources */ = {isa = PBXBuildFile; fileRef = 14D7321E1CE9A6C400C28D40 /* bug-157-city.json */; };
		14D943591C51844C00F90DC2 /* NSArray+SyncTests.swift in Sources */ = {isa = PBXBuildFile; fileRef = 14D943581C51844C00F90DC2 /* NSArray+SyncTests.swift */; };
		14E298431C563EE500B68B72 /* OrderedSocial.xcdatamodeld in Sources */ = {isa = PBXBuildFile; fileRef = 14E298411C563EE500B68B72 /* OrderedSocial.xcdatamodeld */; };
		14FDB4D11C511A5B0061D9FA /* SyncTests.swift in Sources */ = {isa = PBXBuildFile; fileRef = 14FDB4D01C511A5B0061D9FA /* SyncTests.swift */; };
		14FDB4D31C511A6F0061D9FA /* Helper.swift in Sources */ = {isa = PBXBuildFile; fileRef = 14FDB4D21C511A6F0061D9FA /* Helper.swift */; };
		53657BE2A6E60A3CA0A96585 /* Pods_Tests.framework in Frameworks */ = {isa = PBXBuildFile; fileRef = E15F64DCE992EDD68128BEC3 /* Pods_Tests.framework */; };
		B0B637141C6E4F2D00229B03 /* Bug179.xcdatamodeld in Sources */ = {isa = PBXBuildFile; fileRef = B0B637121C6E4F2D00229B03 /* Bug179.xcdatamodeld */; };
		B0B637171C6E517F00229B03 /* bug-179-places.json in Resources */ = {isa = PBXBuildFile; fileRef = B0B637151C6E517F00229B03 /* bug-179-places.json */; };
		B0B637181C6E517F00229B03 /* bug-179-routes.json in Resources */ = {isa = PBXBuildFile; fileRef = B0B637161C6E517F00229B03 /* bug-179-routes.json */; };
/* End PBXBuildFile section */

/* Begin PBXFileReference section */
		140FBF1B1CB91A5D0026484E /* Demo.xcdatamodel */ = {isa = PBXFileReference; lastKnownFileType = wrapper.xcdatamodel; path = Demo.xcdatamodel; sourceTree = "<group>"; };
		140FBF1D1CB91C2D0026484E /* camelcase.json */ = {isa = PBXFileReference; fileEncoding = 4; lastKnownFileType = text.json; path = camelcase.json; sourceTree = "<group>"; };
		141478221CEA219E00B18BF3 /* issue-151-notes-tags.json */ = {isa = PBXFileReference; fileEncoding = 4; lastKnownFileType = text.json; path = "issue-151-notes-tags.json"; sourceTree = "<group>"; };
		141478231CEA219E00B18BF3 /* issue-151-tags.json */ = {isa = PBXFileReference; fileEncoding = 4; lastKnownFileType = text.json; path = "issue-151-tags.json"; sourceTree = "<group>"; };
		1418940B1BDD62F600EE52CE /* bug-113-comments-no-id.json */ = {isa = PBXFileReference; fileEncoding = 4; lastKnownFileType = text.json; path = "bug-113-comments-no-id.json"; sourceTree = "<group>"; };
		1418940C1BDD62F600EE52CE /* bug-113-custom_relationship_key_to_one.json */ = {isa = PBXFileReference; fileEncoding = 4; lastKnownFileType = text.json; path = "bug-113-custom_relationship_key_to_one.json"; sourceTree = "<group>"; };
		1418940D1BDD62F600EE52CE /* bug-113-stories-comments-no-ids.json */ = {isa = PBXFileReference; fileEncoding = 4; lastKnownFileType = text.json; path = "bug-113-stories-comments-no-ids.json"; sourceTree = "<group>"; };
		1418940E1BDD62F600EE52CE /* bug-125-light.json */ = {isa = PBXFileReference; fileEncoding = 4; lastKnownFileType = text.json; path = "bug-125-light.json"; sourceTree = "<group>"; };
		1418940F1BDD62F600EE52CE /* bug-125.json */ = {isa = PBXFileReference; fileEncoding = 4; lastKnownFileType = text.json; path = "bug-125.json"; sourceTree = "<group>"; };
		141894101BDD62F600EE52CE /* bug-number-84.json */ = {isa = PBXFileReference; fileEncoding = 4; lastKnownFileType = text.json; path = "bug-number-84.json"; sourceTree = "<group>"; };
		141894111BDD62F600EE52CE /* comments-no-id.json */ = {isa = PBXFileReference; fileEncoding = 4; lastKnownFileType = text.json; path = "comments-no-id.json"; sourceTree = "<group>"; };
		141894121BDD62F600EE52CE /* custom_relationship_key_to_many.json */ = {isa = PBXFileReference; fileEncoding = 4; lastKnownFileType = text.json; path = custom_relationship_key_to_many.json; sourceTree = "<group>"; };
		141894131BDD62F600EE52CE /* custom_relationship_key_to_one.json */ = {isa = PBXFileReference; fileEncoding = 4; lastKnownFileType = text.json; path = custom_relationship_key_to_one.json; sourceTree = "<group>"; };
		141894141BDD62F600EE52CE /* images.json */ = {isa = PBXFileReference; fileEncoding = 4; lastKnownFileType = text.json; path = images.json; sourceTree = "<group>"; };
		141894151BDD62F600EE52CE /* markets_items.json */ = {isa = PBXFileReference; fileEncoding = 4; lastKnownFileType = text.json; path = markets_items.json; sourceTree = "<group>"; };
		141894161BDD62F600EE52CE /* notes_for_user_a.json */ = {isa = PBXFileReference; fileEncoding = 4; lastKnownFileType = text.json; path = notes_for_user_a.json; sourceTree = "<group>"; };
		141894171BDD62F600EE52CE /* numbers.json */ = {isa = PBXFileReference; fileEncoding = 4; lastKnownFileType = text.json; path = numbers.json; sourceTree = "<group>"; };
		141894181BDD62F600EE52CE /* numbers_in_collection.json */ = {isa = PBXFileReference; fileEncoding = 4; lastKnownFileType = text.json; path = numbers_in_collection.json; sourceTree = "<group>"; };
		141894191BDD62F600EE52CE /* organizations-tree.json */ = {isa = PBXFileReference; fileEncoding = 4; lastKnownFileType = text.json; path = "organizations-tree.json"; sourceTree = "<group>"; };
		1418941A1BDD62F600EE52CE /* patients.json */ = {isa = PBXFileReference; fileEncoding = 4; lastKnownFileType = text.json; path = patients.json; sourceTree = "<group>"; };
		1418941B1BDD62F600EE52CE /* stories-comments-no-ids.json */ = {isa = PBXFileReference; fileEncoding = 4; lastKnownFileType = text.json; path = "stories-comments-no-ids.json"; sourceTree = "<group>"; };
		1418941C1BDD62F600EE52CE /* story-summarize.json */ = {isa = PBXFileReference; fileEncoding = 4; lastKnownFileType = text.json; path = "story-summarize.json"; sourceTree = "<group>"; };
		1418941D1BDD62F600EE52CE /* tagged_notes.json */ = {isa = PBXFileReference; fileEncoding = 4; lastKnownFileType = text.json; path = tagged_notes.json; sourceTree = "<group>"; };
		1418941E1BDD62F600EE52CE /* unique.json */ = {isa = PBXFileReference; fileEncoding = 4; lastKnownFileType = text.json; path = unique.json; sourceTree = "<group>"; };
		1418941F1BDD62F600EE52CE /* users_a.json */ = {isa = PBXFileReference; fileEncoding = 4; lastKnownFileType = text.json; path = users_a.json; sourceTree = "<group>"; };
		141894201BDD62F600EE52CE /* users_b.json */ = {isa = PBXFileReference; fileEncoding = 4; lastKnownFileType = text.json; path = users_b.json; sourceTree = "<group>"; };
		141894211BDD62F600EE52CE /* users_c.json */ = {isa = PBXFileReference; fileEncoding = 4; lastKnownFileType = text.json; path = users_c.json; sourceTree = "<group>"; };
		141894221BDD62F600EE52CE /* users_company.json */ = {isa = PBXFileReference; fileEncoding = 4; lastKnownFileType = text.json; path = users_company.json; sourceTree = "<group>"; };
		141894231BDD62F600EE52CE /* users_notes.json */ = {isa = PBXFileReference; fileEncoding = 4; lastKnownFileType = text.json; path = users_notes.json; sourceTree = "<group>"; };
		141894261BDD62F600EE52CE /* Demo.xcdatamodel */ = {isa = PBXFileReference; lastKnownFileType = wrapper.xcdatamodel; path = Demo.xcdatamodel; sourceTree = "<group>"; };
		1418942A1BDD62F600EE52CE /* Demo.xcdatamodel */ = {isa = PBXFileReference; lastKnownFileType = wrapper.xcdatamodel; path = Demo.xcdatamodel; sourceTree = "<group>"; };
		1418942C1BDD62F600EE52CE /* Demo.xcdatamodel */ = {isa = PBXFileReference; lastKnownFileType = wrapper.xcdatamodel; path = Demo.xcdatamodel; sourceTree = "<group>"; };
		1418942E1BDD62F600EE52CE /* Demo.xcdatamodel */ = {isa = PBXFileReference; lastKnownFileType = wrapper.xcdatamodel; path = Demo.xcdatamodel; sourceTree = "<group>"; };
		141894301BDD62F600EE52CE /* Demo.xcdatamodel */ = {isa = PBXFileReference; lastKnownFileType = wrapper.xcdatamodel; path = Demo.xcdatamodel; sourceTree = "<group>"; };
		141894321BDD62F600EE52CE /* Demo.xcdatamodel */ = {isa = PBXFileReference; lastKnownFileType = wrapper.xcdatamodel; path = Demo.xcdatamodel; sourceTree = "<group>"; };
		141894341BDD62F600EE52CE /* Organizations.xcdatamodel */ = {isa = PBXFileReference; lastKnownFileType = wrapper.xcdatamodel; path = Organizations.xcdatamodel; sourceTree = "<group>"; };
		141894361BDD62F600EE52CE /* Demo.xcdatamodel */ = {isa = PBXFileReference; lastKnownFileType = wrapper.xcdatamodel; path = Demo.xcdatamodel; sourceTree = "<group>"; };
		141894381BDD62F600EE52CE /* Demo.xcdatamodel */ = {isa = PBXFileReference; lastKnownFileType = wrapper.xcdatamodel; path = Demo.xcdatamodel; sourceTree = "<group>"; };
		1418943A1BDD62F600EE52CE /* Demo.xcdatamodel */ = {isa = PBXFileReference; lastKnownFileType = wrapper.xcdatamodel; path = Demo.xcdatamodel; sourceTree = "<group>"; };
		1418943C1BDD62F600EE52CE /* Unique.xcdatamodel */ = {isa = PBXFileReference; lastKnownFileType = wrapper.xcdatamodel; path = Unique.xcdatamodel; sourceTree = "<group>"; };
		141D9E711CE9A4830041A7FC /* bug-157.json */ = {isa = PBXFileReference; fileEncoding = 4; lastKnownFileType = text.json; path = "bug-157.json"; sourceTree = "<group>"; };
		141D9E741CE9A4970041A7FC /* Demo.xcdatamodel */ = {isa = PBXFileReference; lastKnownFileType = wrapper.xcdatamodel; path = Demo.xcdatamodel; sourceTree = "<group>"; };
		14243E0A1CEA0A55000624BD /* Demo.xcdatamodel */ = {isa = PBXFileReference; lastKnownFileType = wrapper.xcdatamodel; path = Demo.xcdatamodel; sourceTree = "<group>"; };
		14243E0C1CEA0DEA000624BD /* issue-151.json */ = {isa = PBXFileReference; fileEncoding = 4; lastKnownFileType = text.json; path = "issue-151.json"; sourceTree = "<group>"; };
		14243E0F1CEA142D000624BD /* issue-151-notes.json */ = {isa = PBXFileReference; fileEncoding = 4; lastKnownFileType = text.json; path = "issue-151-notes.json"; sourceTree = "<group>"; };
		1425D59B1CC65BEB00EC49D4 /* NSArray+Sync.swift */ = {isa = PBXFileReference; fileEncoding = 4; lastKnownFileType = sourcecode.swift; path = "NSArray+Sync.swift"; sourceTree = "<group>"; };
		1425D59C1CC65BEB00EC49D4 /* NSEntityDescription+Sync.swift */ = {isa = PBXFileReference; fileEncoding = 4; lastKnownFileType = sourcecode.swift; path = "NSEntityDescription+Sync.swift"; sourceTree = "<group>"; };
		1425D59D1CC65BEB00EC49D4 /* NSManagedObject+Sync.swift */ = {isa = PBXFileReference; fileEncoding = 4; lastKnownFileType = sourcecode.swift; path = "NSManagedObject+Sync.swift"; sourceTree = "<group>"; };
		1425D59E1CC65BEB00EC49D4 /* NSManagedObjectContext+Sync.swift */ = {isa = PBXFileReference; fileEncoding = 4; lastKnownFileType = sourcecode.swift; path = "NSManagedObjectContext+Sync.swift"; sourceTree = "<group>"; };
		1425D59F1CC65BEB00EC49D4 /* Sync.swift */ = {isa = PBXFileReference; fileEncoding = 4; lastKnownFileType = sourcecode.swift; path = Sync.swift; sourceTree = "<group>"; };
		1469B7F81C68D7820080FD71 /* Demo.xcdatamodel */ = {isa = PBXFileReference; lastKnownFileType = wrapper.xcdatamodel; path = Demo.xcdatamodel; sourceTree = "<group>"; };
		1469B7FA1C68D7D50080FD71 /* notes_with_user_id_custom.json */ = {isa = PBXFileReference; fileEncoding = 4; lastKnownFileType = text.json; path = notes_with_user_id_custom.json; sourceTree = "<group>"; };
		146D72AC1AB782920058798C /* Tests.xctest */ = {isa = PBXFileReference; explicitFileType = wrapper.cfbundle; includeInIndex = 0; path = Tests.xctest; sourceTree = BUILT_PRODUCTS_DIR; };
		146D72B11AB782920058798C /* Info.plist */ = {isa = PBXFileReference; lastKnownFileType = text.plist.xml; path = Info.plist; sourceTree = "<group>"; };
		146F2EB21CE1F27200543F83 /* Demo.xcdatamodel */ = {isa = PBXFileReference; lastKnownFileType = wrapper.xcdatamodel; path = Demo.xcdatamodel; sourceTree = "<group>"; };
		146F2EB41CE1F2C500543F83 /* id.json */ = {isa = PBXFileReference; fileEncoding = 4; lastKnownFileType = text.json; path = id.json; sourceTree = "<group>"; };
		14959D131C065350004EF790 /* notes_with_user_id.json */ = {isa = PBXFileReference; fileEncoding = 4; lastKnownFileType = text.json; path = notes_with_user_id.json; sourceTree = "<group>"; };
		14A644101CD77A4C00F51E23 /* Demo.xcdatamodel */ = {isa = PBXFileReference; lastKnownFileType = wrapper.xcdatamodel; path = Demo.xcdatamodel; sourceTree = "<group>"; };
		14A644121CD77C7A00F51E23 /* bug-202-a.json */ = {isa = PBXFileReference; fileEncoding = 4; lastKnownFileType = text.json; path = "bug-202-a.json"; sourceTree = "<group>"; };
		14A644131CD77C7A00F51E23 /* bug-202-b.json */ = {isa = PBXFileReference; fileEncoding = 4; lastKnownFileType = text.json; path = "bug-202-b.json"; sourceTree = "<group>"; };
		14AEB50F1CEA4ECB006AA043 /* issue-151-notes-tags-update.json */ = {isa = PBXFileReference; fileEncoding = 4; lastKnownFileType = text.json; path = "issue-151-notes-tags-update.json"; sourceTree = "<group>"; };
		14AEB5131CEA5076006AA043 /* issue-151-update.json */ = {isa = PBXFileReference; fileEncoding = 4; lastKnownFileType = text.json; path = "issue-151-update.json"; sourceTree = "<group>"; };
		14C0AF7F1BD6D4230009ECBE /* .slather.yml */ = {isa = PBXFileReference; lastKnownFileType = text; path = .slather.yml; sourceTree = "<group>"; };
		14C0AF801BD6D4230009ECBE /* .travis.yml */ = {isa = PBXFileReference; lastKnownFileType = text; path = .travis.yml; sourceTree = "<group>"; };
		14C0AF811BD6D4230009ECBE /* CHANGELOG.md */ = {isa = PBXFileReference; lastKnownFileType = net.daringfireball.markdown; path = CHANGELOG.md; sourceTree = "<group>"; };
		14C0AF821BD6D4230009ECBE /* CONTRIBUTING.md */ = {isa = PBXFileReference; lastKnownFileType = net.daringfireball.markdown; path = CONTRIBUTING.md; sourceTree = "<group>"; };
		14C0AF831BD6D4230009ECBE /* README.md */ = {isa = PBXFileReference; lastKnownFileType = net.daringfireball.markdown; path = README.md; sourceTree = "<group>"; };
		14D4CA7F1C48176F00CAB8A0 /* NSManagedObject+SyncTests.swift */ = {isa = PBXFileReference; fileEncoding = 4; lastKnownFileType = sourcecode.swift; path = "NSManagedObject+SyncTests.swift"; sourceTree = "<group>"; };
		14D53BD61CEA7ABB00177718 /* Demo.xcdatamodel */ = {isa = PBXFileReference; lastKnownFileType = wrapper.xcdatamodel; path = Demo.xcdatamodel; sourceTree = "<group>"; };
		14D5E2FF1C4FF3300000CC5F /* NSManagedObjectContext+SyncTests.swift */ = {isa = PBXFileReference; fileEncoding = 4; lastKnownFileType = sourcecode.swift; path = "NSManagedObjectContext+SyncTests.swift"; sourceTree = "<group>"; };
		14D5E3011C4FF3750000CC5F /* NSEntityDescription+SyncTests.swift */ = {isa = PBXFileReference; fileEncoding = 4; lastKnownFileType = sourcecode.swift; path = "NSEntityDescription+SyncTests.swift"; sourceTree = "<group>"; };
		14D7321E1CE9A6C400C28D40 /* bug-157-city.json */ = {isa = PBXFileReference; fileEncoding = 4; lastKnownFileType = text.json; path = "bug-157-city.json"; sourceTree = "<group>"; };
		14D943581C51844C00F90DC2 /* NSArray+SyncTests.swift */ = {isa = PBXFileReference; fileEncoding = 4; lastKnownFileType = sourcecode.swift; path = "NSArray+SyncTests.swift"; sourceTree = "<group>"; };
		14E298421C563EE500B68B72 /* Demo.xcdatamodel */ = {isa = PBXFileReference; lastKnownFileType = wrapper.xcdatamodel; path = Demo.xcdatamodel; sourceTree = "<group>"; };
		14FDB4D01C511A5B0061D9FA /* SyncTests.swift */ = {isa = PBXFileReference; fileEncoding = 4; lastKnownFileType = sourcecode.swift; path = SyncTests.swift; sourceTree = "<group>"; };
		14FDB4D21C511A6F0061D9FA /* Helper.swift */ = {isa = PBXFileReference; fileEncoding = 4; lastKnownFileType = sourcecode.swift; path = Helper.swift; sourceTree = "<group>"; };
		781AC380DA9861041D77343E /* Pods-Tests.release.xcconfig */ = {isa = PBXFileReference; includeInIndex = 1; lastKnownFileType = text.xcconfig; name = "Pods-Tests.release.xcconfig"; path = "Pods/Target Support Files/Pods-Tests/Pods-Tests.release.xcconfig"; sourceTree = "<group>"; };
		9E482492041434DB374B1948 /* Pods.framework */ = {isa = PBXFileReference; explicitFileType = wrapper.framework; includeInIndex = 0; path = Pods.framework; sourceTree = BUILT_PRODUCTS_DIR; };
		B0B637131C6E4F2D00229B03 /* Bug179.xcdatamodel */ = {isa = PBXFileReference; lastKnownFileType = wrapper.xcdatamodel; path = Bug179.xcdatamodel; sourceTree = "<group>"; };
		B0B637151C6E517F00229B03 /* bug-179-places.json */ = {isa = PBXFileReference; fileEncoding = 4; lastKnownFileType = text.json; path = "bug-179-places.json"; sourceTree = "<group>"; };
		B0B637161C6E517F00229B03 /* bug-179-routes.json */ = {isa = PBXFileReference; fileEncoding = 4; lastKnownFileType = text.json; path = "bug-179-routes.json"; sourceTree = "<group>"; };
		DD1B4F77003354AE5F3F73FF /* Pods-Tests.debug.xcconfig */ = {isa = PBXFileReference; includeInIndex = 1; lastKnownFileType = text.xcconfig; name = "Pods-Tests.debug.xcconfig"; path = "Pods/Target Support Files/Pods-Tests/Pods-Tests.debug.xcconfig"; sourceTree = "<group>"; };
		E15F64DCE992EDD68128BEC3 /* Pods_Tests.framework */ = {isa = PBXFileReference; explicitFileType = wrapper.framework; includeInIndex = 0; path = Pods_Tests.framework; sourceTree = BUILT_PRODUCTS_DIR; };
/* End PBXFileReference section */

/* Begin PBXFrameworksBuildPhase section */
		146D72A91AB782920058798C /* Frameworks */ = {
			isa = PBXFrameworksBuildPhase;
			buildActionMask = 2147483647;
			files = (
				53657BE2A6E60A3CA0A96585 /* Pods_Tests.framework in Frameworks */,
			);
			runOnlyForDeploymentPostprocessing = 0;
		};
/* End PBXFrameworksBuildPhase section */

/* Begin PBXGroup section */
		141894071BDD62F600EE52CE /* Helpers */ = {
			isa = PBXGroup;
			children = (
				14FDB4D21C511A6F0061D9FA /* Helper.swift */,
			);
			path = Helpers;
			sourceTree = "<group>";
		};
		1418940A1BDD62F600EE52CE /* JSONs */ = {
			isa = PBXGroup;
			children = (
				1418940B1BDD62F600EE52CE /* bug-113-comments-no-id.json */,
				1418940C1BDD62F600EE52CE /* bug-113-custom_relationship_key_to_one.json */,
				1418940D1BDD62F600EE52CE /* bug-113-stories-comments-no-ids.json */,
				1418940E1BDD62F600EE52CE /* bug-125-light.json */,
				1418940F1BDD62F600EE52CE /* bug-125.json */,
				14D7321E1CE9A6C400C28D40 /* bug-157-city.json */,
				141D9E711CE9A4830041A7FC /* bug-157.json */,
				B0B637151C6E517F00229B03 /* bug-179-places.json */,
				B0B637161C6E517F00229B03 /* bug-179-routes.json */,
				14A644121CD77C7A00F51E23 /* bug-202-a.json */,
				14A644131CD77C7A00F51E23 /* bug-202-b.json */,
				141894101BDD62F600EE52CE /* bug-number-84.json */,
				140FBF1D1CB91C2D0026484E /* camelcase.json */,
				141894111BDD62F600EE52CE /* comments-no-id.json */,
				141894121BDD62F600EE52CE /* custom_relationship_key_to_many.json */,
				141894131BDD62F600EE52CE /* custom_relationship_key_to_one.json */,
				146F2EB41CE1F2C500543F83 /* id.json */,
				141894141BDD62F600EE52CE /* images.json */,
				14AEB50F1CEA4ECB006AA043 /* issue-151-notes-tags-update.json */,
				141478221CEA219E00B18BF3 /* issue-151-notes-tags.json */,
				14243E0F1CEA142D000624BD /* issue-151-notes.json */,
				141478231CEA219E00B18BF3 /* issue-151-tags.json */,
				14AEB5131CEA5076006AA043 /* issue-151-update.json */,
				14243E0C1CEA0DEA000624BD /* issue-151.json */,
				141894151BDD62F600EE52CE /* markets_items.json */,
				141894161BDD62F600EE52CE /* notes_for_user_a.json */,
				1469B7FA1C68D7D50080FD71 /* notes_with_user_id_custom.json */,
				14959D131C065350004EF790 /* notes_with_user_id.json */,
				141894181BDD62F600EE52CE /* numbers_in_collection.json */,
				141894171BDD62F600EE52CE /* numbers.json */,
				141894191BDD62F600EE52CE /* organizations-tree.json */,
				1418941A1BDD62F600EE52CE /* patients.json */,
				1418941B1BDD62F600EE52CE /* stories-comments-no-ids.json */,
				1418941C1BDD62F600EE52CE /* story-summarize.json */,
				1418941D1BDD62F600EE52CE /* tagged_notes.json */,
				1418941E1BDD62F600EE52CE /* unique.json */,
				1418941F1BDD62F600EE52CE /* users_a.json */,
				141894201BDD62F600EE52CE /* users_b.json */,
				141894211BDD62F600EE52CE /* users_c.json */,
				141894221BDD62F600EE52CE /* users_company.json */,
				141894231BDD62F600EE52CE /* users_notes.json */,
			);
			path = JSONs;
			sourceTree = "<group>";
		};
		141894241BDD62F600EE52CE /* Models */ = {
			isa = PBXGroup;
			children = (
				1418942B1BDD62F600EE52CE /* Bug84.xcdatamodeld */,
				141894251BDD62F600EE52CE /* Bug113.xcdatamodeld */,
				141894291BDD62F600EE52CE /* Bug125.xcdatamodeld */,
				141D9E731CE9A4970041A7FC /* Bug157.xcdatamodeld */,
				B0B637121C6E4F2D00229B03 /* Bug179.xcdatamodeld */,
				14A6440F1CD77A4C00F51E23 /* Bug202.xcdatamodeld */,
				140FBF1A1CB91A5D0026484E /* Camelcase.xcdatamodeld */,
				1418942D1BDD62F600EE52CE /* Contacts.xcdatamodeld */,
				146F2EB11CE1F27200543F83 /* id.xcdatamodeld */,
				14D53BD51CEA7ABB00177718 /* Issue151-B.xcdatamodeld */,
				14243E091CEA0A55000624BD /* Issue151.xcdatamodeld */,
				1418942F1BDD62F600EE52CE /* Markets.xcdatamodeld */,
				141894311BDD62F600EE52CE /* Notes.xcdatamodeld */,
				1469B7F71C68D7820080FD71 /* NotesB.xcdatamodeld */,
				14E298411C563EE500B68B72 /* OrderedSocial.xcdatamodeld */,
				141894331BDD62F600EE52CE /* Organizations.xcdatamodeld */,
				141894351BDD62F600EE52CE /* Patients.xcdatamodeld */,
				141894371BDD62F600EE52CE /* Recursive.xcdatamodeld */,
				141894391BDD62F600EE52CE /* Social.xcdatamodeld */,
				1418943B1BDD62F600EE52CE /* Unique.xcdatamodeld */,
			);
			path = Models;
			sourceTree = "<group>";
		};
		1425D59A1CC65BEB00EC49D4 /* Source */ = {
			isa = PBXGroup;
			children = (
				1425D59B1CC65BEB00EC49D4 /* NSArray+Sync.swift */,
				1425D59C1CC65BEB00EC49D4 /* NSEntityDescription+Sync.swift */,
				1425D59D1CC65BEB00EC49D4 /* NSManagedObject+Sync.swift */,
				1425D59E1CC65BEB00EC49D4 /* NSManagedObjectContext+Sync.swift */,
				1425D59F1CC65BEB00EC49D4 /* Sync.swift */,
			);
			path = Source;
			sourceTree = "<group>";
		};
		146D728A1AB782920058798C = {
			isa = PBXGroup;
			children = (
				1425D59A1CC65BEB00EC49D4 /* Source */,
				14C136501AB7849300B7B07A /* Metadata */,
				146D72AF1AB782920058798C /* Tests */,
				146D72941AB782920058798C /* Products */,
				515545DD1958EE5C50CA007A /* Frameworks */,
				D50C8540A18F5F709A0A1CCF /* Pods */,
			);
			indentWidth = 2;
			sourceTree = "<group>";
			tabWidth = 2;
		};
		146D72941AB782920058798C /* Products */ = {
			isa = PBXGroup;
			children = (
				146D72AC1AB782920058798C /* Tests.xctest */,
			);
			name = Products;
			sourceTree = "<group>";
		};
		146D72AF1AB782920058798C /* Tests */ = {
			isa = PBXGroup;
			children = (
				141894071BDD62F600EE52CE /* Helpers */,
				1418940A1BDD62F600EE52CE /* JSONs */,
				141894241BDD62F600EE52CE /* Models */,
				14FDB4D01C511A5B0061D9FA /* SyncTests.swift */,
				14D4CA7F1C48176F00CAB8A0 /* NSManagedObject+SyncTests.swift */,
				14D5E2FF1C4FF3300000CC5F /* NSManagedObjectContext+SyncTests.swift */,
				14D5E3011C4FF3750000CC5F /* NSEntityDescription+SyncTests.swift */,
				14D943581C51844C00F90DC2 /* NSArray+SyncTests.swift */,
				146D72B01AB782920058798C /* Supporting Files */,
			);
			path = Tests;
			sourceTree = "<group>";
		};
		146D72B01AB782920058798C /* Supporting Files */ = {
			isa = PBXGroup;
			children = (
				146D72B11AB782920058798C /* Info.plist */,
			);
			name = "Supporting Files";
			sourceTree = "<group>";
		};
		14C136501AB7849300B7B07A /* Metadata */ = {
			isa = PBXGroup;
			children = (
				14C0AF7F1BD6D4230009ECBE /* .slather.yml */,
				14C0AF801BD6D4230009ECBE /* .travis.yml */,
				14C0AF811BD6D4230009ECBE /* CHANGELOG.md */,
				14C0AF821BD6D4230009ECBE /* CONTRIBUTING.md */,
				14C0AF831BD6D4230009ECBE /* README.md */,
			);
			name = Metadata;
			sourceTree = "<group>";
		};
		515545DD1958EE5C50CA007A /* Frameworks */ = {
			isa = PBXGroup;
			children = (
				9E482492041434DB374B1948 /* Pods.framework */,
				E15F64DCE992EDD68128BEC3 /* Pods_Tests.framework */,
			);
			name = Frameworks;
			sourceTree = "<group>";
		};
		D50C8540A18F5F709A0A1CCF /* Pods */ = {
			isa = PBXGroup;
			children = (
				DD1B4F77003354AE5F3F73FF /* Pods-Tests.debug.xcconfig */,
				781AC380DA9861041D77343E /* Pods-Tests.release.xcconfig */,
			);
			name = Pods;
			sourceTree = "<group>";
		};
/* End PBXGroup section */

/* Begin PBXNativeTarget section */
		146D72AB1AB782920058798C /* Tests */ = {
			isa = PBXNativeTarget;
			buildConfigurationList = 146D72B91AB782920058798C /* Build configuration list for PBXNativeTarget "Tests" */;
			buildPhases = (
				B23BBE32C48AC781518C9929 /* 📦 Check Pods Manifest.lock */,
				146D72A81AB782920058798C /* Sources */,
				146D72A91AB782920058798C /* Frameworks */,
				146D72AA1AB782920058798C /* Resources */,
				68D26B53156FD6EEDD122ECB /* 📦 Embed Pods Frameworks */,
				D2EE6F931EBD0967F4E95573 /* 📦 Copy Pods Resources */,
			);
			buildRules = (
			);
			dependencies = (
			);
			name = Tests;
			productName = PodTests;
			productReference = 146D72AC1AB782920058798C /* Tests.xctest */;
			productType = "com.apple.product-type.bundle.unit-test";
		};
/* End PBXNativeTarget section */

/* Begin PBXProject section */
		146D728B1AB782920058798C /* Project object */ = {
			isa = PBXProject;
			attributes = {
				CLASSPREFIX = "";
				LastSwiftUpdateCheck = 0720;
				LastUpgradeCheck = 0700;
				ORGANIZATIONNAME = "";
				TargetAttributes = {
					146D72AB1AB782920058798C = {
						CreatedOnToolsVersion = 6.2;
					};
				};
			};
			buildConfigurationList = 146D728E1AB782920058798C /* Build configuration list for PBXProject "Demo" */;
			compatibilityVersion = "Xcode 3.2";
			developmentRegion = English;
			hasScannedForEncodings = 0;
			knownRegions = (
				en,
				Base,
			);
			mainGroup = 146D728A1AB782920058798C;
			productRefGroup = 146D72941AB782920058798C /* Products */;
			projectDirPath = "";
			projectRoot = "";
			targets = (
				146D72AB1AB782920058798C /* Tests */,
			);
		};
/* End PBXProject section */

/* Begin PBXResourcesBuildPhase section */
		146D72AA1AB782920058798C /* Resources */ = {
			isa = PBXResourcesBuildPhase;
			buildActionMask = 2147483647;
			files = (
				B0B637171C6E517F00229B03 /* bug-179-places.json in Resources */,
				14A644151CD77C7A00F51E23 /* bug-202-a.json in Resources */,
				1418944C1BDD62F600EE52CE /* numbers.json in Resources */,
				14959D141C065350004EF790 /* notes_with_user_id.json in Resources */,
				14A644161CD77C7A00F51E23 /* bug-202-b.json in Resources */,
				141894421BDD62F600EE52CE /* bug-113-stories-comments-no-ids.json in Resources */,
				141894571BDD62F600EE52CE /* users_company.json in Resources */,
				1469B7FB1C68D7D50080FD71 /* notes_with_user_id_custom.json in Resources */,
				141894441BDD62F600EE52CE /* bug-125.json in Resources */,
				1418944D1BDD62F600EE52CE /* numbers_in_collection.json in Resources */,
				1418944B1BDD62F600EE52CE /* notes_for_user_a.json in Resources */,
				141894521BDD62F600EE52CE /* tagged_notes.json in Resources */,
				141894581BDD62F600EE52CE /* users_notes.json in Resources */,
				141894531BDD62F600EE52CE /* unique.json in Resources */,
				14AEB5101CEA4ECB006AA043 /* issue-151-notes-tags-update.json in Resources */,
				B0B637181C6E517F00229B03 /* bug-179-routes.json in Resources */,
				141894401BDD62F600EE52CE /* bug-113-comments-no-id.json in Resources */,
				141894431BDD62F600EE52CE /* bug-125-light.json in Resources */,
				1418944A1BDD62F600EE52CE /* markets_items.json in Resources */,
				146F2EB51CE1F2C500543F83 /* id.json in Resources */,
				141894561BDD62F600EE52CE /* users_c.json in Resources */,
				141894541BDD62F600EE52CE /* users_a.json in Resources */,
				141894461BDD62F600EE52CE /* comments-no-id.json in Resources */,
				141894411BDD62F600EE52CE /* bug-113-custom_relationship_key_to_one.json in Resources */,
				141894551BDD62F600EE52CE /* users_b.json in Resources */,
				14D7321F1CE9A6C400C28D40 /* bug-157-city.json in Resources */,
				141478251CEA219E00B18BF3 /* issue-151-tags.json in Resources */,
				141894481BDD62F600EE52CE /* custom_relationship_key_to_one.json in Resources */,
				1418944E1BDD62F600EE52CE /* organizations-tree.json in Resources */,
				14243E0D1CEA0DEA000624BD /* issue-151.json in Resources */,
				141894491BDD62F600EE52CE /* images.json in Resources */,
				140FBF1E1CB91C2D0026484E /* camelcase.json in Resources */,
				14AEB5141CEA5076006AA043 /* issue-151-update.json in Resources */,
				141894501BDD62F600EE52CE /* stories-comments-no-ids.json in Resources */,
				1418944F1BDD62F600EE52CE /* patients.json in Resources */,
				141478241CEA219E00B18BF3 /* issue-151-notes-tags.json in Resources */,
				141894471BDD62F600EE52CE /* custom_relationship_key_to_many.json in Resources */,
				141894451BDD62F600EE52CE /* bug-number-84.json in Resources */,
				141D9E721CE9A4830041A7FC /* bug-157.json in Resources */,
				14243E101CEA142D000624BD /* issue-151-notes.json in Resources */,
				141894511BDD62F600EE52CE /* story-summarize.json in Resources */,
			);
			runOnlyForDeploymentPostprocessing = 0;
		};
/* End PBXResourcesBuildPhase section */

/* Begin PBXShellScriptBuildPhase section */
		68D26B53156FD6EEDD122ECB /* 📦 Embed Pods Frameworks */ = {
			isa = PBXShellScriptBuildPhase;
			buildActionMask = 2147483647;
			files = (
			);
			inputPaths = (
			);
			name = "📦 Embed Pods Frameworks";
			outputPaths = (
			);
			runOnlyForDeploymentPostprocessing = 0;
			shellPath = /bin/sh;
			shellScript = "\"${SRCROOT}/Pods/Target Support Files/Pods-Tests/Pods-Tests-frameworks.sh\"\n";
			showEnvVarsInLog = 0;
		};
		B23BBE32C48AC781518C9929 /* 📦 Check Pods Manifest.lock */ = {
			isa = PBXShellScriptBuildPhase;
			buildActionMask = 2147483647;
			files = (
			);
			inputPaths = (
			);
			name = "📦 Check Pods Manifest.lock";
			outputPaths = (
			);
			runOnlyForDeploymentPostprocessing = 0;
			shellPath = /bin/sh;
			shellScript = "diff \"${PODS_ROOT}/../Podfile.lock\" \"${PODS_ROOT}/Manifest.lock\" > /dev/null\nif [[ $? != 0 ]] ; then\n    cat << EOM\nerror: The sandbox is not in sync with the Podfile.lock. Run 'pod install' or update your CocoaPods installation.\nEOM\n    exit 1\nfi\n";
			showEnvVarsInLog = 0;
		};
		D2EE6F931EBD0967F4E95573 /* 📦 Copy Pods Resources */ = {
			isa = PBXShellScriptBuildPhase;
			buildActionMask = 2147483647;
			files = (
			);
			inputPaths = (
			);
			name = "📦 Copy Pods Resources";
			outputPaths = (
			);
			runOnlyForDeploymentPostprocessing = 0;
			shellPath = /bin/sh;
			shellScript = "\"${SRCROOT}/Pods/Target Support Files/Pods-Tests/Pods-Tests-resources.sh\"\n";
			showEnvVarsInLog = 0;
		};
/* End PBXShellScriptBuildPhase section */

/* Begin PBXSourcesBuildPhase section */
		146D72A81AB782920058798C /* Sources */ = {
			isa = PBXSourcesBuildPhase;
			buildActionMask = 2147483647;
			files = (
				14D4CA801C48176F00CAB8A0 /* NSManagedObject+SyncTests.swift in Sources */,
				140FBF1C1CB91A5D0026484E /* Camelcase.xcdatamodeld in Sources */,
				1425D5A21CC65BEB00EC49D4 /* NSManagedObject+Sync.swift in Sources */,
				14D943591C51844C00F90DC2 /* NSArray+SyncTests.swift in Sources */,
				146F2EB31CE1F27200543F83 /* id.xcdatamodeld in Sources */,
				14FDB4D11C511A5B0061D9FA /* SyncTests.swift in Sources */,
				141894611BDD62F600EE52CE /* Patients.xcdatamodeld in Sources */,
				1425D5A41CC65BEB00EC49D4 /* Sync.swift in Sources */,
				1418945B1BDD62F600EE52CE /* Bug125.xcdatamodeld in Sources */,
				1418945C1BDD62F600EE52CE /* Bug84.xcdatamodeld in Sources */,
				B0B637141C6E4F2D00229B03 /* Bug179.xcdatamodeld in Sources */,
				14D53BD71CEA7ABB00177718 /* Issue151-B.xcdatamodeld in Sources */,
				1418945F1BDD62F600EE52CE /* Notes.xcdatamodeld in Sources */,
				141894641BDD62F600EE52CE /* Unique.xcdatamodeld in Sources */,
				14243E0B1CEA0A55000624BD /* Issue151.xcdatamodeld in Sources */,
				141D9E751CE9A4970041A7FC /* Bug157.xcdatamodeld in Sources */,
				141894621BDD62F600EE52CE /* Recursive.xcdatamodeld in Sources */,
				14E298431C563EE500B68B72 /* OrderedSocial.xcdatamodeld in Sources */,
				14A644111CD77A4C00F51E23 /* Bug202.xcdatamodeld in Sources */,
				1425D5A31CC65BEB00EC49D4 /* NSManagedObjectContext+Sync.swift in Sources */,
				141894591BDD62F600EE52CE /* Bug113.xcdatamodeld in Sources */,
				14D5E3021C4FF3750000CC5F /* NSEntityDescription+SyncTests.swift in Sources */,
				14D5E3001C4FF3300000CC5F /* NSManagedObjectContext+SyncTests.swift in Sources */,
				1425D5A01CC65BEB00EC49D4 /* NSArray+Sync.swift in Sources */,
				14FDB4D31C511A6F0061D9FA /* Helper.swift in Sources */,
				1469B7F91C68D7820080FD71 /* NotesB.xcdatamodeld in Sources */,
				141894631BDD62F600EE52CE /* Social.xcdatamodeld in Sources */,
				1425D5A11CC65BEB00EC49D4 /* NSEntityDescription+Sync.swift in Sources */,
				141894601BDD62F600EE52CE /* Organizations.xcdatamodeld in Sources */,
				1418945E1BDD62F600EE52CE /* Markets.xcdatamodeld in Sources */,
				1418945D1BDD62F600EE52CE /* Contacts.xcdatamodeld in Sources */,
			);
			runOnlyForDeploymentPostprocessing = 0;
		};
/* End PBXSourcesBuildPhase section */

/* Begin XCBuildConfiguration section */
		146D72B41AB782920058798C /* Debug */ = {
			isa = XCBuildConfiguration;
			buildSettings = {
				ALWAYS_SEARCH_USER_PATHS = NO;
				CLANG_CXX_LANGUAGE_STANDARD = "gnu++0x";
				CLANG_CXX_LIBRARY = "libc++";
				CLANG_ENABLE_MODULES = YES;
				CLANG_ENABLE_OBJC_ARC = YES;
				CLANG_WARN_BOOL_CONVERSION = YES;
				CLANG_WARN_CONSTANT_CONVERSION = YES;
				CLANG_WARN_DIRECT_OBJC_ISA_USAGE = YES_ERROR;
				CLANG_WARN_EMPTY_BODY = YES;
				CLANG_WARN_ENUM_CONVERSION = YES;
				CLANG_WARN_INT_CONVERSION = YES;
				CLANG_WARN_OBJC_ROOT_CLASS = YES_ERROR;
				CLANG_WARN_UNREACHABLE_CODE = YES;
				CLANG_WARN__DUPLICATE_METHOD_MATCH = YES;
				"CODE_SIGN_IDENTITY[sdk=iphoneos*]" = "iPhone Developer";
				COPY_PHASE_STRIP = NO;
				ENABLE_STRICT_OBJC_MSGSEND = YES;
				ENABLE_TESTABILITY = YES;
				GCC_C_LANGUAGE_STANDARD = gnu99;
				GCC_DYNAMIC_NO_PIC = NO;
				GCC_OPTIMIZATION_LEVEL = 0;
				GCC_PREPROCESSOR_DEFINITIONS = (
					"DEBUG=1",
					"$(inherited)",
				);
				GCC_SYMBOLS_PRIVATE_EXTERN = NO;
				GCC_WARN_64_TO_32_BIT_CONVERSION = YES;
				GCC_WARN_ABOUT_RETURN_TYPE = YES_ERROR;
				GCC_WARN_UNDECLARED_SELECTOR = YES;
				GCC_WARN_UNINITIALIZED_AUTOS = YES_AGGRESSIVE;
				GCC_WARN_UNUSED_FUNCTION = YES;
				GCC_WARN_UNUSED_VARIABLE = YES;
				IPHONEOS_DEPLOYMENT_TARGET = 8.0;
				MTL_ENABLE_DEBUG_INFO = YES;
				ONLY_ACTIVE_ARCH = YES;
				SDKROOT = iphoneos;
			};
			name = Debug;
		};
		146D72B51AB782920058798C /* Release */ = {
			isa = XCBuildConfiguration;
			buildSettings = {
				ALWAYS_SEARCH_USER_PATHS = NO;
				CLANG_CXX_LANGUAGE_STANDARD = "gnu++0x";
				CLANG_CXX_LIBRARY = "libc++";
				CLANG_ENABLE_MODULES = YES;
				CLANG_ENABLE_OBJC_ARC = YES;
				CLANG_WARN_BOOL_CONVERSION = YES;
				CLANG_WARN_CONSTANT_CONVERSION = YES;
				CLANG_WARN_DIRECT_OBJC_ISA_USAGE = YES_ERROR;
				CLANG_WARN_EMPTY_BODY = YES;
				CLANG_WARN_ENUM_CONVERSION = YES;
				CLANG_WARN_INT_CONVERSION = YES;
				CLANG_WARN_OBJC_ROOT_CLASS = YES_ERROR;
				CLANG_WARN_UNREACHABLE_CODE = YES;
				CLANG_WARN__DUPLICATE_METHOD_MATCH = YES;
				"CODE_SIGN_IDENTITY[sdk=iphoneos*]" = "iPhone Developer";
				COPY_PHASE_STRIP = NO;
				ENABLE_NS_ASSERTIONS = NO;
				ENABLE_STRICT_OBJC_MSGSEND = YES;
				GCC_C_LANGUAGE_STANDARD = gnu99;
				GCC_WARN_64_TO_32_BIT_CONVERSION = YES;
				GCC_WARN_ABOUT_RETURN_TYPE = YES_ERROR;
				GCC_WARN_UNDECLARED_SELECTOR = YES;
				GCC_WARN_UNINITIALIZED_AUTOS = YES_AGGRESSIVE;
				GCC_WARN_UNUSED_FUNCTION = YES;
				GCC_WARN_UNUSED_VARIABLE = YES;
				IPHONEOS_DEPLOYMENT_TARGET = 8.0;
				MTL_ENABLE_DEBUG_INFO = NO;
				SDKROOT = iphoneos;
				VALIDATE_PRODUCT = YES;
			};
			name = Release;
		};
		146D72BA1AB782920058798C /* Debug */ = {
			isa = XCBuildConfiguration;
			baseConfigurationReference = DD1B4F77003354AE5F3F73FF /* Pods-Tests.debug.xcconfig */;
			buildSettings = {
				CLANG_ENABLE_MODULES = YES;
				FRAMEWORK_SEARCH_PATHS = "$(inherited)";
				GCC_PREPROCESSOR_DEFINITIONS = (
					"DEBUG=1",
					"$(inherited)",
				);
				INFOPLIST_FILE = Tests/Info.plist;
				LD_RUNPATH_SEARCH_PATHS = "$(inherited) @executable_path/Frameworks @loader_path/Frameworks";
				PRODUCT_BUNDLE_IDENTIFIER = "com.sample.$(PRODUCT_NAME:rfc1034identifier)";
				PRODUCT_NAME = "$(TARGET_NAME)";
				SWIFT_OPTIMIZATION_LEVEL = "-Onone";
			};
			name = Debug;
		};
		146D72BB1AB782920058798C /* Release */ = {
			isa = XCBuildConfiguration;
			baseConfigurationReference = 781AC380DA9861041D77343E /* Pods-Tests.release.xcconfig */;
			buildSettings = {
				CLANG_ENABLE_MODULES = YES;
				FRAMEWORK_SEARCH_PATHS = "$(inherited)";
				INFOPLIST_FILE = Tests/Info.plist;
				LD_RUNPATH_SEARCH_PATHS = "$(inherited) @executable_path/Frameworks @loader_path/Frameworks";
				PRODUCT_BUNDLE_IDENTIFIER = "com.sample.$(PRODUCT_NAME:rfc1034identifier)";
				PRODUCT_NAME = "$(TARGET_NAME)";
			};
			name = Release;
		};
/* End XCBuildConfiguration section */

/* Begin XCConfigurationList section */
		146D728E1AB782920058798C /* Build configuration list for PBXProject "Demo" */ = {
			isa = XCConfigurationList;
			buildConfigurations = (
				146D72B41AB782920058798C /* Debug */,
				146D72B51AB782920058798C /* Release */,
			);
			defaultConfigurationIsVisible = 0;
			defaultConfigurationName = Release;
		};
		146D72B91AB782920058798C /* Build configuration list for PBXNativeTarget "Tests" */ = {
			isa = XCConfigurationList;
			buildConfigurations = (
				146D72BA1AB782920058798C /* Debug */,
				146D72BB1AB782920058798C /* Release */,
			);
			defaultConfigurationIsVisible = 0;
			defaultConfigurationName = Release;
		};
/* End XCConfigurationList section */

/* Begin XCVersionGroup section */
		140FBF1A1CB91A5D0026484E /* Camelcase.xcdatamodeld */ = {
			isa = XCVersionGroup;
			children = (
				140FBF1B1CB91A5D0026484E /* Demo.xcdatamodel */,
			);
			currentVersion = 140FBF1B1CB91A5D0026484E /* Demo.xcdatamodel */;
			path = Camelcase.xcdatamodeld;
			sourceTree = "<group>";
			versionGroupType = wrapper.xcdatamodel;
		};
		141894251BDD62F600EE52CE /* Bug113.xcdatamodeld */ = {
			isa = XCVersionGroup;
			children = (
				141894261BDD62F600EE52CE /* Demo.xcdatamodel */,
			);
			currentVersion = 141894261BDD62F600EE52CE /* Demo.xcdatamodel */;
			path = Bug113.xcdatamodeld;
			sourceTree = "<group>";
			versionGroupType = wrapper.xcdatamodel;
		};
		141894291BDD62F600EE52CE /* Bug125.xcdatamodeld */ = {
			isa = XCVersionGroup;
			children = (
				1418942A1BDD62F600EE52CE /* Demo.xcdatamodel */,
			);
			currentVersion = 1418942A1BDD62F600EE52CE /* Demo.xcdatamodel */;
			path = Bug125.xcdatamodeld;
			sourceTree = "<group>";
			versionGroupType = wrapper.xcdatamodel;
		};
		1418942B1BDD62F600EE52CE /* Bug84.xcdatamodeld */ = {
			isa = XCVersionGroup;
			children = (
				1418942C1BDD62F600EE52CE /* Demo.xcdatamodel */,
			);
			currentVersion = 1418942C1BDD62F600EE52CE /* Demo.xcdatamodel */;
			path = Bug84.xcdatamodeld;
			sourceTree = "<group>";
			versionGroupType = wrapper.xcdatamodel;
		};
		1418942D1BDD62F600EE52CE /* Contacts.xcdatamodeld */ = {
			isa = XCVersionGroup;
			children = (
				1418942E1BDD62F600EE52CE /* Demo.xcdatamodel */,
			);
			currentVersion = 1418942E1BDD62F600EE52CE /* Demo.xcdatamodel */;
			path = Contacts.xcdatamodeld;
			sourceTree = "<group>";
			versionGroupType = wrapper.xcdatamodel;
		};
		1418942F1BDD62F600EE52CE /* Markets.xcdatamodeld */ = {
			isa = XCVersionGroup;
			children = (
				141894301BDD62F600EE52CE /* Demo.xcdatamodel */,
			);
			currentVersion = 141894301BDD62F600EE52CE /* Demo.xcdatamodel */;
			path = Markets.xcdatamodeld;
			sourceTree = "<group>";
			versionGroupType = wrapper.xcdatamodel;
		};
		141894311BDD62F600EE52CE /* Notes.xcdatamodeld */ = {
			isa = XCVersionGroup;
			children = (
				141894321BDD62F600EE52CE /* Demo.xcdatamodel */,
			);
			currentVersion = 141894321BDD62F600EE52CE /* Demo.xcdatamodel */;
			path = Notes.xcdatamodeld;
			sourceTree = "<group>";
			versionGroupType = wrapper.xcdatamodel;
		};
		141894331BDD62F600EE52CE /* Organizations.xcdatamodeld */ = {
			isa = XCVersionGroup;
			children = (
				141894341BDD62F600EE52CE /* Organizations.xcdatamodel */,
			);
			currentVersion = 141894341BDD62F600EE52CE /* Organizations.xcdatamodel */;
			path = Organizations.xcdatamodeld;
			sourceTree = "<group>";
			versionGroupType = wrapper.xcdatamodel;
		};
		141894351BDD62F600EE52CE /* Patients.xcdatamodeld */ = {
			isa = XCVersionGroup;
			children = (
				141894361BDD62F600EE52CE /* Demo.xcdatamodel */,
			);
			currentVersion = 141894361BDD62F600EE52CE /* Demo.xcdatamodel */;
			path = Patients.xcdatamodeld;
			sourceTree = "<group>";
			versionGroupType = wrapper.xcdatamodel;
		};
		141894371BDD62F600EE52CE /* Recursive.xcdatamodeld */ = {
			isa = XCVersionGroup;
			children = (
				141894381BDD62F600EE52CE /* Demo.xcdatamodel */,
			);
			currentVersion = 141894381BDD62F600EE52CE /* Demo.xcdatamodel */;
			path = Recursive.xcdatamodeld;
			sourceTree = "<group>";
			versionGroupType = wrapper.xcdatamodel;
		};
		141894391BDD62F600EE52CE /* Social.xcdatamodeld */ = {
			isa = XCVersionGroup;
			children = (
				1418943A1BDD62F600EE52CE /* Demo.xcdatamodel */,
			);
			currentVersion = 1418943A1BDD62F600EE52CE /* Demo.xcdatamodel */;
			path = Social.xcdatamodeld;
			sourceTree = "<group>";
			versionGroupType = wrapper.xcdatamodel;
		};
		1418943B1BDD62F600EE52CE /* Unique.xcdatamodeld */ = {
			isa = XCVersionGroup;
			children = (
				1418943C1BDD62F600EE52CE /* Unique.xcdatamodel */,
			);
			currentVersion = 1418943C1BDD62F600EE52CE /* Unique.xcdatamodel */;
			path = Unique.xcdatamodeld;
			sourceTree = "<group>";
			versionGroupType = wrapper.xcdatamodel;
		};
		141D9E731CE9A4970041A7FC /* Bug157.xcdatamodeld */ = {
			isa = XCVersionGroup;
			children = (
				141D9E741CE9A4970041A7FC /* Demo.xcdatamodel */,
			);
			currentVersion = 141D9E741CE9A4970041A7FC /* Demo.xcdatamodel */;
			path = Bug157.xcdatamodeld;
			sourceTree = "<group>";
			versionGroupType = wrapper.xcdatamodel;
		};
		14243E091CEA0A55000624BD /* Issue151.xcdatamodeld */ = {
			isa = XCVersionGroup;
			children = (
				14243E0A1CEA0A55000624BD /* Demo.xcdatamodel */,
			);
			currentVersion = 14243E0A1CEA0A55000624BD /* Demo.xcdatamodel */;
			path = Issue151.xcdatamodeld;
			sourceTree = "<group>";
			versionGroupType = wrapper.xcdatamodel;
		};
		1469B7F71C68D7820080FD71 /* NotesB.xcdatamodeld */ = {
			isa = XCVersionGroup;
			children = (
				1469B7F81C68D7820080FD71 /* Demo.xcdatamodel */,
			);
			currentVersion = 1469B7F81C68D7820080FD71 /* Demo.xcdatamodel */;
			path = NotesB.xcdatamodeld;
			sourceTree = "<group>";
			versionGroupType = wrapper.xcdatamodel;
		};
		146F2EB11CE1F27200543F83 /* id.xcdatamodeld */ = {
			isa = XCVersionGroup;
			children = (
				146F2EB21CE1F27200543F83 /* Demo.xcdatamodel */,
			);
			currentVersion = 146F2EB21CE1F27200543F83 /* Demo.xcdatamodel */;
			path = id.xcdatamodeld;
			sourceTree = "<group>";
			versionGroupType = wrapper.xcdatamodel;
		};
		14A6440F1CD77A4C00F51E23 /* Bug202.xcdatamodeld */ = {
			isa = XCVersionGroup;
			children = (
				14A644101CD77A4C00F51E23 /* Demo.xcdatamodel */,
			);
			currentVersion = 14A644101CD77A4C00F51E23 /* Demo.xcdatamodel */;
			path = Bug202.xcdatamodeld;
			sourceTree = "<group>";
			versionGroupType = wrapper.xcdatamodel;
		};
		14D53BD51CEA7ABB00177718 /* Issue151-B.xcdatamodeld */ = {
			isa = XCVersionGroup;
			children = (
				14D53BD61CEA7ABB00177718 /* Demo.xcdatamodel */,
			);
			currentVersion = 14D53BD61CEA7ABB00177718 /* Demo.xcdatamodel */;
			path = "Issue151-B.xcdatamodeld";
			sourceTree = "<group>";
			versionGroupType = wrapper.xcdatamodel;
		};
		14E298411C563EE500B68B72 /* OrderedSocial.xcdatamodeld */ = {
			isa = XCVersionGroup;
			children = (
				14E298421C563EE500B68B72 /* Demo.xcdatamodel */,
			);
			currentVersion = 14E298421C563EE500B68B72 /* Demo.xcdatamodel */;
			path = OrderedSocial.xcdatamodeld;
			sourceTree = "<group>";
			versionGroupType = wrapper.xcdatamodel;
		};
		B0B637121C6E4F2D00229B03 /* Bug179.xcdatamodeld */ = {
			isa = XCVersionGroup;
			children = (
				B0B637131C6E4F2D00229B03 /* Bug179.xcdatamodel */,
			);
			currentVersion = B0B637131C6E4F2D00229B03 /* Bug179.xcdatamodel */;
			path = Bug179.xcdatamodeld;
			sourceTree = "<group>";
			versionGroupType = wrapper.xcdatamodel;
		};
/* End XCVersionGroup section */
	};
	rootObject = 146D728B1AB782920058798C /* Project object */;
}
