PODS:
  - DATAFilter (0.8.0):
    - DATAObjectIDs
  - DATAObjectIDs (0.5.0)
  - DATASource (3.0.0)
  - DATAStack (3.0.4):
    - NSObject-HYPTesting (~> 1.2)
  - NSDictionary-ANDYSafeValue (0.3)
  - NSManagedObject-HYPPropertyMapper (3.0.2):
    - NSString-HYPNetworking (~> 0.3.1)
  - NSObject-HYPTesting (1.2)
  - NSString-HYPNetworking (0.3.1)
  - Sync (1.0.0):
    - DATAFilter (~> 0.8.0)
    - DATAStack (~> 3.0.4)
    - NSDictionary-ANDYSafeValue (~> 0.3)
    - NSManagedObject-HYPPropertyMapper (~> 3.0.2)

DEPENDENCIES:
  - DATASource
  - Sync (from `../../`)

EXTERNAL SOURCES:
  Sync:
    :path: "../../"

SPEC CHECKSUMS:
  DATAFilter: aa7a6b0d1ee0841d9ae4402e0da7d9f6cd209e06
  DATAObjectIDs: 472eae6d8d6b57109b973c837ec3dd5e78016ab6
  DATASource: 769e53094001aaab261f6a9dfb631fc6653d9b2c
  DATAStack: de58e278b0487ff5a508d158cc74dd8b5e302389
  NSDictionary-ANDYSafeValue: c15ff39a6b1b82a52ea277c64520c7b574715afc
  NSManagedObject-HYPPropertyMapper: 8475073a98791325f3268f591e836e5bb6ecc0f4
  NSObject-HYPTesting: fadde70c75061b731b313c390e20777aed0a914d
  NSString-HYPNetworking: 49ed5fd85aeb3159da40f8aabad787c4d13d17d7
  Sync: 603e1368cec977ef53b06aca3ab2c2c7fa3a401a

COCOAPODS: 0.36.3
