PODS:
  - AFNetworking (2.4.1):
    - AFNetworking/NSURLConnection
    - AFNetworking/NSURLSession
    - AFNetworking/Reachability
    - AFNetworking/Security
    - AFNetworking/Serialization
    - AFNetworking/UIKit
  - AFNetworking/NSURLConnection (2.4.1):
    - AFNetworking/Reachability
    - AFNetworking/Security
    - AFNetworking/Serialization
  - AFNetworking/NSURLSession (2.4.1):
    - AFNetworking/Reachability
    - AFNetworking/Security
    - AFNetworking/Serialization
  - AFNetworking/Reachability (2.4.1)
  - AFNetworking/Security (2.4.1)
  - AFNetworking/Serialization (2.4.1)
  - AFNetworking/UIKit (2.4.1):
    - AFNetworking/NSURLConnection
    - AFNetworking/NSURLSession
  - ANDYDataManager (1.2)
  - ANDYFetchedResultsTableDataSource (0.1.0)
  - NSJSONSerialization-ANDYJSONFile (1.1)
  - NSManagedObject-ANDYMapChanges (0.3)
  - NSManagedObject-HYPPropertyMapper (1.7)
  - SVProgressHUD (1.0)

DEPENDENCIES:
  - AFNetworking
  - ANDYDataManager (from `https://github.com/NSElvis/ANDYDataManager.git`)
  - ANDYFetchedResultsTableDataSource (from `https://github.com/NSElvis/ANDYFetchedResultsTableDataSource.git`)
  - NSJSONSerialization-ANDYJSONFile (from `https://github.com/NSElvis/NSJSONSerialization-ANDYJSONFile.git`)
  - NSManagedObject-ANDYMapChanges (from `https://github.com/NSElvis/NSManagedObject-ANDYMapChanges.git`)
  - NSManagedObject-HYPPropertyMapper (from `https://github.com/hyperoslo/NSManagedObject-HYPPropertyMapper.git`)
  - SVProgressHUD

EXTERNAL SOURCES:
  ANDYDataManager:
    :git: https://github.com/NSElvis/ANDYDataManager.git
  ANDYFetchedResultsTableDataSource:
    :git: https://github.com/NSElvis/ANDYFetchedResultsTableDataSource.git
  NSJSONSerialization-ANDYJSONFile:
    :git: https://github.com/NSElvis/NSJSONSerialization-ANDYJSONFile.git
  NSManagedObject-ANDYMapChanges:
    :git: https://github.com/NSElvis/NSManagedObject-ANDYMapChanges.git
  NSManagedObject-HYPPropertyMapper:
    :git: https://github.com/hyperoslo/NSManagedObject-HYPPropertyMapper.git

SPEC CHECKSUMS:
  AFNetworking: 0aabc6fae66d6e5d039eeb21c315843c7aae51ab
  ANDYDataManager: ed9e226f246d443ab0ecff65cc46e633fbd4d2f1
  ANDYFetchedResultsTableDataSource: 531c484696918c908d25d5d4f0d67438bab94a73
  NSJSONSerialization-ANDYJSONFile: 6d2745da0a8dd358c9b580bcfcba16aa4721c727
  NSManagedObject-ANDYMapChanges: 73d3c0e3519ad9d6aa3c61ded557ac2e21e1a53a
  NSManagedObject-HYPPropertyMapper: e606acbfadd0f9b55617efe51bafec845fe4de4a
  SVProgressHUD: 5034c6e22b8c2ca3e09402e48d41ed0340aa1c50

COCOAPODS: 0.34.4
