PODS:
  - DATAFilter (0.8.1):
    - DATAObjectIDs
  - DATAObjectIDs (0.5.0)
  - DATASource (3.1.0)
  - DATAStack (3.0.4):
    - NSObject-HYPTesting (~> 1.2)
  - NSDictionary-ANDYSafeValue (0.3)
  - NSEntityDescription-SYNCPrimaryKey (0.1.0):
    - NSString-HYPNetworking
  - NSManagedObject-HYPPropertyMapper (3.0.4):
    - NSString-HYPNetworking (~> 0.3.2)
  - NSObject-HYPTesting (1.2)
  - NSString-ANDYSizes (2.0)
  - NSString-HYPNetworking (0.3.2)
  - Sync (1.0.4):
    - DATAFilter (~> 0.8.1)
    - DATAStack (~> 3.0.4)
    - NSDictionary-ANDYSafeValue (~> 0.3)
    - NSEntityDescription-SYNCPrimaryKey (~> 0.1.0)
    - NSManagedObject-HYPPropertyMapper (~> 3.0.4)

DEPENDENCIES:
  - DATASource
  - NSString-ANDYSizes
  - Sync (from `../../`)

EXTERNAL SOURCES:
  Sync:
    :path: ../../

SPEC CHECKSUMS:
  DATAFilter: 3f89692f7c52dd3c3973287ee8c9bb2c0e76d344
  DATAObjectIDs: 472eae6d8d6b57109b973c837ec3dd5e78016ab6
  DATASource: 75a525c2977da8a726fc825675ca7518d9088ace
  DATAStack: de58e278b0487ff5a508d158cc74dd8b5e302389
  NSDictionary-ANDYSafeValue: c15ff39a6b1b82a52ea277c64520c7b574715afc
  NSEntityDescription-SYNCPrimaryKey: 72f1f0d30a7e8eb9d93277b1ce623cbaa6e47a38
  NSManagedObject-HYPPropertyMapper: 165dc76cc94e9a59e0c86b19aee974e20db47c36
  NSObject-HYPTesting: fadde70c75061b731b313c390e20777aed0a914d
  NSString-ANDYSizes: 40605b9c6542cd9b8e186fd3f9081b3645848603
  NSString-HYPNetworking: f95766d4dc5693b45a0331ab8cf3a0b998f38cd7
  Sync: 356c3e31a433310aea41169555db885b93e47b9e

COCOAPODS: 0.37.0
