PODS:
  - DATAFilter (0.8.4):
    - DATAObjectIDs
  - DATAObjectIDs (0.5.0)
  - DATASource (4.0.1)
  - DATAStack (3.1.2):
    - NSObject-HYPTesting (~> 1.2)
  - NSDictionary-ANDYSafeValue (0.3)
  - NSEntityDescription-SYNCPrimaryKey (0.1.0):
    - NSString-HYPNetworking
  - NSManagedObject-HYPPropertyMapper (3.3.2):
    - NSString-HYPNetworking (~> 0.3.2)
  - NSObject-HYPTesting (1.2)
  - NSString-ANDYSizes (2.0)
  - NSString-HYPNetworking (0.3.2)
  - Sync (1.0.13):
    - DATAFilter (~> 0.8.4)
    - DATAStack (~> 3.1.2)
    - NSDictionary-ANDYSafeValue (~> 0.3)
    - NSEntityDescription-SYNCPrimaryKey (~> 0.1.0)
    - NSManagedObject-HYPPropertyMapper (~> 3.3.2)

DEPENDENCIES:
  - DATASource
  - NSString-ANDYSizes
  - Sync

SPEC CHECKSUMS:
  DATAFilter: 3f224f9ffde5c04de4748b65cc259c6481770edf
  DATAObjectIDs: 472eae6d8d6b57109b973c837ec3dd5e78016ab6
  DATASource: 9c990b3dc00bb465637a1e49555ae6877ffa8017
  DATAStack: 931172971443d745b60a4b95adf50e0c8cfb9790
  NSDictionary-ANDYSafeValue: c15ff39a6b1b82a52ea277c64520c7b574715afc
  NSEntityDescription-SYNCPrimaryKey: 72f1f0d30a7e8eb9d93277b1ce623cbaa6e47a38
  NSManagedObject-HYPPropertyMapper: 63fba8046d728625a37c86738262d0b0c7015744
  NSObject-HYPTesting: fadde70c75061b731b313c390e20777aed0a914d
  NSString-ANDYSizes: 40605b9c6542cd9b8e186fd3f9081b3645848603
  NSString-HYPNetworking: f95766d4dc5693b45a0331ab8cf3a0b998f38cd7
  Sync: 1dc91555ef9baf63940dc964625ba1286bf34bd7

COCOAPODS: 0.38.2
