PODS:
  - DATAFilter (0.8.0):
    - DATAObjectIDs
  - DATAObjectIDs (0.5.0)
  - DATASource (2.1)
  - DATAStack (3.0.4):
    - NSObject-HYPTesting (~> 1.2)
  - NSDictionary-ANDYSafeValue (0.3)
  - NSManagedObject-HYPPropertyMapper (3.0.1):
    - NSString-HYPNetworking (~> 0.3.0)
  - NSObject-HYPTesting (1.2)
  - NSString-HYPNetworking (0.3.0)
  - Sync (0.7.3):
    - DATAFilter (~> 0.8.0)
    - DATAStack (~> 3.0.4)
    - NSDictionary-ANDYSafeValue (~> 0.3)
    - NSManagedObject-HYPPropertyMapper (~> 3.0.1)

DEPENDENCIES:
  - DATASource
  - Sync (from `../../`)

EXTERNAL SOURCES:
  Sync:
    :path: "../../"

SPEC CHECKSUMS:
  DATAFilter: aa7a6b0d1ee0841d9ae4402e0da7d9f6cd209e06
  DATAObjectIDs: 472eae6d8d6b57109b973c837ec3dd5e78016ab6
  DATASource: 013d7a7d4c378b5a67b880de7b7f2a29f701eeab
  DATAStack: de58e278b0487ff5a508d158cc74dd8b5e302389
  NSDictionary-ANDYSafeValue: c15ff39a6b1b82a52ea277c64520c7b574715afc
  NSManagedObject-HYPPropertyMapper: 8559d1ac8dd804ee2c29ae4c8fff0459b221657b
  NSObject-HYPTesting: fadde70c75061b731b313c390e20777aed0a914d
  NSString-HYPNetworking: c8592ecb67780d42456e45962aa61f2bb43b5289
  Sync: b907e539cbe5b8dc38caca8744322a03ef60d8eb

COCOAPODS: 0.36.3
